
Microsoft Visual Studio Solution File, Format Version 12.00
# Visual Studio Version 17
VisualStudioVersion = 17.13.35919.96 d17.13
MinimumVisualStudioVersion = 10.0.40219.1
Project("{FAE04EC0-301F-11D3-BF4B-00C04F79EFBC}") = "MauiApp2", "MauiApp2.csproj", "{0AF5464B-CEAD-7788-5306-7676156644B7}"
EndProject
Global
	GlobalSection(SolutionConfigurationPlatforms) = preSolution
		Debug|Any CPU = Debug|Any CPU
		Release|Any CPU = Release|Any CPU
	EndGlobalSection
	GlobalSection(ProjectConfigurationPlatforms) = postSolution
		{0AF5464B-CEAD-7788-5306-7676156644B7}.Debug|Any CPU.ActiveCfg = Debug|Any CPU
		{0AF5464B-CEAD-7788-5306-7676156644B7}.Debug|Any CPU.Build.0 = Debug|Any CPU
		{0AF5464B-CEAD-7788-5306-7676156644B7}.Debug|Any CPU.Deploy.0 = Debug|Any CPU
		{0AF5464B-CEAD-7788-5306-7676156644B7}.Release|Any CPU.ActiveCfg = Release|Any CPU
		{0AF5464B-CEAD-7788-5306-7676156644B7}.Release|Any CPU.Build.0 = Release|Any CPU
		{0AF5464B-CEAD-7788-5306-7676156644B7}.Release|Any CPU.Deploy.0 = Release|Any CPU
	EndGlobalSection
	GlobalSection(SolutionProperties) = preSolution
		HideSolutionNode = FALSE
	EndGlobalSection
	GlobalSection(ExtensibilityGlobals) = postSolution
		SolutionGuid = {A6EF91D2-31B5-4503-9648-DB9D84810938}
	EndGlobalSection
EndGlobal
