
Microsoft Visual Studio Solution File, Format Version 12.00
# Visual Studio Version 17
VisualStudioVersion = 17.14.36301.6 d17.14
MinimumVisualStudioVersion = 10.0.40219.1
Project("{FAE04EC0-301F-11D3-BF4B-00C04F79EFBC}") = "LargeCycleInMain", "LargeCycleInMain.csproj", "{8380FDBF-470C-0277-8655-87E4ECC06B0F}"
EndProject
Global
	GlobalSection(SolutionConfigurationPlatforms) = preSolution
		Debug|Any CPU = Debug|Any CPU
		Release|Any CPU = Release|Any CPU
	EndGlobalSection
	GlobalSection(ProjectConfigurationPlatforms) = postSolution
		{8380FDBF-470C-0277-8655-87E4ECC06B0F}.Debug|Any CPU.ActiveCfg = Debug|Any CPU
		{8380FDBF-470C-0277-8655-87E4ECC06B0F}.Debug|Any CPU.Build.0 = Debug|Any CPU
		{8380FDBF-470C-0277-8655-87E4ECC06B0F}.Release|Any CPU.ActiveCfg = Release|Any CPU
		{8380FDBF-470C-0277-8655-87E4ECC06B0F}.Release|Any CPU.Build.0 = Release|Any CPU
	EndGlobalSection
	GlobalSection(SolutionProperties) = preSolution
		HideSolutionNode = FALSE
	EndGlobalSection
	GlobalSection(ExtensibilityGlobals) = postSolution
		SolutionGuid = {CBFCC34D-1457-4254-9D27-BE697DD31E2D}
	EndGlobalSection
EndGlobal
