
Microsoft Visual Studio Solution File, Format Version 12.00
# Visual Studio Version 17
VisualStudioVersion = 17.5.33424.131
MinimumVisualStudioVersion = 10.0.40219.1
Project("{2150E333-8FDC-42A3-9474-1A3956D46DE8}") = "QuickStarts", "QuickStarts", "{4F38AF26-C3CB-4999-8EC9-46F23C30720E}"
EndProject
Project("{2150E333-8FDC-42A3-9474-1A3956D46DE8}") = "Scripter", "Scripter", "{FF9044DD-98D8-4E04-BAD2-B66FF733CF26}"
EndProject
Project("{2150E333-8FDC-42A3-9474-1A3956D46DE8}") = "Demos", "Demos", "{05FA0710-6BAC-44A6-8728-D1242C0C6F97}"
EndProject
Project("{2150E333-8FDC-42A3-9474-1A3956D46DE8}") = "Debugger", "Debugger", "{6B4421C3-DFEE-4741-8ED6-5C14502DC4FC}"
EndProject
Project("{9A19103F-16F7-4668-BE54-9A1E7A4F7556}") = "CallMethod", "Scripter.IronPython.Wpf\QuickStarts\CallMethod\CallMethod.csproj", "{4A030E2F-1E56-4A92-8B2A-D5F9A881273F}"
EndProject
Project("{9A19103F-16F7-4668-BE54-9A1E7A4F7556}") = "CustomAssembly", "Scripter.IronPython.Wpf\QuickStarts\CustomAssembly\CustomAssembly.csproj", "{F2D1C410-975C-4E3B-8B23-529A80D9B0FB}"
EndProject
Project("{9A19103F-16F7-4668-BE54-9A1E7A4F7556}") = "ExpressionEvaluation", "Scripter.IronPython.Wpf\QuickStarts\ExpressionEvaluation\ExpressionEvaluation.csproj", "{A314617F-0675-4D8D-A70A-C378676DC726}"
EndProject
Project("{9A19103F-16F7-4668-BE54-9A1E7A4F7556}") = "ObjectReference", "Scripter.IronPython.Wpf\QuickStarts\ObjectReference\ObjectReference.csproj", "{F1DE4DC6-8B14-40BC-A816-B9436B0DF096}"
EndProject
Project("{9A19103F-16F7-4668-BE54-9A1E7A4F7556}") = "Threading", "Scripter.IronPython.Wpf\QuickStarts\Threading\Threading.csproj", "{F9D2335C-1A64-4623-991D-075EE57762D3}"
EndProject
Project("{9A19103F-16F7-4668-BE54-9A1E7A4F7556}") = "DebuggerIntegration.IronPython", "Scripter.IronPython.Wpf\QuickStarts\Debugger\DebuggerIntegration\DebuggerIntegration.IronPython.csproj", "{CEFE9FF0-0E80-47DF-BE6C-71ECA7423396}"
EndProject
Project("{9A19103F-16F7-4668-BE54-9A1E7A4F7556}") = "AlternetStudio.IronPython.Wpf", "Studio.IronPython.Wpf\AlternetStudio.IronPython.Wpf.csproj", "{25A42339-CDFC-44DE-89F8-7CF13628B741}"
EndProject
Project("{2150E333-8FDC-42A3-9474-1A3956D46DE8}") = "Editor", "Editor", "{5D7F44F6-70B3-4633-9B18-0D8A550137AB}"
EndProject
Project("{2150E333-8FDC-42A3-9474-1A3956D46DE8}") = "Parsers", "Parsers", "{016F0BD5-1913-4BB9-93A7-697477CC50C1}"
EndProject
Project("{9A19103F-16F7-4668-BE54-9A1E7A4F7556}") = "PythonParser", "Editor.Python.Wpf\QuickStarts\Parsers\PythonParser\PythonParser.csproj", "{9C4E4B1F-49D4-474E-BE3C-9B2F2C04F3A5}"
EndProject
Project("{2150E333-8FDC-42A3-9474-1A3956D46DE8}") = "Solution Items", "Solution Items", "{2A16DEF1-B240-4172-8027-AAC551CF6C6F}"
	ProjectSection(SolutionItems) = preProject
		.editorconfig = .editorconfig
	EndProjectSection
EndProject
Global
	GlobalSection(SolutionConfigurationPlatforms) = preSolution
		Debug|Any CPU = Debug|Any CPU
		Release|Any CPU = Release|Any CPU
		Runtime|Any CPU = Runtime|Any CPU
		Trial|Any CPU = Trial|Any CPU
	EndGlobalSection
	GlobalSection(ProjectConfigurationPlatforms) = postSolution
		{4A030E2F-1E56-4A92-8B2A-D5F9A881273F}.Debug|Any CPU.ActiveCfg = Debug|Any CPU
		{4A030E2F-1E56-4A92-8B2A-D5F9A881273F}.Debug|Any CPU.Build.0 = Debug|Any CPU
		{4A030E2F-1E56-4A92-8B2A-D5F9A881273F}.Release|Any CPU.ActiveCfg = Release|Any CPU
		{4A030E2F-1E56-4A92-8B2A-D5F9A881273F}.Release|Any CPU.Build.0 = Release|Any CPU
		{4A030E2F-1E56-4A92-8B2A-D5F9A881273F}.Runtime|Any CPU.ActiveCfg = Release|Any CPU
		{4A030E2F-1E56-4A92-8B2A-D5F9A881273F}.Runtime|Any CPU.Build.0 = Release|Any CPU
		{4A030E2F-1E56-4A92-8B2A-D5F9A881273F}.Trial|Any CPU.ActiveCfg = Debug|Any CPU
		{4A030E2F-1E56-4A92-8B2A-D5F9A881273F}.Trial|Any CPU.Build.0 = Debug|Any CPU
		{F2D1C410-975C-4E3B-8B23-529A80D9B0FB}.Debug|Any CPU.ActiveCfg = Debug|Any CPU
		{F2D1C410-975C-4E3B-8B23-529A80D9B0FB}.Debug|Any CPU.Build.0 = Debug|Any CPU
		{F2D1C410-975C-4E3B-8B23-529A80D9B0FB}.Release|Any CPU.ActiveCfg = Release|Any CPU
		{F2D1C410-975C-4E3B-8B23-529A80D9B0FB}.Release|Any CPU.Build.0 = Release|Any CPU
		{F2D1C410-975C-4E3B-8B23-529A80D9B0FB}.Runtime|Any CPU.ActiveCfg = Release|Any CPU
		{F2D1C410-975C-4E3B-8B23-529A80D9B0FB}.Runtime|Any CPU.Build.0 = Release|Any CPU
		{F2D1C410-975C-4E3B-8B23-529A80D9B0FB}.Trial|Any CPU.ActiveCfg = Debug|Any CPU
		{F2D1C410-975C-4E3B-8B23-529A80D9B0FB}.Trial|Any CPU.Build.0 = Debug|Any CPU
		{A314617F-0675-4D8D-A70A-C378676DC726}.Debug|Any CPU.ActiveCfg = Debug|Any CPU
		{A314617F-0675-4D8D-A70A-C378676DC726}.Debug|Any CPU.Build.0 = Debug|Any CPU
		{A314617F-0675-4D8D-A70A-C378676DC726}.Release|Any CPU.ActiveCfg = Release|Any CPU
		{A314617F-0675-4D8D-A70A-C378676DC726}.Release|Any CPU.Build.0 = Release|Any CPU
		{A314617F-0675-4D8D-A70A-C378676DC726}.Runtime|Any CPU.ActiveCfg = Release|Any CPU
		{A314617F-0675-4D8D-A70A-C378676DC726}.Runtime|Any CPU.Build.0 = Release|Any CPU
		{A314617F-0675-4D8D-A70A-C378676DC726}.Trial|Any CPU.ActiveCfg = Debug|Any CPU
		{A314617F-0675-4D8D-A70A-C378676DC726}.Trial|Any CPU.Build.0 = Debug|Any CPU
		{F1DE4DC6-8B14-40BC-A816-B9436B0DF096}.Debug|Any CPU.ActiveCfg = Debug|Any CPU
		{F1DE4DC6-8B14-40BC-A816-B9436B0DF096}.Debug|Any CPU.Build.0 = Debug|Any CPU
		{F1DE4DC6-8B14-40BC-A816-B9436B0DF096}.Release|Any CPU.ActiveCfg = Release|Any CPU
		{F1DE4DC6-8B14-40BC-A816-B9436B0DF096}.Release|Any CPU.Build.0 = Release|Any CPU
		{F1DE4DC6-8B14-40BC-A816-B9436B0DF096}.Runtime|Any CPU.ActiveCfg = Release|Any CPU
		{F1DE4DC6-8B14-40BC-A816-B9436B0DF096}.Runtime|Any CPU.Build.0 = Release|Any CPU
		{F1DE4DC6-8B14-40BC-A816-B9436B0DF096}.Trial|Any CPU.ActiveCfg = Debug|Any CPU
		{F1DE4DC6-8B14-40BC-A816-B9436B0DF096}.Trial|Any CPU.Build.0 = Debug|Any CPU
		{F9D2335C-1A64-4623-991D-075EE57762D3}.Debug|Any CPU.ActiveCfg = Debug|Any CPU
		{F9D2335C-1A64-4623-991D-075EE57762D3}.Debug|Any CPU.Build.0 = Debug|Any CPU
		{F9D2335C-1A64-4623-991D-075EE57762D3}.Release|Any CPU.ActiveCfg = Release|Any CPU
		{F9D2335C-1A64-4623-991D-075EE57762D3}.Release|Any CPU.Build.0 = Release|Any CPU
		{F9D2335C-1A64-4623-991D-075EE57762D3}.Runtime|Any CPU.ActiveCfg = Release|Any CPU
		{F9D2335C-1A64-4623-991D-075EE57762D3}.Runtime|Any CPU.Build.0 = Release|Any CPU
		{F9D2335C-1A64-4623-991D-075EE57762D3}.Trial|Any CPU.ActiveCfg = Debug|Any CPU
		{F9D2335C-1A64-4623-991D-075EE57762D3}.Trial|Any CPU.Build.0 = Debug|Any CPU
		{CEFE9FF0-0E80-47DF-BE6C-71ECA7423396}.Debug|Any CPU.ActiveCfg = Debug|Any CPU
		{CEFE9FF0-0E80-47DF-BE6C-71ECA7423396}.Debug|Any CPU.Build.0 = Debug|Any CPU
		{CEFE9FF0-0E80-47DF-BE6C-71ECA7423396}.Release|Any CPU.ActiveCfg = Release|Any CPU
		{CEFE9FF0-0E80-47DF-BE6C-71ECA7423396}.Release|Any CPU.Build.0 = Release|Any CPU
		{CEFE9FF0-0E80-47DF-BE6C-71ECA7423396}.Runtime|Any CPU.ActiveCfg = Release|Any CPU
		{CEFE9FF0-0E80-47DF-BE6C-71ECA7423396}.Runtime|Any CPU.Build.0 = Release|Any CPU
		{CEFE9FF0-0E80-47DF-BE6C-71ECA7423396}.Trial|Any CPU.ActiveCfg = Release|Any CPU
		{CEFE9FF0-0E80-47DF-BE6C-71ECA7423396}.Trial|Any CPU.Build.0 = Release|Any CPU
		{25A42339-CDFC-44DE-89F8-7CF13628B741}.Debug|Any CPU.ActiveCfg = Debug|Any CPU
		{25A42339-CDFC-44DE-89F8-7CF13628B741}.Debug|Any CPU.Build.0 = Debug|Any CPU
		{25A42339-CDFC-44DE-89F8-7CF13628B741}.Release|Any CPU.ActiveCfg = Release|Any CPU
		{25A42339-CDFC-44DE-89F8-7CF13628B741}.Release|Any CPU.Build.0 = Release|Any CPU
		{25A42339-CDFC-44DE-89F8-7CF13628B741}.Runtime|Any CPU.ActiveCfg = Release|Any CPU
		{25A42339-CDFC-44DE-89F8-7CF13628B741}.Runtime|Any CPU.Build.0 = Release|Any CPU
		{25A42339-CDFC-44DE-89F8-7CF13628B741}.Trial|Any CPU.ActiveCfg = Debug|Any CPU
		{25A42339-CDFC-44DE-89F8-7CF13628B741}.Trial|Any CPU.Build.0 = Debug|Any CPU
		{9C4E4B1F-49D4-474E-BE3C-9B2F2C04F3A5}.Debug|Any CPU.ActiveCfg = Debug|Any CPU
		{9C4E4B1F-49D4-474E-BE3C-9B2F2C04F3A5}.Debug|Any CPU.Build.0 = Debug|Any CPU
		{9C4E4B1F-49D4-474E-BE3C-9B2F2C04F3A5}.Release|Any CPU.ActiveCfg = Release|Any CPU
		{9C4E4B1F-49D4-474E-BE3C-9B2F2C04F3A5}.Release|Any CPU.Build.0 = Release|Any CPU
		{9C4E4B1F-49D4-474E-BE3C-9B2F2C04F3A5}.Runtime|Any CPU.ActiveCfg = Release|Any CPU
		{9C4E4B1F-49D4-474E-BE3C-9B2F2C04F3A5}.Runtime|Any CPU.Build.0 = Release|Any CPU
		{9C4E4B1F-49D4-474E-BE3C-9B2F2C04F3A5}.Trial|Any CPU.ActiveCfg = Debug|Any CPU
		{9C4E4B1F-49D4-474E-BE3C-9B2F2C04F3A5}.Trial|Any CPU.Build.0 = Debug|Any CPU
	EndGlobalSection
	GlobalSection(SolutionProperties) = preSolution
		HideSolutionNode = FALSE
	EndGlobalSection
	GlobalSection(NestedProjects) = preSolution
		{FF9044DD-98D8-4E04-BAD2-B66FF733CF26} = {4F38AF26-C3CB-4999-8EC9-46F23C30720E}
		{6B4421C3-DFEE-4741-8ED6-5C14502DC4FC} = {FF9044DD-98D8-4E04-BAD2-B66FF733CF26}
		{4A030E2F-1E56-4A92-8B2A-D5F9A881273F} = {FF9044DD-98D8-4E04-BAD2-B66FF733CF26}
		{F2D1C410-975C-4E3B-8B23-529A80D9B0FB} = {FF9044DD-98D8-4E04-BAD2-B66FF733CF26}
		{A314617F-0675-4D8D-A70A-C378676DC726} = {FF9044DD-98D8-4E04-BAD2-B66FF733CF26}
		{F1DE4DC6-8B14-40BC-A816-B9436B0DF096} = {FF9044DD-98D8-4E04-BAD2-B66FF733CF26}
		{F9D2335C-1A64-4623-991D-075EE57762D3} = {FF9044DD-98D8-4E04-BAD2-B66FF733CF26}
		{CEFE9FF0-0E80-47DF-BE6C-71ECA7423396} = {6B4421C3-DFEE-4741-8ED6-5C14502DC4FC}
		{25A42339-CDFC-44DE-89F8-7CF13628B741} = {05FA0710-6BAC-44A6-8728-D1242C0C6F97}
		{5D7F44F6-70B3-4633-9B18-0D8A550137AB} = {4F38AF26-C3CB-4999-8EC9-46F23C30720E}
		{016F0BD5-1913-4BB9-93A7-697477CC50C1} = {5D7F44F6-70B3-4633-9B18-0D8A550137AB}
		{9C4E4B1F-49D4-474E-BE3C-9B2F2C04F3A5} = {016F0BD5-1913-4BB9-93A7-697477CC50C1}
	EndGlobalSection
	GlobalSection(ExtensibilityGlobals) = postSolution
		SolutionGuid = {F273BD5C-AD6F-4106-A530-507C5A115BBC}
	EndGlobalSection
EndGlobal
