
Microsoft Visual Studio Solution File, Format Version 12.00
# Visual Studio Version 17
VisualStudioVersion = 17.1.32319.34
MinimumVisualStudioVersion = 10.0.40219.1
Project("{2150E333-8FDC-42A3-9474-1A3956D46DE8}") = "QuickStarts", "QuickStarts", "{4F38AF26-C3CB-4999-8EC9-46F23C30720E}"
EndProject
Project("{2150E333-8FDC-42A3-9474-1A3956D46DE8}") = "Editor", "Editor", "{66175006-53A3-4934-9CAA-580B07B9D835}"
EndProject
Project("{2150E333-8FDC-42A3-9474-1A3956D46DE8}") = "Parsers", "Parsers", "{45C6FD0B-0D9E-42AF-A446-9F36498A2E7F}"
EndProject
Project("{FAE04EC0-301F-11D3-BF4B-00C04F79EFBC}") = "AllQuickStarts", "Editor.MAUI\AllQuickStarts\AllQuickStarts.csproj", "{B272A00B-F07F-4A90-8127-B7622929E421}"
EndProject
Project("{2150E333-8FDC-42A3-9474-1A3956D46DE8}") = "Scripter", "Scripter", "{02EA681E-C7D8-13C7-8484-4AC65E1B71E8}"
EndProject
Project("{FAE04EC0-301F-11D3-BF4B-00C04F79EFBC}") = "DebuggerIntegration", "Scripter.MAUI\QuickStarts\Debugger\DebuggerIntegration\DebuggerIntegration.csproj", "{8685A0BB-88F6-40F1-9E18-DD008E8457A0}"
EndProject
Project("{FAE04EC0-301F-11D3-BF4B-00C04F79EFBC}") = "DebuggerIntegration.Python", "Scripter.MAUI\QuickStarts\Debugger\DebuggerIntegration.Python\DebuggerIntegration.Python.csproj", "{D15310D4-AC5A-1F7B-4FB2-8F8C48EC7780}"
EndProject
Project("{FAE04EC0-301F-11D3-BF4B-00C04F79EFBC}") = "AllQuickStarts", "Scripter.MAUI\QuickStarts\AllQuickStarts\AllQuickStarts.csproj", "{9CBD9C5D-40D1-3150-C4A3-2F0C37DDF338}"
EndProject
Global
	GlobalSection(SolutionConfigurationPlatforms) = preSolution
		Debug|Any CPU = Debug|Any CPU
		Debug|x64 = Debug|x64
		Release|Any CPU = Release|Any CPU
		Release|x64 = Release|x64
		Runtime|Any CPU = Runtime|Any CPU
		Runtime|x64 = Runtime|x64
		Trial|Any CPU = Trial|Any CPU
		Trial|x64 = Trial|x64
	EndGlobalSection
	GlobalSection(ProjectConfigurationPlatforms) = postSolution
		{B272A00B-F07F-4A90-8127-B7622929E421}.Debug|Any CPU.ActiveCfg = Debug|Any CPU
		{B272A00B-F07F-4A90-8127-B7622929E421}.Debug|Any CPU.Build.0 = Debug|Any CPU
		{B272A00B-F07F-4A90-8127-B7622929E421}.Debug|Any CPU.Deploy.0 = Debug|Any CPU
		{B272A00B-F07F-4A90-8127-B7622929E421}.Debug|x64.ActiveCfg = Debug|Any CPU
		{B272A00B-F07F-4A90-8127-B7622929E421}.Debug|x64.Build.0 = Debug|Any CPU
		{B272A00B-F07F-4A90-8127-B7622929E421}.Debug|x64.Deploy.0 = Debug|Any CPU
		{B272A00B-F07F-4A90-8127-B7622929E421}.Release|Any CPU.ActiveCfg = Release|Any CPU
		{B272A00B-F07F-4A90-8127-B7622929E421}.Release|Any CPU.Build.0 = Release|Any CPU
		{B272A00B-F07F-4A90-8127-B7622929E421}.Release|Any CPU.Deploy.0 = Release|Any CPU
		{B272A00B-F07F-4A90-8127-B7622929E421}.Release|x64.ActiveCfg = Release|Any CPU
		{B272A00B-F07F-4A90-8127-B7622929E421}.Release|x64.Build.0 = Release|Any CPU
		{B272A00B-F07F-4A90-8127-B7622929E421}.Release|x64.Deploy.0 = Release|Any CPU
		{B272A00B-F07F-4A90-8127-B7622929E421}.Runtime|Any CPU.ActiveCfg = Release|Any CPU
		{B272A00B-F07F-4A90-8127-B7622929E421}.Runtime|Any CPU.Build.0 = Release|Any CPU
		{B272A00B-F07F-4A90-8127-B7622929E421}.Runtime|Any CPU.Deploy.0 = Release|Any CPU
		{B272A00B-F07F-4A90-8127-B7622929E421}.Runtime|x64.ActiveCfg = Release|Any CPU
		{B272A00B-F07F-4A90-8127-B7622929E421}.Runtime|x64.Build.0 = Release|Any CPU
		{B272A00B-F07F-4A90-8127-B7622929E421}.Runtime|x64.Deploy.0 = Release|Any CPU
		{B272A00B-F07F-4A90-8127-B7622929E421}.Trial|Any CPU.ActiveCfg = Debug|Any CPU
		{B272A00B-F07F-4A90-8127-B7622929E421}.Trial|Any CPU.Build.0 = Debug|Any CPU
		{B272A00B-F07F-4A90-8127-B7622929E421}.Trial|Any CPU.Deploy.0 = Debug|Any CPU
		{B272A00B-F07F-4A90-8127-B7622929E421}.Trial|x64.ActiveCfg = Debug|Any CPU
		{B272A00B-F07F-4A90-8127-B7622929E421}.Trial|x64.Build.0 = Debug|Any CPU
		{B272A00B-F07F-4A90-8127-B7622929E421}.Trial|x64.Deploy.0 = Debug|Any CPU
		{8685A0BB-88F6-40F1-9E18-DD008E8457A0}.Debug|Any CPU.ActiveCfg = Debug|Any CPU
		{8685A0BB-88F6-40F1-9E18-DD008E8457A0}.Debug|Any CPU.Build.0 = Debug|Any CPU
		{8685A0BB-88F6-40F1-9E18-DD008E8457A0}.Debug|Any CPU.Deploy.0 = Debug|Any CPU
		{8685A0BB-88F6-40F1-9E18-DD008E8457A0}.Debug|x64.ActiveCfg = Debug|Any CPU
		{8685A0BB-88F6-40F1-9E18-DD008E8457A0}.Debug|x64.Build.0 = Debug|Any CPU
		{8685A0BB-88F6-40F1-9E18-DD008E8457A0}.Debug|x64.Deploy.0 = Debug|Any CPU
		{8685A0BB-88F6-40F1-9E18-DD008E8457A0}.Release|Any CPU.ActiveCfg = Release|Any CPU
		{8685A0BB-88F6-40F1-9E18-DD008E8457A0}.Release|Any CPU.Build.0 = Release|Any CPU
		{8685A0BB-88F6-40F1-9E18-DD008E8457A0}.Release|Any CPU.Deploy.0 = Release|Any CPU
		{8685A0BB-88F6-40F1-9E18-DD008E8457A0}.Release|x64.ActiveCfg = Release|Any CPU
		{8685A0BB-88F6-40F1-9E18-DD008E8457A0}.Release|x64.Build.0 = Release|Any CPU
		{8685A0BB-88F6-40F1-9E18-DD008E8457A0}.Release|x64.Deploy.0 = Release|Any CPU
		{8685A0BB-88F6-40F1-9E18-DD008E8457A0}.Runtime|Any CPU.ActiveCfg = Debug|Any CPU
		{8685A0BB-88F6-40F1-9E18-DD008E8457A0}.Runtime|Any CPU.Build.0 = Debug|Any CPU
		{8685A0BB-88F6-40F1-9E18-DD008E8457A0}.Runtime|Any CPU.Deploy.0 = Debug|Any CPU
		{8685A0BB-88F6-40F1-9E18-DD008E8457A0}.Runtime|x64.ActiveCfg = Debug|Any CPU
		{8685A0BB-88F6-40F1-9E18-DD008E8457A0}.Runtime|x64.Build.0 = Debug|Any CPU
		{8685A0BB-88F6-40F1-9E18-DD008E8457A0}.Runtime|x64.Deploy.0 = Debug|Any CPU
		{8685A0BB-88F6-40F1-9E18-DD008E8457A0}.Trial|Any CPU.ActiveCfg = Debug|Any CPU
		{8685A0BB-88F6-40F1-9E18-DD008E8457A0}.Trial|Any CPU.Build.0 = Debug|Any CPU
		{8685A0BB-88F6-40F1-9E18-DD008E8457A0}.Trial|Any CPU.Deploy.0 = Debug|Any CPU
		{8685A0BB-88F6-40F1-9E18-DD008E8457A0}.Trial|x64.ActiveCfg = Debug|Any CPU
		{8685A0BB-88F6-40F1-9E18-DD008E8457A0}.Trial|x64.Build.0 = Debug|Any CPU
		{8685A0BB-88F6-40F1-9E18-DD008E8457A0}.Trial|x64.Deploy.0 = Debug|Any CPU
		{D15310D4-AC5A-1F7B-4FB2-8F8C48EC7780}.Debug|Any CPU.ActiveCfg = Debug|Any CPU
		{D15310D4-AC5A-1F7B-4FB2-8F8C48EC7780}.Debug|Any CPU.Build.0 = Debug|Any CPU
		{D15310D4-AC5A-1F7B-4FB2-8F8C48EC7780}.Debug|Any CPU.Deploy.0 = Debug|Any CPU
		{D15310D4-AC5A-1F7B-4FB2-8F8C48EC7780}.Debug|x64.ActiveCfg = Debug|Any CPU
		{D15310D4-AC5A-1F7B-4FB2-8F8C48EC7780}.Debug|x64.Build.0 = Debug|Any CPU
		{D15310D4-AC5A-1F7B-4FB2-8F8C48EC7780}.Debug|x64.Deploy.0 = Debug|Any CPU
		{D15310D4-AC5A-1F7B-4FB2-8F8C48EC7780}.Release|Any CPU.ActiveCfg = Release|Any CPU
		{D15310D4-AC5A-1F7B-4FB2-8F8C48EC7780}.Release|Any CPU.Build.0 = Release|Any CPU
		{D15310D4-AC5A-1F7B-4FB2-8F8C48EC7780}.Release|Any CPU.Deploy.0 = Release|Any CPU
		{D15310D4-AC5A-1F7B-4FB2-8F8C48EC7780}.Release|x64.ActiveCfg = Release|Any CPU
		{D15310D4-AC5A-1F7B-4FB2-8F8C48EC7780}.Release|x64.Build.0 = Release|Any CPU
		{D15310D4-AC5A-1F7B-4FB2-8F8C48EC7780}.Release|x64.Deploy.0 = Release|Any CPU
		{D15310D4-AC5A-1F7B-4FB2-8F8C48EC7780}.Runtime|Any CPU.ActiveCfg = Debug|Any CPU
		{D15310D4-AC5A-1F7B-4FB2-8F8C48EC7780}.Runtime|Any CPU.Build.0 = Debug|Any CPU
		{D15310D4-AC5A-1F7B-4FB2-8F8C48EC7780}.Runtime|Any CPU.Deploy.0 = Debug|Any CPU
		{D15310D4-AC5A-1F7B-4FB2-8F8C48EC7780}.Runtime|x64.ActiveCfg = Debug|Any CPU
		{D15310D4-AC5A-1F7B-4FB2-8F8C48EC7780}.Runtime|x64.Build.0 = Debug|Any CPU
		{D15310D4-AC5A-1F7B-4FB2-8F8C48EC7780}.Runtime|x64.Deploy.0 = Debug|Any CPU
		{D15310D4-AC5A-1F7B-4FB2-8F8C48EC7780}.Trial|Any CPU.ActiveCfg = Debug|Any CPU
		{D15310D4-AC5A-1F7B-4FB2-8F8C48EC7780}.Trial|Any CPU.Build.0 = Debug|Any CPU
		{D15310D4-AC5A-1F7B-4FB2-8F8C48EC7780}.Trial|Any CPU.Deploy.0 = Debug|Any CPU
		{D15310D4-AC5A-1F7B-4FB2-8F8C48EC7780}.Trial|x64.ActiveCfg = Debug|Any CPU
		{D15310D4-AC5A-1F7B-4FB2-8F8C48EC7780}.Trial|x64.Build.0 = Debug|Any CPU
		{D15310D4-AC5A-1F7B-4FB2-8F8C48EC7780}.Trial|x64.Deploy.0 = Debug|Any CPU
		{9CBD9C5D-40D1-3150-C4A3-2F0C37DDF338}.Debug|Any CPU.ActiveCfg = Debug|Any CPU
		{9CBD9C5D-40D1-3150-C4A3-2F0C37DDF338}.Debug|Any CPU.Build.0 = Debug|Any CPU
		{9CBD9C5D-40D1-3150-C4A3-2F0C37DDF338}.Debug|Any CPU.Deploy.0 = Debug|Any CPU
		{9CBD9C5D-40D1-3150-C4A3-2F0C37DDF338}.Debug|x64.ActiveCfg = Debug|Any CPU
		{9CBD9C5D-40D1-3150-C4A3-2F0C37DDF338}.Debug|x64.Build.0 = Debug|Any CPU
		{9CBD9C5D-40D1-3150-C4A3-2F0C37DDF338}.Debug|x64.Deploy.0 = Debug|Any CPU
		{9CBD9C5D-40D1-3150-C4A3-2F0C37DDF338}.Release|Any CPU.ActiveCfg = Release|Any CPU
		{9CBD9C5D-40D1-3150-C4A3-2F0C37DDF338}.Release|Any CPU.Build.0 = Release|Any CPU
		{9CBD9C5D-40D1-3150-C4A3-2F0C37DDF338}.Release|Any CPU.Deploy.0 = Release|Any CPU
		{9CBD9C5D-40D1-3150-C4A3-2F0C37DDF338}.Release|x64.ActiveCfg = Release|Any CPU
		{9CBD9C5D-40D1-3150-C4A3-2F0C37DDF338}.Release|x64.Build.0 = Release|Any CPU
		{9CBD9C5D-40D1-3150-C4A3-2F0C37DDF338}.Release|x64.Deploy.0 = Release|Any CPU
		{9CBD9C5D-40D1-3150-C4A3-2F0C37DDF338}.Runtime|Any CPU.ActiveCfg = Debug|Any CPU
		{9CBD9C5D-40D1-3150-C4A3-2F0C37DDF338}.Runtime|Any CPU.Build.0 = Debug|Any CPU
		{9CBD9C5D-40D1-3150-C4A3-2F0C37DDF338}.Runtime|Any CPU.Deploy.0 = Debug|Any CPU
		{9CBD9C5D-40D1-3150-C4A3-2F0C37DDF338}.Runtime|x64.ActiveCfg = Debug|Any CPU
		{9CBD9C5D-40D1-3150-C4A3-2F0C37DDF338}.Runtime|x64.Build.0 = Debug|Any CPU
		{9CBD9C5D-40D1-3150-C4A3-2F0C37DDF338}.Runtime|x64.Deploy.0 = Debug|Any CPU
		{9CBD9C5D-40D1-3150-C4A3-2F0C37DDF338}.Trial|Any CPU.ActiveCfg = Debug|Any CPU
		{9CBD9C5D-40D1-3150-C4A3-2F0C37DDF338}.Trial|Any CPU.Build.0 = Debug|Any CPU
		{9CBD9C5D-40D1-3150-C4A3-2F0C37DDF338}.Trial|Any CPU.Deploy.0 = Debug|Any CPU
		{9CBD9C5D-40D1-3150-C4A3-2F0C37DDF338}.Trial|x64.ActiveCfg = Debug|Any CPU
		{9CBD9C5D-40D1-3150-C4A3-2F0C37DDF338}.Trial|x64.Build.0 = Debug|Any CPU
		{9CBD9C5D-40D1-3150-C4A3-2F0C37DDF338}.Trial|x64.Deploy.0 = Debug|Any CPU
	EndGlobalSection
	GlobalSection(SolutionProperties) = preSolution
		HideSolutionNode = FALSE
	EndGlobalSection
	GlobalSection(NestedProjects) = preSolution
		{66175006-53A3-4934-9CAA-580B07B9D835} = {4F38AF26-C3CB-4999-8EC9-46F23C30720E}
		{45C6FD0B-0D9E-42AF-A446-9F36498A2E7F} = {66175006-53A3-4934-9CAA-580B07B9D835}
		{B272A00B-F07F-4A90-8127-B7622929E421} = {66175006-53A3-4934-9CAA-580B07B9D835}
		{02EA681E-C7D8-13C7-8484-4AC65E1B71E8} = {4F38AF26-C3CB-4999-8EC9-46F23C30720E}
		{8685A0BB-88F6-40F1-9E18-DD008E8457A0} = {02EA681E-C7D8-13C7-8484-4AC65E1B71E8}
		{D15310D4-AC5A-1F7B-4FB2-8F8C48EC7780} = {02EA681E-C7D8-13C7-8484-4AC65E1B71E8}
		{9CBD9C5D-40D1-3150-C4A3-2F0C37DDF338} = {02EA681E-C7D8-13C7-8484-4AC65E1B71E8}
	EndGlobalSection
	GlobalSection(ExtensibilityGlobals) = postSolution
		SolutionGuid = {F273BD5C-AD6F-4106-A530-507C5A115BBC}
	EndGlobalSection
EndGlobal
