
Microsoft Visual Studio Solution File, Format Version 12.00
# Visual Studio Version 17
VisualStudioVersion = 17.1.32319.34
MinimumVisualStudioVersion = 10.0.40219.1
Project("{9A19103F-16F7-4668-BE54-9A1E7A4F7556}") = "RoslynSyntaxParsing", "Editor.Wpf\QuickStarts\Parsers\RoslynSyntaxParsing\RoslynSyntaxParsing.csproj", "{F852DFE9-08AF-4D34-8C49-747D6001F3FE}"
EndProject
Project("{9A19103F-16F7-4668-BE54-9A1E7A4F7556}") = "SyntaxHighlighting", "Editor.Wpf\QuickStarts\SyntaxHighlighting\SyntaxHighlighting.csproj", "{6CCB592A-8287-4204-87F4-06067D70D361}"
EndProject
Project("{9A19103F-16F7-4668-BE54-9A1E7A4F7556}") = "CodeCompletion", "Editor.Wpf\QuickStarts\CodeCompletion\CodeCompletion.csproj", "{FCB97CB8-FC19-469E-BED8-7F0CEED854B8}"
EndProject
Project("{9A19103F-16F7-4668-BE54-9A1E7A4F7556}") = "CodeOutlining", "Editor.Wpf\QuickStarts\CodeOutlining\CodeOutlining.csproj", "{6D1878D4-832F-4B94-A1E1-2D5D0139E753}"
EndProject
Project("{9A19103F-16F7-4668-BE54-9A1E7A4F7556}") = "AdvancedSyntaxParsing", "Editor.Wpf\QuickStarts\Parsers\AdvancedSyntaxParsing\AdvancedSyntaxParsing.csproj", "{DE443087-EF6F-4CC6-BA8F-AEADBB7863F0}"
EndProject
Project("{9A19103F-16F7-4668-BE54-9A1E7A4F7556}") = "Selection", "Editor.Wpf\QuickStarts\Selection\Selection.csproj", "{8A2B3585-559C-4888-81C2-B569EE1FDEE2}"
EndProject
Project("{9A19103F-16F7-4668-BE54-9A1E7A4F7556}") = "UndoRedo", "Editor.Wpf\QuickStarts\UndoRedo\UndoRedo.csproj", "{28CBC473-E128-4677-9F96-DD99564AFA58}"
EndProject
Project("{9A19103F-16F7-4668-BE54-9A1E7A4F7556}") = "SearchReplace", "Editor.Wpf\QuickStarts\SearchReplace\SearchReplace.csproj", "{A1FB9E59-AAFB-485B-AB96-636032C6E3BB}"
EndProject
Project("{9A19103F-16F7-4668-BE54-9A1E7A4F7556}") = "Gutter", "Editor.Wpf\QuickStarts\Gutter\Gutter.csproj", "{CFA094A0-DA7F-463E-8BEF-DDDA6EDA48CE}"
EndProject
Project("{9A19103F-16F7-4668-BE54-9A1E7A4F7556}") = "Bookmarks", "Editor.Wpf\QuickStarts\Bookmarks\Bookmarks.csproj", "{CD57FD07-70C2-4BE0-BA72-E5BC991C8A78}"
EndProject
Project("{9A19103F-16F7-4668-BE54-9A1E7A4F7556}") = "WordWrap", "Editor.Wpf\QuickStarts\WordWrap\WordWrap.csproj", "{EA34B24F-8E5D-4113-8BE8-D80B728505B6}"
EndProject
Project("{9A19103F-16F7-4668-BE54-9A1E7A4F7556}") = "PrintAndPreview", "Editor.Wpf\QuickStarts\PrintAndPreview\PrintAndPreview.csproj", "{9F3F77F8-3D22-471A-92B9-F7E240FE7588}"
EndProject
Project("{9A19103F-16F7-4668-BE54-9A1E7A4F7556}") = "CodeSnippets", "Editor.Wpf\QuickStarts\CodeSnippets\CodeSnippets.csproj", "{D68D1C16-BD1B-45F0-9F8D-C5CF4814ECD5}"
EndProject
Project("{9A19103F-16F7-4668-BE54-9A1E7A4F7556}") = "MultipleView", "Editor.Wpf\QuickStarts\MultipleView\MultipleView.csproj", "{9ACC46F1-0BDF-4B96-B50C-7C21166D2075}"
EndProject
Project("{9A19103F-16F7-4668-BE54-9A1E7A4F7556}") = "Margin", "Editor.Wpf\QuickStarts\Margin\Margin.csproj", "{4F8FFD71-6AB6-4D24-A643-E10D13CC3122}"
EndProject
Project("{9A19103F-16F7-4668-BE54-9A1E7A4F7556}") = "HyperText", "Editor.Wpf\QuickStarts\Hypertext\HyperText.csproj", "{F917E215-B6FB-435C-A419-BFF5DC6F3681}"
EndProject
Project("{9A19103F-16F7-4668-BE54-9A1E7A4F7556}") = "LineStyles", "Editor.Wpf\QuickStarts\LineStyles\LineStyles.csproj", "{6CD320CE-4020-4AD4-A117-12983ED2087B}"
EndProject
Project("{9A19103F-16F7-4668-BE54-9A1E7A4F7556}") = "Miscellaneous", "Editor.Wpf\QuickStarts\Miscellaneous\Miscellaneous.csproj", "{88EA34F9-D430-4019-8F71-ED5CB382124A}"
EndProject
Project("{9A19103F-16F7-4668-BE54-9A1E7A4F7556}") = "CodeEditor.Wpf", "Editor.Wpf\demos\Main\CodeEditor.Wpf.csproj", "{6159676E-5E7F-4364-A5A6-1D8696C274B4}"
EndProject
Project("{9A19103F-16F7-4668-BE54-9A1E7A4F7556}") = "CodeEditorSyntax.Wpf", "Editor.Wpf\demos\Syntax\CodeEditorSyntax.Wpf.csproj", "{D7EDCE10-4FA5-409F-9317-9A2F143320A5}"
EndProject
Project("{2150E333-8FDC-42A3-9474-1A3956D46DE8}") = "QuickStarts", "QuickStarts", "{4F38AF26-C3CB-4999-8EC9-46F23C30720E}"
EndProject
Project("{2150E333-8FDC-42A3-9474-1A3956D46DE8}") = "Demos", "Demos", "{8892452B-86A3-4C3C-BFBC-F7CAF6068E78}"
EndProject
Project("{2150E333-8FDC-42A3-9474-1A3956D46DE8}") = "Editor", "Editor", "{49A48863-861B-4169-9BF0-825A21C05FF1}"
EndProject
Project("{2150E333-8FDC-42A3-9474-1A3956D46DE8}") = "Scripter", "Scripter", "{6976F994-F8DA-4882-A91C-ED1494389851}"
EndProject
Project("{2150E333-8FDC-42A3-9474-1A3956D46DE8}") = "Debugger", "Debugger", "{13B51A66-9B24-479B-BFE8-B11D1670A7B3}"
EndProject
Project("{9A19103F-16F7-4668-BE54-9A1E7A4F7556}") = "DebugWpfScript", "Scripter.Wpf\QuickStarts\Debugger\DebugWpfScript\DebugWpfScript.csproj", "{42D8DC07-8539-46FD-A16A-083CCB3C2288}"
	ProjectSection(ProjectDependencies) = postProject
		{8BE798BE-BF18-446E-932F-D6EC9BD834F5} = {8BE798BE-BF18-446E-932F-D6EC9BD834F5}
	EndProjectSection
EndProject
Project("{9A19103F-16F7-4668-BE54-9A1E7A4F7556}") = "Customize", "Editor.Wpf\QuickStarts\Customize\Customize.csproj", "{488368E9-6781-4656-B48A-F674BCFB559D}"
EndProject
Project("{9A19103F-16F7-4668-BE54-9A1E7A4F7556}") = "CallMethod", "Scripter.Wpf\QuickStarts\CallMethod\CallMethod.csproj", "{E0ECD98F-3058-4306-8C28-E908F2E6EE50}"
EndProject
Project("{9A19103F-16F7-4668-BE54-9A1E7A4F7556}") = "CustomAssembly", "Scripter.Wpf\QuickStarts\CustomAssembly\CustomAssembly.csproj", "{2F66C291-0E76-4CAF-AD91-D33F4AF09C44}"
EndProject
Project("{9A19103F-16F7-4668-BE54-9A1E7A4F7556}") = "ExpressionEvaluation", "Scripter.Wpf\QuickStarts\ExpressionEvaluation\ExpressionEvaluation.csproj", "{12B1CA6C-9DB7-48BB-BCB7-3D0276343F15}"
EndProject
Project("{9A19103F-16F7-4668-BE54-9A1E7A4F7556}") = "ObjectReference", "Scripter.Wpf\QuickStarts\ObjectReference\ObjectReference.csproj", "{4E817DB0-D327-4276-AE41-2F9E3C1B3318}"
EndProject
Project("{9A19103F-16F7-4668-BE54-9A1E7A4F7556}") = "Threading", "Scripter.Wpf\QuickStarts\Threading\Threading.csproj", "{AB409B00-0A8D-4CCD-9C68-DA1973071129}"
EndProject
Project("{9A19103F-16F7-4668-BE54-9A1E7A4F7556}") = "FormDesigner.Wpf", "FormDesigner.Wpf\Demos\FormDesigner.Wpf\FormDesigner.Wpf.csproj", "{4338171F-DDE7-441A-A9C4-B8A88079486C}"
EndProject
Project("{9A19103F-16F7-4668-BE54-9A1E7A4F7556}") = "DebugRemoteScript", "Scripter.Wpf\QuickStarts\Debugger\DebugRemoteScript\DebugRemoteScript.csproj", "{56699F16-5195-40FA-9C47-87CA017EEB4C}"
EndProject
Project("{2150E333-8FDC-42A3-9474-1A3956D46DE8}") = "Designer", "Designer", "{E6568BF0-3A23-45A7-8C54-7D784D27EAD8}"
EndProject
Project("{9A19103F-16F7-4668-BE54-9A1E7A4F7556}") = "LoadAndSave", "FormDesigner.Wpf\QuickStarts\LoadAndSave\LoadAndSave.csproj", "{29279E76-5862-45CE-8521-372BB09C0B29}"
EndProject
Project("{9A19103F-16F7-4668-BE54-9A1E7A4F7556}") = "DesignAndRun", "FormDesigner.Wpf\QuickStarts\DesignAndRun\DesignAndRun.csproj", "{8EB65C53-42B1-4BCF-9740-4981C4480DF5}"
EndProject
Project("{9A19103F-16F7-4668-BE54-9A1E7A4F7556}") = "CustomizeToolbox", "FormDesigner.Wpf\QuickStarts\CustomizeToolbox\CustomizeToolbox.csproj", "{6856BB07-2881-43A1-9F04-C0354AB6B26E}"
EndProject
Project("{9A19103F-16F7-4668-BE54-9A1E7A4F7556}") = "ScrollBarAnnotations", "Editor.Wpf\QuickStarts\ScrollBarAnnotations\ScrollBarAnnotations.csproj", "{80B97DDD-72A5-476B-AEC3-1E9DBC984654}"
EndProject
Project("{9A19103F-16F7-4668-BE54-9A1E7A4F7556}") = "SnippetsParsers", "Editor.Wpf\QuickStarts\Parsers\SnippetsParsers\SnippetsParsers.csproj", "{A20C2167-36BA-4ABF-B7A3-A3A251C03C2A}"
EndProject
Project("{2150E333-8FDC-42A3-9474-1A3956D46DE8}") = "Parsers", "Parsers", "{ED3BD100-BAF6-4A7A-AD26-1664556CDE1A}"
EndProject
Project("{9A19103F-16F7-4668-BE54-9A1E7A4F7556}") = "SQLDOMParser", "Editor.Wpf\QuickStarts\Parsers\SQLDOMParser\SQLDOMParser.csproj", "{F86ADCDD-5063-4010-AD5B-9DCF4190477A}"
EndProject
Project("{9A19103F-16F7-4668-BE54-9A1E7A4F7556}") = "IsolatedScript", "Scripter.Wpf\QuickStarts\IsolatedScript\IsolatedScript.csproj", "{C80AD125-8202-4332-A2EA-38D6E8B95219}"
EndProject
Project("{9A19103F-16F7-4668-BE54-9A1E7A4F7556}") = "DesignInMemory.Wpf", "FormDesigner.Wpf\QuickStarts\DesignInMemory\DesignInMemory.Wpf.csproj", "{62D2121B-4155-48DD-A2DF-02F53F0F872F}"
EndProject
Project("{9A19103F-16F7-4668-BE54-9A1E7A4F7556}") = "XAMLParsing", "Editor.Wpf\QuickStarts\Parsers\XAMLParsing\XAMLParsing.csproj", "{06151836-0994-4EF5-A364-227AA1CD9029}"
EndProject
Project("{9A19103F-16F7-4668-BE54-9A1E7A4F7556}") = "AlternetStudio.Wpf", "Studio.Wpf\AlternetStudio.Wpf.csproj", "{8BE798BE-BF18-446E-932F-D6EC9BD834F5}"
EndProject
Project("{9A19103F-16F7-4668-BE54-9A1E7A4F7556}") = "DebuggerIntegration", "Scripter.Wpf\QuickStarts\Debugger\DebuggerIntegration\DebuggerIntegration.csproj", "{F39F1127-73A3-4C3C-9901-4E2BEAADB9E8}"
EndProject
Project("{9A19103F-16F7-4668-BE54-9A1E7A4F7556}") = "MemoryAssembly", "Scripter.Wpf\QuickStarts\MemoryAssembly\MemoryAssembly.csproj", "{0FE98000-B5CF-44A0-954E-9B4E1A4E8F71}"
EndProject
Project("{9A19103F-16F7-4668-BE54-9A1E7A4F7556}") = "VisualTheme", "Editor.Wpf\QuickStarts\VisualTheme\VisualTheme.csproj", "{69CDBC28-1F69-49B1-A975-B6E9908AF917}"
EndProject
Project("{9A19103F-16F7-4668-BE54-9A1E7A4F7556}") = "TextMateParsing", "Editor.Wpf\QuickStarts\Parsers\TextMateParsing\TextMateParsing.csproj", "{C01E89A2-2F4A-44E7-8642-285713FB0938}"
EndProject
Project("{9A19103F-16F7-4668-BE54-9A1E7A4F7556}") = "PackageReference", "Scripter.Wpf\QuickStarts\PackageReference\PackageReference.csproj", "{1FCCDC49-83FE-4255-814B-723D24685817}"
EndProject
Project("{9A19103F-16F7-4668-BE54-9A1E7A4F7556}") = "ScriptHostObject", "Scripter.Wpf\QuickStarts\ScriptHostObject\ScriptHostObject.csproj", "{C1102F04-1129-46CE-AD7F-CDFBE6E7C589}"
EndProject
Global
	GlobalSection(SolutionConfigurationPlatforms) = preSolution
		Debug|Any CPU = Debug|Any CPU
		Release|Any CPU = Release|Any CPU
		Runtime|Any CPU = Runtime|Any CPU
		Trial|Any CPU = Trial|Any CPU
	EndGlobalSection
	GlobalSection(ProjectConfigurationPlatforms) = postSolution
		{F852DFE9-08AF-4D34-8C49-747D6001F3FE}.Debug|Any CPU.ActiveCfg = Debug|Any CPU
		{F852DFE9-08AF-4D34-8C49-747D6001F3FE}.Debug|Any CPU.Build.0 = Debug|Any CPU
		{F852DFE9-08AF-4D34-8C49-747D6001F3FE}.Release|Any CPU.ActiveCfg = Release|Any CPU
		{F852DFE9-08AF-4D34-8C49-747D6001F3FE}.Release|Any CPU.Build.0 = Release|Any CPU
		{F852DFE9-08AF-4D34-8C49-747D6001F3FE}.Runtime|Any CPU.ActiveCfg = Release|Any CPU
		{F852DFE9-08AF-4D34-8C49-747D6001F3FE}.Runtime|Any CPU.Build.0 = Release|Any CPU
		{F852DFE9-08AF-4D34-8C49-747D6001F3FE}.Trial|Any CPU.ActiveCfg = Release|Any CPU
		{F852DFE9-08AF-4D34-8C49-747D6001F3FE}.Trial|Any CPU.Build.0 = Release|Any CPU
		{6CCB592A-8287-4204-87F4-06067D70D361}.Debug|Any CPU.ActiveCfg = Debug|Any CPU
		{6CCB592A-8287-4204-87F4-06067D70D361}.Debug|Any CPU.Build.0 = Debug|Any CPU
		{6CCB592A-8287-4204-87F4-06067D70D361}.Release|Any CPU.ActiveCfg = Release|Any CPU
		{6CCB592A-8287-4204-87F4-06067D70D361}.Release|Any CPU.Build.0 = Release|Any CPU
		{6CCB592A-8287-4204-87F4-06067D70D361}.Runtime|Any CPU.ActiveCfg = Release|Any CPU
		{6CCB592A-8287-4204-87F4-06067D70D361}.Runtime|Any CPU.Build.0 = Release|Any CPU
		{6CCB592A-8287-4204-87F4-06067D70D361}.Trial|Any CPU.ActiveCfg = Release|Any CPU
		{6CCB592A-8287-4204-87F4-06067D70D361}.Trial|Any CPU.Build.0 = Release|Any CPU
		{FCB97CB8-FC19-469E-BED8-7F0CEED854B8}.Debug|Any CPU.ActiveCfg = Debug|Any CPU
		{FCB97CB8-FC19-469E-BED8-7F0CEED854B8}.Debug|Any CPU.Build.0 = Debug|Any CPU
		{FCB97CB8-FC19-469E-BED8-7F0CEED854B8}.Release|Any CPU.ActiveCfg = Release|Any CPU
		{FCB97CB8-FC19-469E-BED8-7F0CEED854B8}.Release|Any CPU.Build.0 = Release|Any CPU
		{FCB97CB8-FC19-469E-BED8-7F0CEED854B8}.Runtime|Any CPU.ActiveCfg = Release|Any CPU
		{FCB97CB8-FC19-469E-BED8-7F0CEED854B8}.Runtime|Any CPU.Build.0 = Release|Any CPU
		{FCB97CB8-FC19-469E-BED8-7F0CEED854B8}.Trial|Any CPU.ActiveCfg = Release|Any CPU
		{FCB97CB8-FC19-469E-BED8-7F0CEED854B8}.Trial|Any CPU.Build.0 = Release|Any CPU
		{6D1878D4-832F-4B94-A1E1-2D5D0139E753}.Debug|Any CPU.ActiveCfg = Debug|Any CPU
		{6D1878D4-832F-4B94-A1E1-2D5D0139E753}.Debug|Any CPU.Build.0 = Debug|Any CPU
		{6D1878D4-832F-4B94-A1E1-2D5D0139E753}.Release|Any CPU.ActiveCfg = Release|Any CPU
		{6D1878D4-832F-4B94-A1E1-2D5D0139E753}.Release|Any CPU.Build.0 = Release|Any CPU
		{6D1878D4-832F-4B94-A1E1-2D5D0139E753}.Runtime|Any CPU.ActiveCfg = Release|Any CPU
		{6D1878D4-832F-4B94-A1E1-2D5D0139E753}.Runtime|Any CPU.Build.0 = Release|Any CPU
		{6D1878D4-832F-4B94-A1E1-2D5D0139E753}.Trial|Any CPU.ActiveCfg = Release|Any CPU
		{6D1878D4-832F-4B94-A1E1-2D5D0139E753}.Trial|Any CPU.Build.0 = Release|Any CPU
		{DE443087-EF6F-4CC6-BA8F-AEADBB7863F0}.Debug|Any CPU.ActiveCfg = Debug|Any CPU
		{DE443087-EF6F-4CC6-BA8F-AEADBB7863F0}.Debug|Any CPU.Build.0 = Debug|Any CPU
		{DE443087-EF6F-4CC6-BA8F-AEADBB7863F0}.Release|Any CPU.ActiveCfg = Release|Any CPU
		{DE443087-EF6F-4CC6-BA8F-AEADBB7863F0}.Release|Any CPU.Build.0 = Release|Any CPU
		{DE443087-EF6F-4CC6-BA8F-AEADBB7863F0}.Runtime|Any CPU.ActiveCfg = Release|Any CPU
		{DE443087-EF6F-4CC6-BA8F-AEADBB7863F0}.Runtime|Any CPU.Build.0 = Release|Any CPU
		{DE443087-EF6F-4CC6-BA8F-AEADBB7863F0}.Trial|Any CPU.ActiveCfg = Release|Any CPU
		{DE443087-EF6F-4CC6-BA8F-AEADBB7863F0}.Trial|Any CPU.Build.0 = Release|Any CPU
		{8A2B3585-559C-4888-81C2-B569EE1FDEE2}.Debug|Any CPU.ActiveCfg = Debug|Any CPU
		{8A2B3585-559C-4888-81C2-B569EE1FDEE2}.Debug|Any CPU.Build.0 = Debug|Any CPU
		{8A2B3585-559C-4888-81C2-B569EE1FDEE2}.Release|Any CPU.ActiveCfg = Release|Any CPU
		{8A2B3585-559C-4888-81C2-B569EE1FDEE2}.Release|Any CPU.Build.0 = Release|Any CPU
		{8A2B3585-559C-4888-81C2-B569EE1FDEE2}.Runtime|Any CPU.ActiveCfg = Release|Any CPU
		{8A2B3585-559C-4888-81C2-B569EE1FDEE2}.Runtime|Any CPU.Build.0 = Release|Any CPU
		{8A2B3585-559C-4888-81C2-B569EE1FDEE2}.Trial|Any CPU.ActiveCfg = Release|Any CPU
		{8A2B3585-559C-4888-81C2-B569EE1FDEE2}.Trial|Any CPU.Build.0 = Release|Any CPU
		{28CBC473-E128-4677-9F96-DD99564AFA58}.Debug|Any CPU.ActiveCfg = Debug|Any CPU
		{28CBC473-E128-4677-9F96-DD99564AFA58}.Debug|Any CPU.Build.0 = Debug|Any CPU
		{28CBC473-E128-4677-9F96-DD99564AFA58}.Release|Any CPU.ActiveCfg = Release|Any CPU
		{28CBC473-E128-4677-9F96-DD99564AFA58}.Release|Any CPU.Build.0 = Release|Any CPU
		{28CBC473-E128-4677-9F96-DD99564AFA58}.Runtime|Any CPU.ActiveCfg = Release|Any CPU
		{28CBC473-E128-4677-9F96-DD99564AFA58}.Runtime|Any CPU.Build.0 = Release|Any CPU
		{28CBC473-E128-4677-9F96-DD99564AFA58}.Trial|Any CPU.ActiveCfg = Release|Any CPU
		{28CBC473-E128-4677-9F96-DD99564AFA58}.Trial|Any CPU.Build.0 = Release|Any CPU
		{A1FB9E59-AAFB-485B-AB96-636032C6E3BB}.Debug|Any CPU.ActiveCfg = Debug|Any CPU
		{A1FB9E59-AAFB-485B-AB96-636032C6E3BB}.Debug|Any CPU.Build.0 = Debug|Any CPU
		{A1FB9E59-AAFB-485B-AB96-636032C6E3BB}.Release|Any CPU.ActiveCfg = Release|Any CPU
		{A1FB9E59-AAFB-485B-AB96-636032C6E3BB}.Release|Any CPU.Build.0 = Release|Any CPU
		{A1FB9E59-AAFB-485B-AB96-636032C6E3BB}.Runtime|Any CPU.ActiveCfg = Release|Any CPU
		{A1FB9E59-AAFB-485B-AB96-636032C6E3BB}.Runtime|Any CPU.Build.0 = Release|Any CPU
		{A1FB9E59-AAFB-485B-AB96-636032C6E3BB}.Trial|Any CPU.ActiveCfg = Release|Any CPU
		{A1FB9E59-AAFB-485B-AB96-636032C6E3BB}.Trial|Any CPU.Build.0 = Release|Any CPU
		{CFA094A0-DA7F-463E-8BEF-DDDA6EDA48CE}.Debug|Any CPU.ActiveCfg = Debug|Any CPU
		{CFA094A0-DA7F-463E-8BEF-DDDA6EDA48CE}.Debug|Any CPU.Build.0 = Debug|Any CPU
		{CFA094A0-DA7F-463E-8BEF-DDDA6EDA48CE}.Release|Any CPU.ActiveCfg = Release|Any CPU
		{CFA094A0-DA7F-463E-8BEF-DDDA6EDA48CE}.Release|Any CPU.Build.0 = Release|Any CPU
		{CFA094A0-DA7F-463E-8BEF-DDDA6EDA48CE}.Runtime|Any CPU.ActiveCfg = Release|Any CPU
		{CFA094A0-DA7F-463E-8BEF-DDDA6EDA48CE}.Runtime|Any CPU.Build.0 = Release|Any CPU
		{CFA094A0-DA7F-463E-8BEF-DDDA6EDA48CE}.Trial|Any CPU.ActiveCfg = Release|Any CPU
		{CFA094A0-DA7F-463E-8BEF-DDDA6EDA48CE}.Trial|Any CPU.Build.0 = Release|Any CPU
		{CD57FD07-70C2-4BE0-BA72-E5BC991C8A78}.Debug|Any CPU.ActiveCfg = Debug|Any CPU
		{CD57FD07-70C2-4BE0-BA72-E5BC991C8A78}.Debug|Any CPU.Build.0 = Debug|Any CPU
		{CD57FD07-70C2-4BE0-BA72-E5BC991C8A78}.Release|Any CPU.ActiveCfg = Release|Any CPU
		{CD57FD07-70C2-4BE0-BA72-E5BC991C8A78}.Release|Any CPU.Build.0 = Release|Any CPU
		{CD57FD07-70C2-4BE0-BA72-E5BC991C8A78}.Runtime|Any CPU.ActiveCfg = Release|Any CPU
		{CD57FD07-70C2-4BE0-BA72-E5BC991C8A78}.Runtime|Any CPU.Build.0 = Release|Any CPU
		{CD57FD07-70C2-4BE0-BA72-E5BC991C8A78}.Trial|Any CPU.ActiveCfg = Release|Any CPU
		{CD57FD07-70C2-4BE0-BA72-E5BC991C8A78}.Trial|Any CPU.Build.0 = Release|Any CPU
		{EA34B24F-8E5D-4113-8BE8-D80B728505B6}.Debug|Any CPU.ActiveCfg = Debug|Any CPU
		{EA34B24F-8E5D-4113-8BE8-D80B728505B6}.Debug|Any CPU.Build.0 = Debug|Any CPU
		{EA34B24F-8E5D-4113-8BE8-D80B728505B6}.Release|Any CPU.ActiveCfg = Release|Any CPU
		{EA34B24F-8E5D-4113-8BE8-D80B728505B6}.Release|Any CPU.Build.0 = Release|Any CPU
		{EA34B24F-8E5D-4113-8BE8-D80B728505B6}.Runtime|Any CPU.ActiveCfg = Release|Any CPU
		{EA34B24F-8E5D-4113-8BE8-D80B728505B6}.Runtime|Any CPU.Build.0 = Release|Any CPU
		{EA34B24F-8E5D-4113-8BE8-D80B728505B6}.Trial|Any CPU.ActiveCfg = Release|Any CPU
		{EA34B24F-8E5D-4113-8BE8-D80B728505B6}.Trial|Any CPU.Build.0 = Release|Any CPU
		{9F3F77F8-3D22-471A-92B9-F7E240FE7588}.Debug|Any CPU.ActiveCfg = Debug|Any CPU
		{9F3F77F8-3D22-471A-92B9-F7E240FE7588}.Debug|Any CPU.Build.0 = Debug|Any CPU
		{9F3F77F8-3D22-471A-92B9-F7E240FE7588}.Release|Any CPU.ActiveCfg = Release|Any CPU
		{9F3F77F8-3D22-471A-92B9-F7E240FE7588}.Release|Any CPU.Build.0 = Release|Any CPU
		{9F3F77F8-3D22-471A-92B9-F7E240FE7588}.Runtime|Any CPU.ActiveCfg = Release|Any CPU
		{9F3F77F8-3D22-471A-92B9-F7E240FE7588}.Runtime|Any CPU.Build.0 = Release|Any CPU
		{9F3F77F8-3D22-471A-92B9-F7E240FE7588}.Trial|Any CPU.ActiveCfg = Release|Any CPU
		{9F3F77F8-3D22-471A-92B9-F7E240FE7588}.Trial|Any CPU.Build.0 = Release|Any CPU
		{D68D1C16-BD1B-45F0-9F8D-C5CF4814ECD5}.Debug|Any CPU.ActiveCfg = Debug|Any CPU
		{D68D1C16-BD1B-45F0-9F8D-C5CF4814ECD5}.Debug|Any CPU.Build.0 = Debug|Any CPU
		{D68D1C16-BD1B-45F0-9F8D-C5CF4814ECD5}.Release|Any CPU.ActiveCfg = Release|Any CPU
		{D68D1C16-BD1B-45F0-9F8D-C5CF4814ECD5}.Release|Any CPU.Build.0 = Release|Any CPU
		{D68D1C16-BD1B-45F0-9F8D-C5CF4814ECD5}.Runtime|Any CPU.ActiveCfg = Release|Any CPU
		{D68D1C16-BD1B-45F0-9F8D-C5CF4814ECD5}.Runtime|Any CPU.Build.0 = Release|Any CPU
		{D68D1C16-BD1B-45F0-9F8D-C5CF4814ECD5}.Trial|Any CPU.ActiveCfg = Release|Any CPU
		{D68D1C16-BD1B-45F0-9F8D-C5CF4814ECD5}.Trial|Any CPU.Build.0 = Release|Any CPU
		{9ACC46F1-0BDF-4B96-B50C-7C21166D2075}.Debug|Any CPU.ActiveCfg = Debug|Any CPU
		{9ACC46F1-0BDF-4B96-B50C-7C21166D2075}.Debug|Any CPU.Build.0 = Debug|Any CPU
		{9ACC46F1-0BDF-4B96-B50C-7C21166D2075}.Release|Any CPU.ActiveCfg = Release|Any CPU
		{9ACC46F1-0BDF-4B96-B50C-7C21166D2075}.Release|Any CPU.Build.0 = Release|Any CPU
		{9ACC46F1-0BDF-4B96-B50C-7C21166D2075}.Runtime|Any CPU.ActiveCfg = Release|Any CPU
		{9ACC46F1-0BDF-4B96-B50C-7C21166D2075}.Runtime|Any CPU.Build.0 = Release|Any CPU
		{9ACC46F1-0BDF-4B96-B50C-7C21166D2075}.Trial|Any CPU.ActiveCfg = Release|Any CPU
		{9ACC46F1-0BDF-4B96-B50C-7C21166D2075}.Trial|Any CPU.Build.0 = Release|Any CPU
		{4F8FFD71-6AB6-4D24-A643-E10D13CC3122}.Debug|Any CPU.ActiveCfg = Debug|Any CPU
		{4F8FFD71-6AB6-4D24-A643-E10D13CC3122}.Debug|Any CPU.Build.0 = Debug|Any CPU
		{4F8FFD71-6AB6-4D24-A643-E10D13CC3122}.Release|Any CPU.ActiveCfg = Release|Any CPU
		{4F8FFD71-6AB6-4D24-A643-E10D13CC3122}.Release|Any CPU.Build.0 = Release|Any CPU
		{4F8FFD71-6AB6-4D24-A643-E10D13CC3122}.Runtime|Any CPU.ActiveCfg = Release|Any CPU
		{4F8FFD71-6AB6-4D24-A643-E10D13CC3122}.Runtime|Any CPU.Build.0 = Release|Any CPU
		{4F8FFD71-6AB6-4D24-A643-E10D13CC3122}.Trial|Any CPU.ActiveCfg = Release|Any CPU
		{4F8FFD71-6AB6-4D24-A643-E10D13CC3122}.Trial|Any CPU.Build.0 = Release|Any CPU
		{F917E215-B6FB-435C-A419-BFF5DC6F3681}.Debug|Any CPU.ActiveCfg = Debug|Any CPU
		{F917E215-B6FB-435C-A419-BFF5DC6F3681}.Debug|Any CPU.Build.0 = Debug|Any CPU
		{F917E215-B6FB-435C-A419-BFF5DC6F3681}.Release|Any CPU.ActiveCfg = Release|Any CPU
		{F917E215-B6FB-435C-A419-BFF5DC6F3681}.Release|Any CPU.Build.0 = Release|Any CPU
		{F917E215-B6FB-435C-A419-BFF5DC6F3681}.Runtime|Any CPU.ActiveCfg = Release|Any CPU
		{F917E215-B6FB-435C-A419-BFF5DC6F3681}.Runtime|Any CPU.Build.0 = Release|Any CPU
		{F917E215-B6FB-435C-A419-BFF5DC6F3681}.Trial|Any CPU.ActiveCfg = Release|Any CPU
		{F917E215-B6FB-435C-A419-BFF5DC6F3681}.Trial|Any CPU.Build.0 = Release|Any CPU
		{6CD320CE-4020-4AD4-A117-12983ED2087B}.Debug|Any CPU.ActiveCfg = Debug|Any CPU
		{6CD320CE-4020-4AD4-A117-12983ED2087B}.Debug|Any CPU.Build.0 = Debug|Any CPU
		{6CD320CE-4020-4AD4-A117-12983ED2087B}.Release|Any CPU.ActiveCfg = Release|Any CPU
		{6CD320CE-4020-4AD4-A117-12983ED2087B}.Release|Any CPU.Build.0 = Release|Any CPU
		{6CD320CE-4020-4AD4-A117-12983ED2087B}.Runtime|Any CPU.ActiveCfg = Release|Any CPU
		{6CD320CE-4020-4AD4-A117-12983ED2087B}.Runtime|Any CPU.Build.0 = Release|Any CPU
		{6CD320CE-4020-4AD4-A117-12983ED2087B}.Trial|Any CPU.ActiveCfg = Release|Any CPU
		{6CD320CE-4020-4AD4-A117-12983ED2087B}.Trial|Any CPU.Build.0 = Release|Any CPU
		{88EA34F9-D430-4019-8F71-ED5CB382124A}.Debug|Any CPU.ActiveCfg = Debug|Any CPU
		{88EA34F9-D430-4019-8F71-ED5CB382124A}.Debug|Any CPU.Build.0 = Debug|Any CPU
		{88EA34F9-D430-4019-8F71-ED5CB382124A}.Release|Any CPU.ActiveCfg = Release|Any CPU
		{88EA34F9-D430-4019-8F71-ED5CB382124A}.Release|Any CPU.Build.0 = Release|Any CPU
		{88EA34F9-D430-4019-8F71-ED5CB382124A}.Runtime|Any CPU.ActiveCfg = Release|Any CPU
		{88EA34F9-D430-4019-8F71-ED5CB382124A}.Runtime|Any CPU.Build.0 = Release|Any CPU
		{88EA34F9-D430-4019-8F71-ED5CB382124A}.Trial|Any CPU.ActiveCfg = Release|Any CPU
		{88EA34F9-D430-4019-8F71-ED5CB382124A}.Trial|Any CPU.Build.0 = Release|Any CPU
		{6159676E-5E7F-4364-A5A6-1D8696C274B4}.Debug|Any CPU.ActiveCfg = Debug|Any CPU
		{6159676E-5E7F-4364-A5A6-1D8696C274B4}.Debug|Any CPU.Build.0 = Debug|Any CPU
		{6159676E-5E7F-4364-A5A6-1D8696C274B4}.Release|Any CPU.ActiveCfg = Release|Any CPU
		{6159676E-5E7F-4364-A5A6-1D8696C274B4}.Release|Any CPU.Build.0 = Release|Any CPU
		{6159676E-5E7F-4364-A5A6-1D8696C274B4}.Runtime|Any CPU.ActiveCfg = Release|Any CPU
		{6159676E-5E7F-4364-A5A6-1D8696C274B4}.Runtime|Any CPU.Build.0 = Release|Any CPU
		{6159676E-5E7F-4364-A5A6-1D8696C274B4}.Trial|Any CPU.ActiveCfg = Release|Any CPU
		{6159676E-5E7F-4364-A5A6-1D8696C274B4}.Trial|Any CPU.Build.0 = Release|Any CPU
		{D7EDCE10-4FA5-409F-9317-9A2F143320A5}.Debug|Any CPU.ActiveCfg = Debug|Any CPU
		{D7EDCE10-4FA5-409F-9317-9A2F143320A5}.Debug|Any CPU.Build.0 = Debug|Any CPU
		{D7EDCE10-4FA5-409F-9317-9A2F143320A5}.Release|Any CPU.ActiveCfg = Release|Any CPU
		{D7EDCE10-4FA5-409F-9317-9A2F143320A5}.Release|Any CPU.Build.0 = Release|Any CPU
		{D7EDCE10-4FA5-409F-9317-9A2F143320A5}.Runtime|Any CPU.ActiveCfg = Release|Any CPU
		{D7EDCE10-4FA5-409F-9317-9A2F143320A5}.Runtime|Any CPU.Build.0 = Release|Any CPU
		{D7EDCE10-4FA5-409F-9317-9A2F143320A5}.Trial|Any CPU.ActiveCfg = Release|Any CPU
		{D7EDCE10-4FA5-409F-9317-9A2F143320A5}.Trial|Any CPU.Build.0 = Release|Any CPU
		{42D8DC07-8539-46FD-A16A-083CCB3C2288}.Debug|Any CPU.ActiveCfg = Debug|Any CPU
		{42D8DC07-8539-46FD-A16A-083CCB3C2288}.Debug|Any CPU.Build.0 = Debug|Any CPU
		{42D8DC07-8539-46FD-A16A-083CCB3C2288}.Release|Any CPU.ActiveCfg = Release|Any CPU
		{42D8DC07-8539-46FD-A16A-083CCB3C2288}.Release|Any CPU.Build.0 = Release|Any CPU
		{42D8DC07-8539-46FD-A16A-083CCB3C2288}.Runtime|Any CPU.ActiveCfg = Release|Any CPU
		{42D8DC07-8539-46FD-A16A-083CCB3C2288}.Runtime|Any CPU.Build.0 = Release|Any CPU
		{42D8DC07-8539-46FD-A16A-083CCB3C2288}.Trial|Any CPU.ActiveCfg = Release|Any CPU
		{42D8DC07-8539-46FD-A16A-083CCB3C2288}.Trial|Any CPU.Build.0 = Release|Any CPU
		{488368E9-6781-4656-B48A-F674BCFB559D}.Debug|Any CPU.ActiveCfg = Debug|Any CPU
		{488368E9-6781-4656-B48A-F674BCFB559D}.Debug|Any CPU.Build.0 = Debug|Any CPU
		{488368E9-6781-4656-B48A-F674BCFB559D}.Release|Any CPU.ActiveCfg = Release|Any CPU
		{488368E9-6781-4656-B48A-F674BCFB559D}.Release|Any CPU.Build.0 = Release|Any CPU
		{488368E9-6781-4656-B48A-F674BCFB559D}.Runtime|Any CPU.ActiveCfg = Release|Any CPU
		{488368E9-6781-4656-B48A-F674BCFB559D}.Runtime|Any CPU.Build.0 = Release|Any CPU
		{488368E9-6781-4656-B48A-F674BCFB559D}.Trial|Any CPU.ActiveCfg = Release|Any CPU
		{488368E9-6781-4656-B48A-F674BCFB559D}.Trial|Any CPU.Build.0 = Release|Any CPU
		{E0ECD98F-3058-4306-8C28-E908F2E6EE50}.Debug|Any CPU.ActiveCfg = Debug|Any CPU
		{E0ECD98F-3058-4306-8C28-E908F2E6EE50}.Debug|Any CPU.Build.0 = Debug|Any CPU
		{E0ECD98F-3058-4306-8C28-E908F2E6EE50}.Release|Any CPU.ActiveCfg = Release|Any CPU
		{E0ECD98F-3058-4306-8C28-E908F2E6EE50}.Release|Any CPU.Build.0 = Release|Any CPU
		{E0ECD98F-3058-4306-8C28-E908F2E6EE50}.Runtime|Any CPU.ActiveCfg = Release|Any CPU
		{E0ECD98F-3058-4306-8C28-E908F2E6EE50}.Runtime|Any CPU.Build.0 = Release|Any CPU
		{E0ECD98F-3058-4306-8C28-E908F2E6EE50}.Trial|Any CPU.ActiveCfg = Release|Any CPU
		{E0ECD98F-3058-4306-8C28-E908F2E6EE50}.Trial|Any CPU.Build.0 = Release|Any CPU
		{2F66C291-0E76-4CAF-AD91-D33F4AF09C44}.Debug|Any CPU.ActiveCfg = Debug|Any CPU
		{2F66C291-0E76-4CAF-AD91-D33F4AF09C44}.Debug|Any CPU.Build.0 = Debug|Any CPU
		{2F66C291-0E76-4CAF-AD91-D33F4AF09C44}.Release|Any CPU.ActiveCfg = Release|Any CPU
		{2F66C291-0E76-4CAF-AD91-D33F4AF09C44}.Release|Any CPU.Build.0 = Release|Any CPU
		{2F66C291-0E76-4CAF-AD91-D33F4AF09C44}.Runtime|Any CPU.ActiveCfg = Release|Any CPU
		{2F66C291-0E76-4CAF-AD91-D33F4AF09C44}.Runtime|Any CPU.Build.0 = Release|Any CPU
		{2F66C291-0E76-4CAF-AD91-D33F4AF09C44}.Trial|Any CPU.ActiveCfg = Release|Any CPU
		{2F66C291-0E76-4CAF-AD91-D33F4AF09C44}.Trial|Any CPU.Build.0 = Release|Any CPU
		{12B1CA6C-9DB7-48BB-BCB7-3D0276343F15}.Debug|Any CPU.ActiveCfg = Debug|Any CPU
		{12B1CA6C-9DB7-48BB-BCB7-3D0276343F15}.Debug|Any CPU.Build.0 = Debug|Any CPU
		{12B1CA6C-9DB7-48BB-BCB7-3D0276343F15}.Release|Any CPU.ActiveCfg = Release|Any CPU
		{12B1CA6C-9DB7-48BB-BCB7-3D0276343F15}.Release|Any CPU.Build.0 = Release|Any CPU
		{12B1CA6C-9DB7-48BB-BCB7-3D0276343F15}.Runtime|Any CPU.ActiveCfg = Release|Any CPU
		{12B1CA6C-9DB7-48BB-BCB7-3D0276343F15}.Runtime|Any CPU.Build.0 = Release|Any CPU
		{12B1CA6C-9DB7-48BB-BCB7-3D0276343F15}.Trial|Any CPU.ActiveCfg = Release|Any CPU
		{12B1CA6C-9DB7-48BB-BCB7-3D0276343F15}.Trial|Any CPU.Build.0 = Release|Any CPU
		{4E817DB0-D327-4276-AE41-2F9E3C1B3318}.Debug|Any CPU.ActiveCfg = Debug|Any CPU
		{4E817DB0-D327-4276-AE41-2F9E3C1B3318}.Debug|Any CPU.Build.0 = Debug|Any CPU
		{4E817DB0-D327-4276-AE41-2F9E3C1B3318}.Release|Any CPU.ActiveCfg = Release|Any CPU
		{4E817DB0-D327-4276-AE41-2F9E3C1B3318}.Release|Any CPU.Build.0 = Release|Any CPU
		{4E817DB0-D327-4276-AE41-2F9E3C1B3318}.Runtime|Any CPU.ActiveCfg = Release|Any CPU
		{4E817DB0-D327-4276-AE41-2F9E3C1B3318}.Runtime|Any CPU.Build.0 = Release|Any CPU
		{4E817DB0-D327-4276-AE41-2F9E3C1B3318}.Trial|Any CPU.ActiveCfg = Release|Any CPU
		{4E817DB0-D327-4276-AE41-2F9E3C1B3318}.Trial|Any CPU.Build.0 = Release|Any CPU
		{AB409B00-0A8D-4CCD-9C68-DA1973071129}.Debug|Any CPU.ActiveCfg = Debug|Any CPU
		{AB409B00-0A8D-4CCD-9C68-DA1973071129}.Debug|Any CPU.Build.0 = Debug|Any CPU
		{AB409B00-0A8D-4CCD-9C68-DA1973071129}.Release|Any CPU.ActiveCfg = Release|Any CPU
		{AB409B00-0A8D-4CCD-9C68-DA1973071129}.Release|Any CPU.Build.0 = Release|Any CPU
		{AB409B00-0A8D-4CCD-9C68-DA1973071129}.Runtime|Any CPU.ActiveCfg = Release|Any CPU
		{AB409B00-0A8D-4CCD-9C68-DA1973071129}.Runtime|Any CPU.Build.0 = Release|Any CPU
		{AB409B00-0A8D-4CCD-9C68-DA1973071129}.Trial|Any CPU.ActiveCfg = Release|Any CPU
		{AB409B00-0A8D-4CCD-9C68-DA1973071129}.Trial|Any CPU.Build.0 = Release|Any CPU
		{4338171F-DDE7-441A-A9C4-B8A88079486C}.Debug|Any CPU.ActiveCfg = Debug|Any CPU
		{4338171F-DDE7-441A-A9C4-B8A88079486C}.Debug|Any CPU.Build.0 = Debug|Any CPU
		{4338171F-DDE7-441A-A9C4-B8A88079486C}.Release|Any CPU.ActiveCfg = Release|Any CPU
		{4338171F-DDE7-441A-A9C4-B8A88079486C}.Release|Any CPU.Build.0 = Release|Any CPU
		{4338171F-DDE7-441A-A9C4-B8A88079486C}.Runtime|Any CPU.ActiveCfg = Release|Any CPU
		{4338171F-DDE7-441A-A9C4-B8A88079486C}.Runtime|Any CPU.Build.0 = Release|Any CPU
		{4338171F-DDE7-441A-A9C4-B8A88079486C}.Trial|Any CPU.ActiveCfg = Release|Any CPU
		{4338171F-DDE7-441A-A9C4-B8A88079486C}.Trial|Any CPU.Build.0 = Release|Any CPU
		{56699F16-5195-40FA-9C47-87CA017EEB4C}.Debug|Any CPU.ActiveCfg = Debug|Any CPU
		{56699F16-5195-40FA-9C47-87CA017EEB4C}.Debug|Any CPU.Build.0 = Debug|Any CPU
		{56699F16-5195-40FA-9C47-87CA017EEB4C}.Release|Any CPU.ActiveCfg = Release|Any CPU
		{56699F16-5195-40FA-9C47-87CA017EEB4C}.Release|Any CPU.Build.0 = Release|Any CPU
		{56699F16-5195-40FA-9C47-87CA017EEB4C}.Runtime|Any CPU.ActiveCfg = Release|Any CPU
		{56699F16-5195-40FA-9C47-87CA017EEB4C}.Runtime|Any CPU.Build.0 = Release|Any CPU
		{56699F16-5195-40FA-9C47-87CA017EEB4C}.Trial|Any CPU.ActiveCfg = Release|Any CPU
		{56699F16-5195-40FA-9C47-87CA017EEB4C}.Trial|Any CPU.Build.0 = Release|Any CPU
		{29279E76-5862-45CE-8521-372BB09C0B29}.Debug|Any CPU.ActiveCfg = Debug|Any CPU
		{29279E76-5862-45CE-8521-372BB09C0B29}.Debug|Any CPU.Build.0 = Debug|Any CPU
		{29279E76-5862-45CE-8521-372BB09C0B29}.Release|Any CPU.ActiveCfg = Release|Any CPU
		{29279E76-5862-45CE-8521-372BB09C0B29}.Release|Any CPU.Build.0 = Release|Any CPU
		{29279E76-5862-45CE-8521-372BB09C0B29}.Runtime|Any CPU.ActiveCfg = Release|Any CPU
		{29279E76-5862-45CE-8521-372BB09C0B29}.Runtime|Any CPU.Build.0 = Release|Any CPU
		{29279E76-5862-45CE-8521-372BB09C0B29}.Trial|Any CPU.ActiveCfg = Release|Any CPU
		{29279E76-5862-45CE-8521-372BB09C0B29}.Trial|Any CPU.Build.0 = Release|Any CPU
		{8EB65C53-42B1-4BCF-9740-4981C4480DF5}.Debug|Any CPU.ActiveCfg = Debug|Any CPU
		{8EB65C53-42B1-4BCF-9740-4981C4480DF5}.Debug|Any CPU.Build.0 = Debug|Any CPU
		{8EB65C53-42B1-4BCF-9740-4981C4480DF5}.Release|Any CPU.ActiveCfg = Release|Any CPU
		{8EB65C53-42B1-4BCF-9740-4981C4480DF5}.Release|Any CPU.Build.0 = Release|Any CPU
		{8EB65C53-42B1-4BCF-9740-4981C4480DF5}.Runtime|Any CPU.ActiveCfg = Release|Any CPU
		{8EB65C53-42B1-4BCF-9740-4981C4480DF5}.Runtime|Any CPU.Build.0 = Release|Any CPU
		{8EB65C53-42B1-4BCF-9740-4981C4480DF5}.Trial|Any CPU.ActiveCfg = Release|Any CPU
		{8EB65C53-42B1-4BCF-9740-4981C4480DF5}.Trial|Any CPU.Build.0 = Release|Any CPU
		{6856BB07-2881-43A1-9F04-C0354AB6B26E}.Debug|Any CPU.ActiveCfg = Debug|Any CPU
		{6856BB07-2881-43A1-9F04-C0354AB6B26E}.Debug|Any CPU.Build.0 = Debug|Any CPU
		{6856BB07-2881-43A1-9F04-C0354AB6B26E}.Release|Any CPU.ActiveCfg = Release|Any CPU
		{6856BB07-2881-43A1-9F04-C0354AB6B26E}.Release|Any CPU.Build.0 = Release|Any CPU
		{6856BB07-2881-43A1-9F04-C0354AB6B26E}.Runtime|Any CPU.ActiveCfg = Release|Any CPU
		{6856BB07-2881-43A1-9F04-C0354AB6B26E}.Runtime|Any CPU.Build.0 = Release|Any CPU
		{6856BB07-2881-43A1-9F04-C0354AB6B26E}.Trial|Any CPU.ActiveCfg = Release|Any CPU
		{6856BB07-2881-43A1-9F04-C0354AB6B26E}.Trial|Any CPU.Build.0 = Release|Any CPU
		{80B97DDD-72A5-476B-AEC3-1E9DBC984654}.Debug|Any CPU.ActiveCfg = Debug|Any CPU
		{80B97DDD-72A5-476B-AEC3-1E9DBC984654}.Debug|Any CPU.Build.0 = Debug|Any CPU
		{80B97DDD-72A5-476B-AEC3-1E9DBC984654}.Release|Any CPU.ActiveCfg = Release|Any CPU
		{80B97DDD-72A5-476B-AEC3-1E9DBC984654}.Release|Any CPU.Build.0 = Release|Any CPU
		{80B97DDD-72A5-476B-AEC3-1E9DBC984654}.Runtime|Any CPU.ActiveCfg = Release|Any CPU
		{80B97DDD-72A5-476B-AEC3-1E9DBC984654}.Runtime|Any CPU.Build.0 = Release|Any CPU
		{80B97DDD-72A5-476B-AEC3-1E9DBC984654}.Trial|Any CPU.ActiveCfg = Release|Any CPU
		{80B97DDD-72A5-476B-AEC3-1E9DBC984654}.Trial|Any CPU.Build.0 = Release|Any CPU
		{A20C2167-36BA-4ABF-B7A3-A3A251C03C2A}.Debug|Any CPU.ActiveCfg = Debug|Any CPU
		{A20C2167-36BA-4ABF-B7A3-A3A251C03C2A}.Debug|Any CPU.Build.0 = Debug|Any CPU
		{A20C2167-36BA-4ABF-B7A3-A3A251C03C2A}.Release|Any CPU.ActiveCfg = Release|Any CPU
		{A20C2167-36BA-4ABF-B7A3-A3A251C03C2A}.Release|Any CPU.Build.0 = Release|Any CPU
		{A20C2167-36BA-4ABF-B7A3-A3A251C03C2A}.Runtime|Any CPU.ActiveCfg = Release|Any CPU
		{A20C2167-36BA-4ABF-B7A3-A3A251C03C2A}.Runtime|Any CPU.Build.0 = Release|Any CPU
		{A20C2167-36BA-4ABF-B7A3-A3A251C03C2A}.Trial|Any CPU.ActiveCfg = Release|Any CPU
		{A20C2167-36BA-4ABF-B7A3-A3A251C03C2A}.Trial|Any CPU.Build.0 = Release|Any CPU
		{F86ADCDD-5063-4010-AD5B-9DCF4190477A}.Debug|Any CPU.ActiveCfg = Debug|Any CPU
		{F86ADCDD-5063-4010-AD5B-9DCF4190477A}.Debug|Any CPU.Build.0 = Debug|Any CPU
		{F86ADCDD-5063-4010-AD5B-9DCF4190477A}.Release|Any CPU.ActiveCfg = Release|Any CPU
		{F86ADCDD-5063-4010-AD5B-9DCF4190477A}.Release|Any CPU.Build.0 = Release|Any CPU
		{F86ADCDD-5063-4010-AD5B-9DCF4190477A}.Runtime|Any CPU.ActiveCfg = Release|Any CPU
		{F86ADCDD-5063-4010-AD5B-9DCF4190477A}.Runtime|Any CPU.Build.0 = Release|Any CPU
		{F86ADCDD-5063-4010-AD5B-9DCF4190477A}.Trial|Any CPU.ActiveCfg = Release|Any CPU
		{F86ADCDD-5063-4010-AD5B-9DCF4190477A}.Trial|Any CPU.Build.0 = Release|Any CPU
		{C80AD125-8202-4332-A2EA-38D6E8B95219}.Debug|Any CPU.ActiveCfg = Debug|Any CPU
		{C80AD125-8202-4332-A2EA-38D6E8B95219}.Debug|Any CPU.Build.0 = Debug|Any CPU
		{C80AD125-8202-4332-A2EA-38D6E8B95219}.Release|Any CPU.ActiveCfg = Release|Any CPU
		{C80AD125-8202-4332-A2EA-38D6E8B95219}.Release|Any CPU.Build.0 = Release|Any CPU
		{C80AD125-8202-4332-A2EA-38D6E8B95219}.Runtime|Any CPU.ActiveCfg = Release|Any CPU
		{C80AD125-8202-4332-A2EA-38D6E8B95219}.Runtime|Any CPU.Build.0 = Release|Any CPU
		{C80AD125-8202-4332-A2EA-38D6E8B95219}.Trial|Any CPU.ActiveCfg = Release|Any CPU
		{C80AD125-8202-4332-A2EA-38D6E8B95219}.Trial|Any CPU.Build.0 = Release|Any CPU
		{62D2121B-4155-48DD-A2DF-02F53F0F872F}.Debug|Any CPU.ActiveCfg = Debug|Any CPU
		{62D2121B-4155-48DD-A2DF-02F53F0F872F}.Debug|Any CPU.Build.0 = Debug|Any CPU
		{62D2121B-4155-48DD-A2DF-02F53F0F872F}.Release|Any CPU.ActiveCfg = Release|Any CPU
		{62D2121B-4155-48DD-A2DF-02F53F0F872F}.Release|Any CPU.Build.0 = Release|Any CPU
		{62D2121B-4155-48DD-A2DF-02F53F0F872F}.Runtime|Any CPU.ActiveCfg = Release|Any CPU
		{62D2121B-4155-48DD-A2DF-02F53F0F872F}.Runtime|Any CPU.Build.0 = Release|Any CPU
		{62D2121B-4155-48DD-A2DF-02F53F0F872F}.Trial|Any CPU.ActiveCfg = Release|Any CPU
		{62D2121B-4155-48DD-A2DF-02F53F0F872F}.Trial|Any CPU.Build.0 = Release|Any CPU
		{06151836-0994-4EF5-A364-227AA1CD9029}.Debug|Any CPU.ActiveCfg = Debug|Any CPU
		{06151836-0994-4EF5-A364-227AA1CD9029}.Debug|Any CPU.Build.0 = Debug|Any CPU
		{06151836-0994-4EF5-A364-227AA1CD9029}.Release|Any CPU.ActiveCfg = Release|Any CPU
		{06151836-0994-4EF5-A364-227AA1CD9029}.Release|Any CPU.Build.0 = Release|Any CPU
		{06151836-0994-4EF5-A364-227AA1CD9029}.Runtime|Any CPU.ActiveCfg = Release|Any CPU
		{06151836-0994-4EF5-A364-227AA1CD9029}.Runtime|Any CPU.Build.0 = Release|Any CPU
		{06151836-0994-4EF5-A364-227AA1CD9029}.Trial|Any CPU.ActiveCfg = Release|Any CPU
		{06151836-0994-4EF5-A364-227AA1CD9029}.Trial|Any CPU.Build.0 = Release|Any CPU
		{8BE798BE-BF18-446E-932F-D6EC9BD834F5}.Debug|Any CPU.ActiveCfg = Debug|Any CPU
		{8BE798BE-BF18-446E-932F-D6EC9BD834F5}.Debug|Any CPU.Build.0 = Debug|Any CPU
		{8BE798BE-BF18-446E-932F-D6EC9BD834F5}.Release|Any CPU.ActiveCfg = Release|Any CPU
		{8BE798BE-BF18-446E-932F-D6EC9BD834F5}.Release|Any CPU.Build.0 = Release|Any CPU
		{8BE798BE-BF18-446E-932F-D6EC9BD834F5}.Runtime|Any CPU.ActiveCfg = Release|Any CPU
		{8BE798BE-BF18-446E-932F-D6EC9BD834F5}.Runtime|Any CPU.Build.0 = Release|Any CPU
		{8BE798BE-BF18-446E-932F-D6EC9BD834F5}.Trial|Any CPU.ActiveCfg = Release|Any CPU
		{8BE798BE-BF18-446E-932F-D6EC9BD834F5}.Trial|Any CPU.Build.0 = Release|Any CPU
		{F39F1127-73A3-4C3C-9901-4E2BEAADB9E8}.Debug|Any CPU.ActiveCfg = Debug|Any CPU
		{F39F1127-73A3-4C3C-9901-4E2BEAADB9E8}.Debug|Any CPU.Build.0 = Debug|Any CPU
		{F39F1127-73A3-4C3C-9901-4E2BEAADB9E8}.Release|Any CPU.ActiveCfg = Release|Any CPU
		{F39F1127-73A3-4C3C-9901-4E2BEAADB9E8}.Release|Any CPU.Build.0 = Release|Any CPU
		{F39F1127-73A3-4C3C-9901-4E2BEAADB9E8}.Runtime|Any CPU.ActiveCfg = Release|Any CPU
		{F39F1127-73A3-4C3C-9901-4E2BEAADB9E8}.Runtime|Any CPU.Build.0 = Release|Any CPU
		{F39F1127-73A3-4C3C-9901-4E2BEAADB9E8}.Trial|Any CPU.ActiveCfg = Release|Any CPU
		{F39F1127-73A3-4C3C-9901-4E2BEAADB9E8}.Trial|Any CPU.Build.0 = Release|Any CPU
		{0FE98000-B5CF-44A0-954E-9B4E1A4E8F71}.Debug|Any CPU.ActiveCfg = Debug|Any CPU
		{0FE98000-B5CF-44A0-954E-9B4E1A4E8F71}.Debug|Any CPU.Build.0 = Debug|Any CPU
		{0FE98000-B5CF-44A0-954E-9B4E1A4E8F71}.Release|Any CPU.ActiveCfg = Release|Any CPU
		{0FE98000-B5CF-44A0-954E-9B4E1A4E8F71}.Release|Any CPU.Build.0 = Release|Any CPU
		{0FE98000-B5CF-44A0-954E-9B4E1A4E8F71}.Runtime|Any CPU.ActiveCfg = Release|Any CPU
		{0FE98000-B5CF-44A0-954E-9B4E1A4E8F71}.Runtime|Any CPU.Build.0 = Release|Any CPU
		{0FE98000-B5CF-44A0-954E-9B4E1A4E8F71}.Trial|Any CPU.ActiveCfg = Debug|Any CPU
		{0FE98000-B5CF-44A0-954E-9B4E1A4E8F71}.Trial|Any CPU.Build.0 = Debug|Any CPU
		{69CDBC28-1F69-49B1-A975-B6E9908AF917}.Debug|Any CPU.ActiveCfg = Debug|Any CPU
		{69CDBC28-1F69-49B1-A975-B6E9908AF917}.Debug|Any CPU.Build.0 = Debug|Any CPU
		{69CDBC28-1F69-49B1-A975-B6E9908AF917}.Release|Any CPU.ActiveCfg = Release|Any CPU
		{69CDBC28-1F69-49B1-A975-B6E9908AF917}.Release|Any CPU.Build.0 = Release|Any CPU
		{69CDBC28-1F69-49B1-A975-B6E9908AF917}.Runtime|Any CPU.ActiveCfg = Release|Any CPU
		{69CDBC28-1F69-49B1-A975-B6E9908AF917}.Runtime|Any CPU.Build.0 = Release|Any CPU
		{69CDBC28-1F69-49B1-A975-B6E9908AF917}.Trial|Any CPU.ActiveCfg = Debug|Any CPU
		{69CDBC28-1F69-49B1-A975-B6E9908AF917}.Trial|Any CPU.Build.0 = Debug|Any CPU
		{C01E89A2-2F4A-44E7-8642-285713FB0938}.Debug|Any CPU.ActiveCfg = Debug|Any CPU
		{C01E89A2-2F4A-44E7-8642-285713FB0938}.Debug|Any CPU.Build.0 = Debug|Any CPU
		{C01E89A2-2F4A-44E7-8642-285713FB0938}.Release|Any CPU.ActiveCfg = Release|Any CPU
		{C01E89A2-2F4A-44E7-8642-285713FB0938}.Release|Any CPU.Build.0 = Release|Any CPU
		{C01E89A2-2F4A-44E7-8642-285713FB0938}.Runtime|Any CPU.ActiveCfg = Release|Any CPU
		{C01E89A2-2F4A-44E7-8642-285713FB0938}.Runtime|Any CPU.Build.0 = Release|Any CPU
		{C01E89A2-2F4A-44E7-8642-285713FB0938}.Trial|Any CPU.ActiveCfg = Debug|Any CPU
		{C01E89A2-2F4A-44E7-8642-285713FB0938}.Trial|Any CPU.Build.0 = Debug|Any CPU
		{1FCCDC49-83FE-4255-814B-723D24685817}.Debug|Any CPU.ActiveCfg = Debug|Any CPU
		{1FCCDC49-83FE-4255-814B-723D24685817}.Debug|Any CPU.Build.0 = Debug|Any CPU
		{1FCCDC49-83FE-4255-814B-723D24685817}.Release|Any CPU.ActiveCfg = Release|Any CPU
		{1FCCDC49-83FE-4255-814B-723D24685817}.Release|Any CPU.Build.0 = Release|Any CPU
		{1FCCDC49-83FE-4255-814B-723D24685817}.Runtime|Any CPU.ActiveCfg = Release|Any CPU
		{1FCCDC49-83FE-4255-814B-723D24685817}.Runtime|Any CPU.Build.0 = Release|Any CPU
		{1FCCDC49-83FE-4255-814B-723D24685817}.Trial|Any CPU.ActiveCfg = Debug|Any CPU
		{1FCCDC49-83FE-4255-814B-723D24685817}.Trial|Any CPU.Build.0 = Debug|Any CPU
		{C1102F04-1129-46CE-AD7F-CDFBE6E7C589}.Debug|Any CPU.ActiveCfg = Debug|Any CPU
		{C1102F04-1129-46CE-AD7F-CDFBE6E7C589}.Debug|Any CPU.Build.0 = Debug|Any CPU
		{C1102F04-1129-46CE-AD7F-CDFBE6E7C589}.Release|Any CPU.ActiveCfg = Release|Any CPU
		{C1102F04-1129-46CE-AD7F-CDFBE6E7C589}.Release|Any CPU.Build.0 = Release|Any CPU
		{C1102F04-1129-46CE-AD7F-CDFBE6E7C589}.Runtime|Any CPU.ActiveCfg = Release|Any CPU
		{C1102F04-1129-46CE-AD7F-CDFBE6E7C589}.Runtime|Any CPU.Build.0 = Release|Any CPU
		{C1102F04-1129-46CE-AD7F-CDFBE6E7C589}.Trial|Any CPU.ActiveCfg = Debug|Any CPU
		{C1102F04-1129-46CE-AD7F-CDFBE6E7C589}.Trial|Any CPU.Build.0 = Debug|Any CPU
	EndGlobalSection
	GlobalSection(SolutionProperties) = preSolution
		HideSolutionNode = FALSE
	EndGlobalSection
	GlobalSection(NestedProjects) = preSolution
		{F852DFE9-08AF-4D34-8C49-747D6001F3FE} = {ED3BD100-BAF6-4A7A-AD26-1664556CDE1A}
		{6CCB592A-8287-4204-87F4-06067D70D361} = {49A48863-861B-4169-9BF0-825A21C05FF1}
		{FCB97CB8-FC19-469E-BED8-7F0CEED854B8} = {49A48863-861B-4169-9BF0-825A21C05FF1}
		{6D1878D4-832F-4B94-A1E1-2D5D0139E753} = {49A48863-861B-4169-9BF0-825A21C05FF1}
		{DE443087-EF6F-4CC6-BA8F-AEADBB7863F0} = {ED3BD100-BAF6-4A7A-AD26-1664556CDE1A}
		{8A2B3585-559C-4888-81C2-B569EE1FDEE2} = {49A48863-861B-4169-9BF0-825A21C05FF1}
		{28CBC473-E128-4677-9F96-DD99564AFA58} = {49A48863-861B-4169-9BF0-825A21C05FF1}
		{A1FB9E59-AAFB-485B-AB96-636032C6E3BB} = {49A48863-861B-4169-9BF0-825A21C05FF1}
		{CFA094A0-DA7F-463E-8BEF-DDDA6EDA48CE} = {49A48863-861B-4169-9BF0-825A21C05FF1}
		{CD57FD07-70C2-4BE0-BA72-E5BC991C8A78} = {49A48863-861B-4169-9BF0-825A21C05FF1}
		{EA34B24F-8E5D-4113-8BE8-D80B728505B6} = {49A48863-861B-4169-9BF0-825A21C05FF1}
		{9F3F77F8-3D22-471A-92B9-F7E240FE7588} = {49A48863-861B-4169-9BF0-825A21C05FF1}
		{D68D1C16-BD1B-45F0-9F8D-C5CF4814ECD5} = {49A48863-861B-4169-9BF0-825A21C05FF1}
		{9ACC46F1-0BDF-4B96-B50C-7C21166D2075} = {49A48863-861B-4169-9BF0-825A21C05FF1}
		{4F8FFD71-6AB6-4D24-A643-E10D13CC3122} = {49A48863-861B-4169-9BF0-825A21C05FF1}
		{F917E215-B6FB-435C-A419-BFF5DC6F3681} = {49A48863-861B-4169-9BF0-825A21C05FF1}
		{6CD320CE-4020-4AD4-A117-12983ED2087B} = {49A48863-861B-4169-9BF0-825A21C05FF1}
		{88EA34F9-D430-4019-8F71-ED5CB382124A} = {49A48863-861B-4169-9BF0-825A21C05FF1}
		{6159676E-5E7F-4364-A5A6-1D8696C274B4} = {8892452B-86A3-4C3C-BFBC-F7CAF6068E78}
		{D7EDCE10-4FA5-409F-9317-9A2F143320A5} = {8892452B-86A3-4C3C-BFBC-F7CAF6068E78}
		{49A48863-861B-4169-9BF0-825A21C05FF1} = {4F38AF26-C3CB-4999-8EC9-46F23C30720E}
		{6976F994-F8DA-4882-A91C-ED1494389851} = {4F38AF26-C3CB-4999-8EC9-46F23C30720E}
		{13B51A66-9B24-479B-BFE8-B11D1670A7B3} = {6976F994-F8DA-4882-A91C-ED1494389851}
		{42D8DC07-8539-46FD-A16A-083CCB3C2288} = {13B51A66-9B24-479B-BFE8-B11D1670A7B3}
		{488368E9-6781-4656-B48A-F674BCFB559D} = {49A48863-861B-4169-9BF0-825A21C05FF1}
		{E0ECD98F-3058-4306-8C28-E908F2E6EE50} = {6976F994-F8DA-4882-A91C-ED1494389851}
		{2F66C291-0E76-4CAF-AD91-D33F4AF09C44} = {6976F994-F8DA-4882-A91C-ED1494389851}
		{12B1CA6C-9DB7-48BB-BCB7-3D0276343F15} = {6976F994-F8DA-4882-A91C-ED1494389851}
		{4E817DB0-D327-4276-AE41-2F9E3C1B3318} = {6976F994-F8DA-4882-A91C-ED1494389851}
		{AB409B00-0A8D-4CCD-9C68-DA1973071129} = {6976F994-F8DA-4882-A91C-ED1494389851}
		{4338171F-DDE7-441A-A9C4-B8A88079486C} = {8892452B-86A3-4C3C-BFBC-F7CAF6068E78}
		{56699F16-5195-40FA-9C47-87CA017EEB4C} = {13B51A66-9B24-479B-BFE8-B11D1670A7B3}
		{E6568BF0-3A23-45A7-8C54-7D784D27EAD8} = {4F38AF26-C3CB-4999-8EC9-46F23C30720E}
		{29279E76-5862-45CE-8521-372BB09C0B29} = {E6568BF0-3A23-45A7-8C54-7D784D27EAD8}
		{8EB65C53-42B1-4BCF-9740-4981C4480DF5} = {E6568BF0-3A23-45A7-8C54-7D784D27EAD8}
		{6856BB07-2881-43A1-9F04-C0354AB6B26E} = {E6568BF0-3A23-45A7-8C54-7D784D27EAD8}
		{80B97DDD-72A5-476B-AEC3-1E9DBC984654} = {49A48863-861B-4169-9BF0-825A21C05FF1}
		{A20C2167-36BA-4ABF-B7A3-A3A251C03C2A} = {ED3BD100-BAF6-4A7A-AD26-1664556CDE1A}
		{ED3BD100-BAF6-4A7A-AD26-1664556CDE1A} = {49A48863-861B-4169-9BF0-825A21C05FF1}
		{F86ADCDD-5063-4010-AD5B-9DCF4190477A} = {ED3BD100-BAF6-4A7A-AD26-1664556CDE1A}
		{C80AD125-8202-4332-A2EA-38D6E8B95219} = {6976F994-F8DA-4882-A91C-ED1494389851}
		{62D2121B-4155-48DD-A2DF-02F53F0F872F} = {E6568BF0-3A23-45A7-8C54-7D784D27EAD8}
		{06151836-0994-4EF5-A364-227AA1CD9029} = {ED3BD100-BAF6-4A7A-AD26-1664556CDE1A}
		{8BE798BE-BF18-446E-932F-D6EC9BD834F5} = {8892452B-86A3-4C3C-BFBC-F7CAF6068E78}
		{F39F1127-73A3-4C3C-9901-4E2BEAADB9E8} = {13B51A66-9B24-479B-BFE8-B11D1670A7B3}
		{0FE98000-B5CF-44A0-954E-9B4E1A4E8F71} = {6976F994-F8DA-4882-A91C-ED1494389851}
		{69CDBC28-1F69-49B1-A975-B6E9908AF917} = {49A48863-861B-4169-9BF0-825A21C05FF1}
		{C01E89A2-2F4A-44E7-8642-285713FB0938} = {ED3BD100-BAF6-4A7A-AD26-1664556CDE1A}
		{1FCCDC49-83FE-4255-814B-723D24685817} = {6976F994-F8DA-4882-A91C-ED1494389851}
		{C1102F04-1129-46CE-AD7F-CDFBE6E7C589} = {6976F994-F8DA-4882-A91C-ED1494389851}
	EndGlobalSection
	GlobalSection(ExtensibilityGlobals) = postSolution
		SolutionGuid = {BCFBB455-6B67-4FAA-B215-0D142C25C4BC}
	EndGlobalSection
EndGlobal
