
Microsoft Visual Studio Solution File, Format Version 12.00
# Visual Studio Version 17
VisualStudioVersion = 17.5.33424.131
MinimumVisualStudioVersion = 10.0.40219.1
Project("{2150E333-8FDC-42A3-9474-1A3956D46DE8}") = "QuickStarts", "QuickStarts", "{4F38AF26-C3CB-4999-8EC9-46F23C30720E}"
EndProject
Project("{2150E333-8FDC-42A3-9474-1A3956D46DE8}") = "Editor", "Editor", "{66175006-53A3-4934-9CAA-580B07B9D835}"
EndProject
Project("{2150E333-8FDC-42A3-9474-1A3956D46DE8}") = "Parsers", "Parsers", "{45C6FD0B-0D9E-42AF-A446-9F36498A2E7F}"
EndProject
Project("{9A19103F-16F7-4668-BE54-9A1E7A4F7556}") = "PowerShellParsing", "Editor.Lsp\QuickStarts\Parsers\PowerShellParser\PowerShellParsing.csproj", "{702F7D79-2075-46F9-821C-21AF97ACC9D1}"
EndProject
Project("{9A19103F-16F7-4668-BE54-9A1E7A4F7556}") = "ClangdSyntaxParsing", "Editor.Lsp\QuickStarts\Parsers\ClangdSyntaxParsing\ClangdSyntaxParsing.csproj", "{48F23E6D-2A9E-4225-8336-9DB48BD37AD6}"
EndProject
Project("{9A19103F-16F7-4668-BE54-9A1E7A4F7556}") = "PythonSyntaxParsing", "Editor.Lsp\QuickStarts\Parsers\PythonSyntaxParsing\PythonSyntaxParsing.csproj", "{48F23E6D-2A9E-4225-8336-9DB48AAA7AD6}"
EndProject
Project("{9A19103F-16F7-4668-BE54-9A1E7A4F7556}") = "LuaSyntaxParsing", "Editor.Lsp\QuickStarts\Parsers\LuaSyntaxParsing\LuaSyntaxParsing.csproj", "{62693D2C-19AE-49FD-8296-B10B67691688}"
EndProject
Project("{9A19103F-16F7-4668-BE54-9A1E7A4F7556}") = "LspMultipleFiles", "Editor.Lsp\QuickStarts\Parsers\LspMultipleFiles\LspMultipleFiles.csproj", "{6832F0BA-844D-4568-A010-6A59AA245836}"
EndProject
Project("{9A19103F-16F7-4668-BE54-9A1E7A4F7556}") = "JavaSyntaxParsing", "Editor.Lsp\QuickStarts\Parsers\JavaSyntaxParsing\JavaSyntaxParsing.csproj", "{7FB1880A-D157-4FFB-B80A-FA0F7E1F64B7}"
EndProject
Project("{9A19103F-16F7-4668-BE54-9A1E7A4F7556}") = "XmlSyntaxParsing", "Editor.Lsp\QuickStarts\Parsers\XmlSyntaxParsing\XmlSyntaxParsing.csproj", "{BDDDBCAF-F79A-481D-939B-C087F470A328}"
EndProject
Project("{9A19103F-16F7-4668-BE54-9A1E7A4F7556}") = "RSyntaxParsing", "Editor.Lsp\QuickStarts\Parsers\RSyntaxParsing\RSyntaxParsing.csproj", "{5298BC13-8CCD-43D3-B74B-F1E8716053DC}"
EndProject
Global
	GlobalSection(SolutionConfigurationPlatforms) = preSolution
		Debug|Any CPU = Debug|Any CPU
		Release|Any CPU = Release|Any CPU
		Runtime|Any CPU = Runtime|Any CPU
		Trial|Any CPU = Trial|Any CPU
	EndGlobalSection
	GlobalSection(ProjectConfigurationPlatforms) = postSolution
		{702F7D79-2075-46F9-821C-21AF97ACC9D1}.Debug|Any CPU.ActiveCfg = Debug|Any CPU
		{702F7D79-2075-46F9-821C-21AF97ACC9D1}.Debug|Any CPU.Build.0 = Debug|Any CPU
		{702F7D79-2075-46F9-821C-21AF97ACC9D1}.Release|Any CPU.ActiveCfg = Release|Any CPU
		{702F7D79-2075-46F9-821C-21AF97ACC9D1}.Release|Any CPU.Build.0 = Release|Any CPU
		{702F7D79-2075-46F9-821C-21AF97ACC9D1}.Runtime|Any CPU.ActiveCfg = Release|Any CPU
		{702F7D79-2075-46F9-821C-21AF97ACC9D1}.Runtime|Any CPU.Build.0 = Release|Any CPU
		{702F7D79-2075-46F9-821C-21AF97ACC9D1}.Trial|Any CPU.ActiveCfg = Release|Any CPU
		{702F7D79-2075-46F9-821C-21AF97ACC9D1}.Trial|Any CPU.Build.0 = Release|Any CPU
		{48F23E6D-2A9E-4225-8336-9DB48BD37AD6}.Debug|Any CPU.ActiveCfg = Debug|Any CPU
		{48F23E6D-2A9E-4225-8336-9DB48BD37AD6}.Debug|Any CPU.Build.0 = Debug|Any CPU
		{48F23E6D-2A9E-4225-8336-9DB48BD37AD6}.Release|Any CPU.ActiveCfg = Release|Any CPU
		{48F23E6D-2A9E-4225-8336-9DB48BD37AD6}.Release|Any CPU.Build.0 = Release|Any CPU
		{48F23E6D-2A9E-4225-8336-9DB48BD37AD6}.Runtime|Any CPU.ActiveCfg = Release|Any CPU
		{48F23E6D-2A9E-4225-8336-9DB48BD37AD6}.Runtime|Any CPU.Build.0 = Release|Any CPU
		{48F23E6D-2A9E-4225-8336-9DB48BD37AD6}.Trial|Any CPU.ActiveCfg = Release|Any CPU
		{48F23E6D-2A9E-4225-8336-9DB48BD37AD6}.Trial|Any CPU.Build.0 = Release|Any CPU
		{48F23E6D-2A9E-4225-8336-9DB48AAA7AD6}.Debug|Any CPU.ActiveCfg = Debug|Any CPU
		{48F23E6D-2A9E-4225-8336-9DB48AAA7AD6}.Debug|Any CPU.Build.0 = Debug|Any CPU
		{48F23E6D-2A9E-4225-8336-9DB48AAA7AD6}.Release|Any CPU.ActiveCfg = Release|Any CPU
		{48F23E6D-2A9E-4225-8336-9DB48AAA7AD6}.Release|Any CPU.Build.0 = Release|Any CPU
		{48F23E6D-2A9E-4225-8336-9DB48AAA7AD6}.Runtime|Any CPU.ActiveCfg = Release|Any CPU
		{48F23E6D-2A9E-4225-8336-9DB48AAA7AD6}.Runtime|Any CPU.Build.0 = Release|Any CPU
		{48F23E6D-2A9E-4225-8336-9DB48AAA7AD6}.Trial|Any CPU.ActiveCfg = Release|Any CPU
		{48F23E6D-2A9E-4225-8336-9DB48AAA7AD6}.Trial|Any CPU.Build.0 = Release|Any CPU
		{62693D2C-19AE-49FD-8296-B10B67691688}.Debug|Any CPU.ActiveCfg = Debug|Any CPU
		{62693D2C-19AE-49FD-8296-B10B67691688}.Debug|Any CPU.Build.0 = Debug|Any CPU
		{62693D2C-19AE-49FD-8296-B10B67691688}.Release|Any CPU.ActiveCfg = Release|Any CPU
		{62693D2C-19AE-49FD-8296-B10B67691688}.Release|Any CPU.Build.0 = Release|Any CPU
		{62693D2C-19AE-49FD-8296-B10B67691688}.Runtime|Any CPU.ActiveCfg = Release|Any CPU
		{62693D2C-19AE-49FD-8296-B10B67691688}.Runtime|Any CPU.Build.0 = Release|Any CPU
		{62693D2C-19AE-49FD-8296-B10B67691688}.Trial|Any CPU.ActiveCfg = Release|Any CPU
		{62693D2C-19AE-49FD-8296-B10B67691688}.Trial|Any CPU.Build.0 = Release|Any CPU
		{6832F0BA-844D-4568-A010-6A59AA245836}.Debug|Any CPU.ActiveCfg = Debug|Any CPU
		{6832F0BA-844D-4568-A010-6A59AA245836}.Debug|Any CPU.Build.0 = Debug|Any CPU
		{6832F0BA-844D-4568-A010-6A59AA245836}.Release|Any CPU.ActiveCfg = Release|Any CPU
		{6832F0BA-844D-4568-A010-6A59AA245836}.Release|Any CPU.Build.0 = Release|Any CPU
		{6832F0BA-844D-4568-A010-6A59AA245836}.Runtime|Any CPU.ActiveCfg = Release|Any CPU
		{6832F0BA-844D-4568-A010-6A59AA245836}.Runtime|Any CPU.Build.0 = Release|Any CPU
		{6832F0BA-844D-4568-A010-6A59AA245836}.Trial|Any CPU.ActiveCfg = Debug|Any CPU
		{6832F0BA-844D-4568-A010-6A59AA245836}.Trial|Any CPU.Build.0 = Debug|Any CPU
		{7FB1880A-D157-4FFB-B80A-FA0F7E1F64B7}.Debug|Any CPU.ActiveCfg = Debug|Any CPU
		{7FB1880A-D157-4FFB-B80A-FA0F7E1F64B7}.Debug|Any CPU.Build.0 = Debug|Any CPU
		{7FB1880A-D157-4FFB-B80A-FA0F7E1F64B7}.Release|Any CPU.ActiveCfg = Release|Any CPU
		{7FB1880A-D157-4FFB-B80A-FA0F7E1F64B7}.Release|Any CPU.Build.0 = Release|Any CPU
		{7FB1880A-D157-4FFB-B80A-FA0F7E1F64B7}.Runtime|Any CPU.ActiveCfg = Release|Any CPU
		{7FB1880A-D157-4FFB-B80A-FA0F7E1F64B7}.Runtime|Any CPU.Build.0 = Release|Any CPU
		{7FB1880A-D157-4FFB-B80A-FA0F7E1F64B7}.Trial|Any CPU.ActiveCfg = Debug|Any CPU
		{7FB1880A-D157-4FFB-B80A-FA0F7E1F64B7}.Trial|Any CPU.Build.0 = Debug|Any CPU
		{BDDDBCAF-F79A-481D-939B-C087F470A328}.Debug|Any CPU.ActiveCfg = Debug|Any CPU
		{BDDDBCAF-F79A-481D-939B-C087F470A328}.Debug|Any CPU.Build.0 = Debug|Any CPU
		{BDDDBCAF-F79A-481D-939B-C087F470A328}.Release|Any CPU.ActiveCfg = Release|Any CPU
		{BDDDBCAF-F79A-481D-939B-C087F470A328}.Release|Any CPU.Build.0 = Release|Any CPU
		{BDDDBCAF-F79A-481D-939B-C087F470A328}.Runtime|Any CPU.ActiveCfg = Release|Any CPU
		{BDDDBCAF-F79A-481D-939B-C087F470A328}.Runtime|Any CPU.Build.0 = Release|Any CPU
		{BDDDBCAF-F79A-481D-939B-C087F470A328}.Trial|Any CPU.ActiveCfg = Debug|Any CPU
		{BDDDBCAF-F79A-481D-939B-C087F470A328}.Trial|Any CPU.Build.0 = Debug|Any CPU
		{5298BC13-8CCD-43D3-B74B-F1E8716053DC}.Debug|Any CPU.ActiveCfg = Debug|Any CPU
		{5298BC13-8CCD-43D3-B74B-F1E8716053DC}.Debug|Any CPU.Build.0 = Debug|Any CPU
		{5298BC13-8CCD-43D3-B74B-F1E8716053DC}.Release|Any CPU.ActiveCfg = Release|Any CPU
		{5298BC13-8CCD-43D3-B74B-F1E8716053DC}.Release|Any CPU.Build.0 = Release|Any CPU
		{5298BC13-8CCD-43D3-B74B-F1E8716053DC}.Runtime|Any CPU.ActiveCfg = Release|Any CPU
		{5298BC13-8CCD-43D3-B74B-F1E8716053DC}.Runtime|Any CPU.Build.0 = Release|Any CPU
		{5298BC13-8CCD-43D3-B74B-F1E8716053DC}.Trial|Any CPU.ActiveCfg = Debug|Any CPU
		{5298BC13-8CCD-43D3-B74B-F1E8716053DC}.Trial|Any CPU.Build.0 = Debug|Any CPU
	EndGlobalSection
	GlobalSection(SolutionProperties) = preSolution
		HideSolutionNode = FALSE
	EndGlobalSection
	GlobalSection(NestedProjects) = preSolution
		{66175006-53A3-4934-9CAA-580B07B9D835} = {4F38AF26-C3CB-4999-8EC9-46F23C30720E}
		{45C6FD0B-0D9E-42AF-A446-9F36498A2E7F} = {66175006-53A3-4934-9CAA-580B07B9D835}
		{702F7D79-2075-46F9-821C-21AF97ACC9D1} = {45C6FD0B-0D9E-42AF-A446-9F36498A2E7F}
		{48F23E6D-2A9E-4225-8336-9DB48BD37AD6} = {45C6FD0B-0D9E-42AF-A446-9F36498A2E7F}
		{48F23E6D-2A9E-4225-8336-9DB48AAA7AD6} = {45C6FD0B-0D9E-42AF-A446-9F36498A2E7F}
		{62693D2C-19AE-49FD-8296-B10B67691688} = {45C6FD0B-0D9E-42AF-A446-9F36498A2E7F}
		{6832F0BA-844D-4568-A010-6A59AA245836} = {45C6FD0B-0D9E-42AF-A446-9F36498A2E7F}
		{7FB1880A-D157-4FFB-B80A-FA0F7E1F64B7} = {45C6FD0B-0D9E-42AF-A446-9F36498A2E7F}
		{BDDDBCAF-F79A-481D-939B-C087F470A328} = {45C6FD0B-0D9E-42AF-A446-9F36498A2E7F}
		{5298BC13-8CCD-43D3-B74B-F1E8716053DC} = {45C6FD0B-0D9E-42AF-A446-9F36498A2E7F}
	EndGlobalSection
	GlobalSection(ExtensibilityGlobals) = postSolution
		SolutionGuid = {F273BD5C-AD6F-4106-A530-507C5A115BBC}
	EndGlobalSection
EndGlobal
