
Microsoft Visual Studio Solution File, Format Version 12.00
# Visual Studio Version 17
VisualStudioVersion = 17.5.33424.131
MinimumVisualStudioVersion = 10.0.40219.1
Project("{2150E333-8FDC-42A3-9474-1A3956D46DE8}") = "QuickStarts", "QuickStarts", "{4F38AF26-C3CB-4999-8EC9-46F23C30720E}"
EndProject
Project("{2150E333-8FDC-42A3-9474-1A3956D46DE8}") = "Editor", "Editor", "{66175006-53A3-4934-9CAA-580B07B9D835}"
EndProject
Project("{2150E333-8FDC-42A3-9474-1A3956D46DE8}") = "Parsers", "Parsers", "{45C6FD0B-0D9E-42AF-A446-9F36498A2E7F}"
EndProject
Project("{9A19103F-16F7-4668-BE54-9A1E7A4F7556}") = "CLangSyntaxParsing", "Editor.Lsp.Wpf\QuickStarts\Parsers\ClangdSyntaxParsing\CLangSyntaxParsing.csproj", "{F852DFE9-08AF-4D34-8C49-747D6001F3FE}"
EndProject
Project("{9A19103F-16F7-4668-BE54-9A1E7A4F7556}") = "PowerShellParsing", "Editor.Lsp.Wpf\QuickStarts\Parsers\PowerShellParser\PowerShellParsing.csproj", "{21686CC4-B842-4D6E-A156-FA6F3CBC0D7B}"
EndProject
Project("{9A19103F-16F7-4668-BE54-9A1E7A4F7556}") = "PythonSyntaxParsing", "Editor.Lsp.Wpf\QuickStarts\Parsers\PythonSyntaxParsing\PythonSyntaxParsing.csproj", "{5A362D61-77EA-4D3C-AF47-745DABE9C4AB}"
EndProject
Project("{9A19103F-16F7-4668-BE54-9A1E7A4F7556}") = "LuaSyntaxParsing", "Editor.Lsp.Wpf\QuickStarts\Parsers\LuaSyntaxParsing\LuaSyntaxParsing.csproj", "{6EB238CD-51EC-4710-A7F5-B4566F19347D}"
EndProject
Project("{2150E333-8FDC-42A3-9474-1A3956D46DE8}") = "Parsers", "Parsers", "{70588F0A-7557-40BA-B4CA-3D02A25B1B34}"
EndProject
Project("{2150E333-8FDC-42A3-9474-1A3956D46DE8}") = "CLangd", "CLangd", "{24CBB100-59B2-4E0F-B70A-EDADA4978EDD}"
EndProject
Project("{9A19103F-16F7-4668-BE54-9A1E7A4F7556}") = "LspMultipleFiles", "Editor.Lsp.Wpf\QuickStarts\Parsers\LspMultipleFiles\LspMultipleFiles.csproj", "{D5186B7C-489E-46D0-B6F0-67F1EF38A23E}"
EndProject
Project("{9A19103F-16F7-4668-BE54-9A1E7A4F7556}") = "XmlSyntaxParsing", "Editor.Lsp.Wpf\QuickStarts\Parsers\XmlSyntaxParsing\XmlSyntaxParsing.csproj", "{445C35CE-8F66-40DD-8FC0-0797AE4AEB24}"
EndProject
Project("{9A19103F-16F7-4668-BE54-9A1E7A4F7556}") = "JavaSyntaxParsing", "Editor.Lsp.Wpf\QuickStarts\Parsers\JavaSyntaxParsing\JavaSyntaxParsing.csproj", "{2EC83F7A-2CE4-42FC-AE03-A11D6ACD471D}"
EndProject
Project("{2150E333-8FDC-42A3-9474-1A3956D46DE8}") = "Solution Items", "Solution Items", "{2A16DEF1-B240-4172-8027-AAC551CF6C6F}"
	ProjectSection(SolutionItems) = preProject
		.editorconfig = .editorconfig
	EndProjectSection
EndProject
Global
	GlobalSection(SolutionConfigurationPlatforms) = preSolution
		Debug|Any CPU = Debug|Any CPU
		Release|Any CPU = Release|Any CPU
		Runtime|Any CPU = Runtime|Any CPU
		Trial|Any CPU = Trial|Any CPU
	EndGlobalSection
	GlobalSection(ProjectConfigurationPlatforms) = postSolution
		{F852DFE9-08AF-4D34-8C49-747D6001F3FE}.Debug|Any CPU.ActiveCfg = Debug|Any CPU
		{F852DFE9-08AF-4D34-8C49-747D6001F3FE}.Debug|Any CPU.Build.0 = Debug|Any CPU
		{F852DFE9-08AF-4D34-8C49-747D6001F3FE}.Release|Any CPU.ActiveCfg = Release|Any CPU
		{F852DFE9-08AF-4D34-8C49-747D6001F3FE}.Release|Any CPU.Build.0 = Release|Any CPU
		{F852DFE9-08AF-4D34-8C49-747D6001F3FE}.Runtime|Any CPU.ActiveCfg = Release|Any CPU
		{F852DFE9-08AF-4D34-8C49-747D6001F3FE}.Runtime|Any CPU.Build.0 = Release|Any CPU
		{F852DFE9-08AF-4D34-8C49-747D6001F3FE}.Trial|Any CPU.ActiveCfg = Release|Any CPU
		{F852DFE9-08AF-4D34-8C49-747D6001F3FE}.Trial|Any CPU.Build.0 = Release|Any CPU
		{21686CC4-B842-4D6E-A156-FA6F3CBC0D7B}.Debug|Any CPU.ActiveCfg = Debug|Any CPU
		{21686CC4-B842-4D6E-A156-FA6F3CBC0D7B}.Debug|Any CPU.Build.0 = Debug|Any CPU
		{21686CC4-B842-4D6E-A156-FA6F3CBC0D7B}.Release|Any CPU.ActiveCfg = Release|Any CPU
		{21686CC4-B842-4D6E-A156-FA6F3CBC0D7B}.Release|Any CPU.Build.0 = Release|Any CPU
		{21686CC4-B842-4D6E-A156-FA6F3CBC0D7B}.Runtime|Any CPU.ActiveCfg = Release|Any CPU
		{21686CC4-B842-4D6E-A156-FA6F3CBC0D7B}.Runtime|Any CPU.Build.0 = Release|Any CPU
		{21686CC4-B842-4D6E-A156-FA6F3CBC0D7B}.Trial|Any CPU.ActiveCfg = Release|Any CPU
		{21686CC4-B842-4D6E-A156-FA6F3CBC0D7B}.Trial|Any CPU.Build.0 = Release|Any CPU
		{5A362D61-77EA-4D3C-AF47-745DABE9C4AB}.Debug|Any CPU.ActiveCfg = Debug|Any CPU
		{5A362D61-77EA-4D3C-AF47-745DABE9C4AB}.Debug|Any CPU.Build.0 = Debug|Any CPU
		{5A362D61-77EA-4D3C-AF47-745DABE9C4AB}.Release|Any CPU.ActiveCfg = Release|Any CPU
		{5A362D61-77EA-4D3C-AF47-745DABE9C4AB}.Release|Any CPU.Build.0 = Release|Any CPU
		{5A362D61-77EA-4D3C-AF47-745DABE9C4AB}.Runtime|Any CPU.ActiveCfg = Release|Any CPU
		{5A362D61-77EA-4D3C-AF47-745DABE9C4AB}.Runtime|Any CPU.Build.0 = Release|Any CPU
		{5A362D61-77EA-4D3C-AF47-745DABE9C4AB}.Trial|Any CPU.ActiveCfg = Release|Any CPU
		{5A362D61-77EA-4D3C-AF47-745DABE9C4AB}.Trial|Any CPU.Build.0 = Release|Any CPU
		{6EB238CD-51EC-4710-A7F5-B4566F19347D}.Debug|Any CPU.ActiveCfg = Debug|Any CPU
		{6EB238CD-51EC-4710-A7F5-B4566F19347D}.Debug|Any CPU.Build.0 = Debug|Any CPU
		{6EB238CD-51EC-4710-A7F5-B4566F19347D}.Release|Any CPU.ActiveCfg = Release|Any CPU
		{6EB238CD-51EC-4710-A7F5-B4566F19347D}.Release|Any CPU.Build.0 = Release|Any CPU
		{6EB238CD-51EC-4710-A7F5-B4566F19347D}.Runtime|Any CPU.ActiveCfg = Release|Any CPU
		{6EB238CD-51EC-4710-A7F5-B4566F19347D}.Runtime|Any CPU.Build.0 = Release|Any CPU
		{6EB238CD-51EC-4710-A7F5-B4566F19347D}.Trial|Any CPU.ActiveCfg = Release|Any CPU
		{6EB238CD-51EC-4710-A7F5-B4566F19347D}.Trial|Any CPU.Build.0 = Release|Any CPU
		{D5186B7C-489E-46D0-B6F0-67F1EF38A23E}.Debug|Any CPU.ActiveCfg = Debug|Any CPU
		{D5186B7C-489E-46D0-B6F0-67F1EF38A23E}.Debug|Any CPU.Build.0 = Debug|Any CPU
		{D5186B7C-489E-46D0-B6F0-67F1EF38A23E}.Release|Any CPU.ActiveCfg = Release|Any CPU
		{D5186B7C-489E-46D0-B6F0-67F1EF38A23E}.Release|Any CPU.Build.0 = Release|Any CPU
		{D5186B7C-489E-46D0-B6F0-67F1EF38A23E}.Runtime|Any CPU.ActiveCfg = Release|Any CPU
		{D5186B7C-489E-46D0-B6F0-67F1EF38A23E}.Runtime|Any CPU.Build.0 = Release|Any CPU
		{D5186B7C-489E-46D0-B6F0-67F1EF38A23E}.Trial|Any CPU.ActiveCfg = Debug|Any CPU
		{D5186B7C-489E-46D0-B6F0-67F1EF38A23E}.Trial|Any CPU.Build.0 = Debug|Any CPU
		{445C35CE-8F66-40DD-8FC0-0797AE4AEB24}.Debug|Any CPU.ActiveCfg = Debug|Any CPU
		{445C35CE-8F66-40DD-8FC0-0797AE4AEB24}.Debug|Any CPU.Build.0 = Debug|Any CPU
		{445C35CE-8F66-40DD-8FC0-0797AE4AEB24}.Release|Any CPU.ActiveCfg = Release|Any CPU
		{445C35CE-8F66-40DD-8FC0-0797AE4AEB24}.Release|Any CPU.Build.0 = Release|Any CPU
		{445C35CE-8F66-40DD-8FC0-0797AE4AEB24}.Runtime|Any CPU.ActiveCfg = Release|Any CPU
		{445C35CE-8F66-40DD-8FC0-0797AE4AEB24}.Runtime|Any CPU.Build.0 = Release|Any CPU
		{445C35CE-8F66-40DD-8FC0-0797AE4AEB24}.Trial|Any CPU.ActiveCfg = Debug|Any CPU
		{445C35CE-8F66-40DD-8FC0-0797AE4AEB24}.Trial|Any CPU.Build.0 = Debug|Any CPU
		{2EC83F7A-2CE4-42FC-AE03-A11D6ACD471D}.Debug|Any CPU.ActiveCfg = Debug|Any CPU
		{2EC83F7A-2CE4-42FC-AE03-A11D6ACD471D}.Debug|Any CPU.Build.0 = Debug|Any CPU
		{2EC83F7A-2CE4-42FC-AE03-A11D6ACD471D}.Release|Any CPU.ActiveCfg = Release|Any CPU
		{2EC83F7A-2CE4-42FC-AE03-A11D6ACD471D}.Release|Any CPU.Build.0 = Release|Any CPU
		{2EC83F7A-2CE4-42FC-AE03-A11D6ACD471D}.Runtime|Any CPU.ActiveCfg = Release|Any CPU
		{2EC83F7A-2CE4-42FC-AE03-A11D6ACD471D}.Runtime|Any CPU.Build.0 = Release|Any CPU
		{2EC83F7A-2CE4-42FC-AE03-A11D6ACD471D}.Trial|Any CPU.ActiveCfg = Debug|Any CPU
		{2EC83F7A-2CE4-42FC-AE03-A11D6ACD471D}.Trial|Any CPU.Build.0 = Debug|Any CPU
	EndGlobalSection
	GlobalSection(SolutionProperties) = preSolution
		HideSolutionNode = FALSE
	EndGlobalSection
	GlobalSection(NestedProjects) = preSolution
		{66175006-53A3-4934-9CAA-580B07B9D835} = {4F38AF26-C3CB-4999-8EC9-46F23C30720E}
		{45C6FD0B-0D9E-42AF-A446-9F36498A2E7F} = {66175006-53A3-4934-9CAA-580B07B9D835}
		{F852DFE9-08AF-4D34-8C49-747D6001F3FE} = {45C6FD0B-0D9E-42AF-A446-9F36498A2E7F}
		{21686CC4-B842-4D6E-A156-FA6F3CBC0D7B} = {45C6FD0B-0D9E-42AF-A446-9F36498A2E7F}
		{5A362D61-77EA-4D3C-AF47-745DABE9C4AB} = {45C6FD0B-0D9E-42AF-A446-9F36498A2E7F}
		{6EB238CD-51EC-4710-A7F5-B4566F19347D} = {45C6FD0B-0D9E-42AF-A446-9F36498A2E7F}
		{24CBB100-59B2-4E0F-B70A-EDADA4978EDD} = {70588F0A-7557-40BA-B4CA-3D02A25B1B34}
		{D5186B7C-489E-46D0-B6F0-67F1EF38A23E} = {45C6FD0B-0D9E-42AF-A446-9F36498A2E7F}
		{445C35CE-8F66-40DD-8FC0-0797AE4AEB24} = {45C6FD0B-0D9E-42AF-A446-9F36498A2E7F}
		{2EC83F7A-2CE4-42FC-AE03-A11D6ACD471D} = {45C6FD0B-0D9E-42AF-A446-9F36498A2E7F}
	EndGlobalSection
	GlobalSection(ExtensibilityGlobals) = postSolution
		SolutionGuid = {C91F0414-1C48-41D4-871E-DE75504CAAF4}
	EndGlobalSection
EndGlobal
