
Microsoft Visual Studio Solution File, Format Version 12.00
# Visual Studio Version 17
VisualStudioVersion = 17.4.33103.184
MinimumVisualStudioVersion = 10.0.40219.1
Project("{2150E333-8FDC-42A3-9474-1A3956D46DE8}") = "QuickStarts", "QuickStarts", "{4F38AF26-C3CB-4999-8EC9-46F23C30720E}"
EndProject
Project("{2150E333-8FDC-42A3-9474-1A3956D46DE8}") = "Scripter", "Scripter", "{FF9044DD-98D8-4E04-BAD2-B66FF733CF26}"
EndProject
Project("{2150E333-8FDC-42A3-9474-1A3956D46DE8}") = "Demos", "Demos", "{05FA0710-6BAC-44A6-8728-D1242C0C6F97}"
EndProject
Project("{2150E333-8FDC-42A3-9474-1A3956D46DE8}") = "Debugger", "Debugger", "{6B4421C3-DFEE-4741-8ED6-5C14502DC4FC}"
EndProject
Project("{2150E333-8FDC-42A3-9474-1A3956D46DE8}") = "Editor", "Editor", "{5D7F44F6-70B3-4633-9B18-0D8A550137AB}"
EndProject
Project("{2150E333-8FDC-42A3-9474-1A3956D46DE8}") = "Parsers", "Parsers", "{016F0BD5-1913-4BB9-93A7-697477CC50C1}"
EndProject
Project("{9A19103F-16F7-4668-BE54-9A1E7A4F7556}") = "PythonParser", "Editor.Python.Wpf\QuickStarts\Parsers\PythonParser\PythonParser.csproj", "{9C4E4B1F-49D4-474E-BE3C-9B2F2C04F3A5}"
EndProject
Project("{2150E333-8FDC-42A3-9474-1A3956D46DE8}") = "Solution Items", "Solution Items", "{2A16DEF1-B240-4172-8027-AAC551CF6C6F}"
	ProjectSection(SolutionItems) = preProject
		.editorconfig = .editorconfig
	EndProjectSection
EndProject
Project("{9A19103F-16F7-4668-BE54-9A1E7A4F7556}") = "CallMethod", "Scripter.Python.Wpf\QuickStarts\CallMethod\CallMethod.csproj", "{58141151-E5CE-4B5C-8E33-A95E543533D1}"
EndProject
Project("{9A19103F-16F7-4668-BE54-9A1E7A4F7556}") = "CustomAssembly", "Scripter.Python.Wpf\QuickStarts\CustomAssembly\CustomAssembly.csproj", "{B37117C1-2FFE-48F7-B0BA-D1979E1F0E3C}"
EndProject
Project("{9A19103F-16F7-4668-BE54-9A1E7A4F7556}") = "ExpressionEvaluation", "Scripter.Python.Wpf\QuickStarts\ExpressionEvaluation\ExpressionEvaluation.csproj", "{E604752B-A75A-45C0-9946-7ADAA1FDBFCE}"
EndProject
Project("{9A19103F-16F7-4668-BE54-9A1E7A4F7556}") = "ObjectReference", "Scripter.Python.Wpf\QuickStarts\ObjectReference\ObjectReference.csproj", "{01E36347-D052-4041-BB6B-3D1545A9F7B8}"
EndProject
Project("{9A19103F-16F7-4668-BE54-9A1E7A4F7556}") = "DebuggerIntegration.Python", "Scripter.Python.Wpf\QuickStarts\Debugger\DebuggerIntegration\DebuggerIntegration.Python.csproj", "{F34DBFB1-874D-45F7-AF8C-79563D45152A}"
EndProject
Project("{9A19103F-16F7-4668-BE54-9A1E7A4F7556}") = "Threading", "Scripter.Python.Wpf\QuickStarts\Threading\Threading.csproj", "{46A8F14E-9E98-44AA-AB94-ECAC272FC7D5}"
EndProject
Global
	GlobalSection(SolutionConfigurationPlatforms) = preSolution
		Debug|Any CPU = Debug|Any CPU
		Release|Any CPU = Release|Any CPU
		Runtime|Any CPU = Runtime|Any CPU
		Trial|Any CPU = Trial|Any CPU
	EndGlobalSection
	GlobalSection(ProjectConfigurationPlatforms) = postSolution
		{9C4E4B1F-49D4-474E-BE3C-9B2F2C04F3A5}.Debug|Any CPU.ActiveCfg = Debug|Any CPU
		{9C4E4B1F-49D4-474E-BE3C-9B2F2C04F3A5}.Debug|Any CPU.Build.0 = Debug|Any CPU
		{9C4E4B1F-49D4-474E-BE3C-9B2F2C04F3A5}.Release|Any CPU.ActiveCfg = Release|Any CPU
		{9C4E4B1F-49D4-474E-BE3C-9B2F2C04F3A5}.Release|Any CPU.Build.0 = Release|Any CPU
		{9C4E4B1F-49D4-474E-BE3C-9B2F2C04F3A5}.Runtime|Any CPU.ActiveCfg = Release|Any CPU
		{9C4E4B1F-49D4-474E-BE3C-9B2F2C04F3A5}.Runtime|Any CPU.Build.0 = Release|Any CPU
		{9C4E4B1F-49D4-474E-BE3C-9B2F2C04F3A5}.Trial|Any CPU.ActiveCfg = Debug|Any CPU
		{9C4E4B1F-49D4-474E-BE3C-9B2F2C04F3A5}.Trial|Any CPU.Build.0 = Debug|Any CPU
		{58141151-E5CE-4B5C-8E33-A95E543533D1}.Debug|Any CPU.ActiveCfg = Debug|Any CPU
		{58141151-E5CE-4B5C-8E33-A95E543533D1}.Debug|Any CPU.Build.0 = Debug|Any CPU
		{58141151-E5CE-4B5C-8E33-A95E543533D1}.Release|Any CPU.ActiveCfg = Release|Any CPU
		{58141151-E5CE-4B5C-8E33-A95E543533D1}.Release|Any CPU.Build.0 = Release|Any CPU
		{58141151-E5CE-4B5C-8E33-A95E543533D1}.Runtime|Any CPU.ActiveCfg = Release|Any CPU
		{58141151-E5CE-4B5C-8E33-A95E543533D1}.Runtime|Any CPU.Build.0 = Release|Any CPU
		{58141151-E5CE-4B5C-8E33-A95E543533D1}.Trial|Any CPU.ActiveCfg = Debug|Any CPU
		{58141151-E5CE-4B5C-8E33-A95E543533D1}.Trial|Any CPU.Build.0 = Debug|Any CPU
		{B37117C1-2FFE-48F7-B0BA-D1979E1F0E3C}.Debug|Any CPU.ActiveCfg = Debug|Any CPU
		{B37117C1-2FFE-48F7-B0BA-D1979E1F0E3C}.Debug|Any CPU.Build.0 = Debug|Any CPU
		{B37117C1-2FFE-48F7-B0BA-D1979E1F0E3C}.Release|Any CPU.ActiveCfg = Release|Any CPU
		{B37117C1-2FFE-48F7-B0BA-D1979E1F0E3C}.Release|Any CPU.Build.0 = Release|Any CPU
		{B37117C1-2FFE-48F7-B0BA-D1979E1F0E3C}.Runtime|Any CPU.ActiveCfg = Release|Any CPU
		{B37117C1-2FFE-48F7-B0BA-D1979E1F0E3C}.Runtime|Any CPU.Build.0 = Release|Any CPU
		{B37117C1-2FFE-48F7-B0BA-D1979E1F0E3C}.Trial|Any CPU.ActiveCfg = Debug|Any CPU
		{B37117C1-2FFE-48F7-B0BA-D1979E1F0E3C}.Trial|Any CPU.Build.0 = Debug|Any CPU
		{E604752B-A75A-45C0-9946-7ADAA1FDBFCE}.Debug|Any CPU.ActiveCfg = Debug|Any CPU
		{E604752B-A75A-45C0-9946-7ADAA1FDBFCE}.Debug|Any CPU.Build.0 = Debug|Any CPU
		{E604752B-A75A-45C0-9946-7ADAA1FDBFCE}.Release|Any CPU.ActiveCfg = Release|Any CPU
		{E604752B-A75A-45C0-9946-7ADAA1FDBFCE}.Release|Any CPU.Build.0 = Release|Any CPU
		{E604752B-A75A-45C0-9946-7ADAA1FDBFCE}.Runtime|Any CPU.ActiveCfg = Release|Any CPU
		{E604752B-A75A-45C0-9946-7ADAA1FDBFCE}.Runtime|Any CPU.Build.0 = Release|Any CPU
		{E604752B-A75A-45C0-9946-7ADAA1FDBFCE}.Trial|Any CPU.ActiveCfg = Debug|Any CPU
		{E604752B-A75A-45C0-9946-7ADAA1FDBFCE}.Trial|Any CPU.Build.0 = Debug|Any CPU
		{01E36347-D052-4041-BB6B-3D1545A9F7B8}.Debug|Any CPU.ActiveCfg = Debug|Any CPU
		{01E36347-D052-4041-BB6B-3D1545A9F7B8}.Debug|Any CPU.Build.0 = Debug|Any CPU
		{01E36347-D052-4041-BB6B-3D1545A9F7B8}.Release|Any CPU.ActiveCfg = Release|Any CPU
		{01E36347-D052-4041-BB6B-3D1545A9F7B8}.Release|Any CPU.Build.0 = Release|Any CPU
		{01E36347-D052-4041-BB6B-3D1545A9F7B8}.Runtime|Any CPU.ActiveCfg = Release|Any CPU
		{01E36347-D052-4041-BB6B-3D1545A9F7B8}.Runtime|Any CPU.Build.0 = Release|Any CPU
		{01E36347-D052-4041-BB6B-3D1545A9F7B8}.Trial|Any CPU.ActiveCfg = Debug|Any CPU
		{01E36347-D052-4041-BB6B-3D1545A9F7B8}.Trial|Any CPU.Build.0 = Debug|Any CPU
		{F34DBFB1-874D-45F7-AF8C-79563D45152A}.Debug|Any CPU.ActiveCfg = Debug|Any CPU
		{F34DBFB1-874D-45F7-AF8C-79563D45152A}.Debug|Any CPU.Build.0 = Debug|Any CPU
		{F34DBFB1-874D-45F7-AF8C-79563D45152A}.Release|Any CPU.ActiveCfg = Release|Any CPU
		{F34DBFB1-874D-45F7-AF8C-79563D45152A}.Release|Any CPU.Build.0 = Release|Any CPU
		{F34DBFB1-874D-45F7-AF8C-79563D45152A}.Runtime|Any CPU.ActiveCfg = Release|Any CPU
		{F34DBFB1-874D-45F7-AF8C-79563D45152A}.Runtime|Any CPU.Build.0 = Release|Any CPU
		{F34DBFB1-874D-45F7-AF8C-79563D45152A}.Trial|Any CPU.ActiveCfg = Debug|Any CPU
		{F34DBFB1-874D-45F7-AF8C-79563D45152A}.Trial|Any CPU.Build.0 = Debug|Any CPU
		{46A8F14E-9E98-44AA-AB94-ECAC272FC7D5}.Debug|Any CPU.ActiveCfg = Debug|Any CPU
		{46A8F14E-9E98-44AA-AB94-ECAC272FC7D5}.Debug|Any CPU.Build.0 = Debug|Any CPU
		{46A8F14E-9E98-44AA-AB94-ECAC272FC7D5}.Release|Any CPU.ActiveCfg = Release|Any CPU
		{46A8F14E-9E98-44AA-AB94-ECAC272FC7D5}.Release|Any CPU.Build.0 = Release|Any CPU
		{46A8F14E-9E98-44AA-AB94-ECAC272FC7D5}.Runtime|Any CPU.ActiveCfg = Release|Any CPU
		{46A8F14E-9E98-44AA-AB94-ECAC272FC7D5}.Runtime|Any CPU.Build.0 = Release|Any CPU
		{46A8F14E-9E98-44AA-AB94-ECAC272FC7D5}.Trial|Any CPU.ActiveCfg = Debug|Any CPU
		{46A8F14E-9E98-44AA-AB94-ECAC272FC7D5}.Trial|Any CPU.Build.0 = Debug|Any CPU
	EndGlobalSection
	GlobalSection(SolutionProperties) = preSolution
		HideSolutionNode = FALSE
	EndGlobalSection
	GlobalSection(NestedProjects) = preSolution
		{FF9044DD-98D8-4E04-BAD2-B66FF733CF26} = {4F38AF26-C3CB-4999-8EC9-46F23C30720E}
		{6B4421C3-DFEE-4741-8ED6-5C14502DC4FC} = {FF9044DD-98D8-4E04-BAD2-B66FF733CF26}
		{5D7F44F6-70B3-4633-9B18-0D8A550137AB} = {4F38AF26-C3CB-4999-8EC9-46F23C30720E}
		{016F0BD5-1913-4BB9-93A7-697477CC50C1} = {5D7F44F6-70B3-4633-9B18-0D8A550137AB}
		{9C4E4B1F-49D4-474E-BE3C-9B2F2C04F3A5} = {016F0BD5-1913-4BB9-93A7-697477CC50C1}
		{58141151-E5CE-4B5C-8E33-A95E543533D1} = {FF9044DD-98D8-4E04-BAD2-B66FF733CF26}
		{B37117C1-2FFE-48F7-B0BA-D1979E1F0E3C} = {FF9044DD-98D8-4E04-BAD2-B66FF733CF26}
		{E604752B-A75A-45C0-9946-7ADAA1FDBFCE} = {FF9044DD-98D8-4E04-BAD2-B66FF733CF26}
		{01E36347-D052-4041-BB6B-3D1545A9F7B8} = {FF9044DD-98D8-4E04-BAD2-B66FF733CF26}
		{F34DBFB1-874D-45F7-AF8C-79563D45152A} = {6B4421C3-DFEE-4741-8ED6-5C14502DC4FC}
		{46A8F14E-9E98-44AA-AB94-ECAC272FC7D5} = {FF9044DD-98D8-4E04-BAD2-B66FF733CF26}
	EndGlobalSection
	GlobalSection(ExtensibilityGlobals) = postSolution
		SolutionGuid = {F273BD5C-AD6F-4106-A530-507C5A115BBC}
	EndGlobalSection
EndGlobal
