
Microsoft Visual Studio Solution File, Format Version 12.00
# Visual Studio Version 17
VisualStudioVersion = 17.3.32819.101
MinimumVisualStudioVersion = 10.0.40219.1
Project("{2150E333-8FDC-42A3-9474-1A3956D46DE8}") = "QuickStarts", "QuickStarts", "{4F38AF26-C3CB-4999-8EC9-46F23C30720E}"
EndProject
Project("{2150E333-8FDC-42A3-9474-1A3956D46DE8}") = "Scripter", "Scripter", "{FF9044DD-98D8-4E04-BAD2-B66FF733CF26}"
EndProject
Project("{2150E333-8FDC-42A3-9474-1A3956D46DE8}") = "Debugger", "Debugger", "{6B4421C3-DFEE-4741-8ED6-5C14502DC4FC}"
EndProject
Project("{9A19103F-16F7-4668-BE54-9A1E7A4F7556}") = "DebuggerIntegration.Python", "Scripter.Python\QuickStarts\Debugger\DebuggerIntegration\DebuggerIntegration.Python.csproj", "{41A7C602-B675-4BB8-A69D-D5D22E74497F}"
EndProject
Project("{9A19103F-16F7-4668-BE54-9A1E7A4F7556}") = "CallMethod", "Scripter.Python\QuickStarts\CallMethod\CallMethod.csproj", "{0852B823-44B8-408D-A668-8E875747ED79}"
EndProject
Project("{9A19103F-16F7-4668-BE54-9A1E7A4F7556}") = "ObjectReference", "Scripter.Python\QuickStarts\ObjectReference\ObjectReference.csproj", "{ED691CEC-44F2-4DE4-9ED2-5764BCFA843F}"
EndProject
Project("{9A19103F-16F7-4668-BE54-9A1E7A4F7556}") = "CustomAssembly", "Scripter.Python\QuickStarts\CustomAssembly\CustomAssembly.csproj", "{BBB7CA94-C9FE-4A22-A8E0-BFB58FDF7FEE}"
EndProject
Project("{9A19103F-16F7-4668-BE54-9A1E7A4F7556}") = "ExpressionEvaluation", "Scripter.Python\QuickStarts\ExpressionEvaluation\ExpressionEvaluation.csproj", "{E5550F4F-5249-4C47-A2F9-B8733CE8A388}"
EndProject
Project("{2150E333-8FDC-42A3-9474-1A3956D46DE8}") = "Editor", "Editor", "{B14BCEBA-086D-4CC7-ABE7-10AC048BB933}"
EndProject
Project("{2150E333-8FDC-42A3-9474-1A3956D46DE8}") = "Parsers", "Parsers", "{DAF7C2E7-7E84-4AA0-BFC5-ED5B6AD3F5F0}"
EndProject
Project("{9A19103F-16F7-4668-BE54-9A1E7A4F7556}") = "PythonParser", "Editor.Python\QuickStarts\Parsers\PythonParser\PythonParser.csproj", "{9619BEFB-B8E7-4E06-B274-64BA0026BAD3}"
EndProject
Project("{2150E333-8FDC-42A3-9474-1A3956D46DE8}") = "Designer", "Designer", "{EE11706C-5455-4B80-BFB9-C549EFA3C6D9}"
EndProject
Project("{2150E333-8FDC-42A3-9474-1A3956D46DE8}") = "Demos", "Demos", "{09408A0B-C361-41B3-9673-01587D96B2C5}"
EndProject
Project("{9A19103F-16F7-4668-BE54-9A1E7A4F7556}") = "FormDesigner.Python", "FormDesigner.Python\Demos\FormDesigner\FormDesigner.Python.csproj", "{3E87DB0B-88E7-48A7-8347-F786FD920F2A}"
EndProject
Project("{9A19103F-16F7-4668-BE54-9A1E7A4F7556}") = "AlternetStudio.Python", "Studio.Python\AlternetStudio.Python.csproj", "{1E301FC5-B98C-44A9-9F23-46B765752F13}"
EndProject
Project("{9A19103F-16F7-4668-BE54-9A1E7A4F7556}") = "CustomizeToolbox", "FormDesigner.Python\QuickStarts\CustomizeToolbox\CustomizeToolbox.csproj", "{BBD18AE5-4617-4B0C-9F48-D81FF5562D6C}"
EndProject
Project("{9A19103F-16F7-4668-BE54-9A1E7A4F7556}") = "DesignAndRun", "FormDesigner.Python\QuickStarts\DesignAndRun\DesignAndRun.csproj", "{797709C9-3132-4562-A954-A38D9DECE549}"
EndProject
Project("{9A19103F-16F7-4668-BE54-9A1E7A4F7556}") = "LoadAndSave", "FormDesigner.Python\QuickStarts\LoadAndSave\LoadAndSave.csproj", "{43864404-A96B-435C-85C9-E68B96817EF6}"
EndProject
Project("{9A19103F-16F7-4668-BE54-9A1E7A4F7556}") = "Threading", "Scripter.Python\QuickStarts\Threading\Threading.csproj", "{D684D4F3-4319-4250-9A58-1693E6E175BD}"
EndProject
Project("{9A19103F-16F7-4668-BE54-9A1E7A4F7556}") = "DebuggerUIThread.Python", "Scripter.Python\QuickStarts\Debugger\DebuggerUIThread\DebuggerUIThread.Python.csproj", "{74180EEF-AC1A-4ECB-9652-5BB27FA4471D}"
EndProject
Global
	GlobalSection(SolutionConfigurationPlatforms) = preSolution
		Debug|Any CPU = Debug|Any CPU
		Release|Any CPU = Release|Any CPU
		Runtime|Any CPU = Runtime|Any CPU
		Trial|Any CPU = Trial|Any CPU
	EndGlobalSection
	GlobalSection(ProjectConfigurationPlatforms) = postSolution
		{41A7C602-B675-4BB8-A69D-D5D22E74497F}.Debug|Any CPU.ActiveCfg = Debug|Any CPU
		{41A7C602-B675-4BB8-A69D-D5D22E74497F}.Debug|Any CPU.Build.0 = Debug|Any CPU
		{41A7C602-B675-4BB8-A69D-D5D22E74497F}.Release|Any CPU.ActiveCfg = Release|Any CPU
		{41A7C602-B675-4BB8-A69D-D5D22E74497F}.Release|Any CPU.Build.0 = Release|Any CPU
		{41A7C602-B675-4BB8-A69D-D5D22E74497F}.Runtime|Any CPU.ActiveCfg = Release|Any CPU
		{41A7C602-B675-4BB8-A69D-D5D22E74497F}.Runtime|Any CPU.Build.0 = Release|Any CPU
		{41A7C602-B675-4BB8-A69D-D5D22E74497F}.Trial|Any CPU.ActiveCfg = Debug|Any CPU
		{41A7C602-B675-4BB8-A69D-D5D22E74497F}.Trial|Any CPU.Build.0 = Debug|Any CPU
		{0852B823-44B8-408D-A668-8E875747ED79}.Debug|Any CPU.ActiveCfg = Debug|Any CPU
		{0852B823-44B8-408D-A668-8E875747ED79}.Debug|Any CPU.Build.0 = Debug|Any CPU
		{0852B823-44B8-408D-A668-8E875747ED79}.Release|Any CPU.ActiveCfg = Release|Any CPU
		{0852B823-44B8-408D-A668-8E875747ED79}.Release|Any CPU.Build.0 = Release|Any CPU
		{0852B823-44B8-408D-A668-8E875747ED79}.Runtime|Any CPU.ActiveCfg = Release|Any CPU
		{0852B823-44B8-408D-A668-8E875747ED79}.Runtime|Any CPU.Build.0 = Release|Any CPU
		{0852B823-44B8-408D-A668-8E875747ED79}.Trial|Any CPU.ActiveCfg = Debug|Any CPU
		{0852B823-44B8-408D-A668-8E875747ED79}.Trial|Any CPU.Build.0 = Debug|Any CPU
		{ED691CEC-44F2-4DE4-9ED2-5764BCFA843F}.Debug|Any CPU.ActiveCfg = Debug|Any CPU
		{ED691CEC-44F2-4DE4-9ED2-5764BCFA843F}.Debug|Any CPU.Build.0 = Debug|Any CPU
		{ED691CEC-44F2-4DE4-9ED2-5764BCFA843F}.Release|Any CPU.ActiveCfg = Release|Any CPU
		{ED691CEC-44F2-4DE4-9ED2-5764BCFA843F}.Release|Any CPU.Build.0 = Release|Any CPU
		{ED691CEC-44F2-4DE4-9ED2-5764BCFA843F}.Runtime|Any CPU.ActiveCfg = Release|Any CPU
		{ED691CEC-44F2-4DE4-9ED2-5764BCFA843F}.Runtime|Any CPU.Build.0 = Release|Any CPU
		{ED691CEC-44F2-4DE4-9ED2-5764BCFA843F}.Trial|Any CPU.ActiveCfg = Debug|Any CPU
		{ED691CEC-44F2-4DE4-9ED2-5764BCFA843F}.Trial|Any CPU.Build.0 = Debug|Any CPU
		{BBB7CA94-C9FE-4A22-A8E0-BFB58FDF7FEE}.Debug|Any CPU.ActiveCfg = Debug|Any CPU
		{BBB7CA94-C9FE-4A22-A8E0-BFB58FDF7FEE}.Debug|Any CPU.Build.0 = Debug|Any CPU
		{BBB7CA94-C9FE-4A22-A8E0-BFB58FDF7FEE}.Release|Any CPU.ActiveCfg = Release|Any CPU
		{BBB7CA94-C9FE-4A22-A8E0-BFB58FDF7FEE}.Release|Any CPU.Build.0 = Release|Any CPU
		{BBB7CA94-C9FE-4A22-A8E0-BFB58FDF7FEE}.Runtime|Any CPU.ActiveCfg = Release|Any CPU
		{BBB7CA94-C9FE-4A22-A8E0-BFB58FDF7FEE}.Runtime|Any CPU.Build.0 = Release|Any CPU
		{BBB7CA94-C9FE-4A22-A8E0-BFB58FDF7FEE}.Trial|Any CPU.ActiveCfg = Debug|Any CPU
		{BBB7CA94-C9FE-4A22-A8E0-BFB58FDF7FEE}.Trial|Any CPU.Build.0 = Debug|Any CPU
		{E5550F4F-5249-4C47-A2F9-B8733CE8A388}.Debug|Any CPU.ActiveCfg = Debug|Any CPU
		{E5550F4F-5249-4C47-A2F9-B8733CE8A388}.Debug|Any CPU.Build.0 = Debug|Any CPU
		{E5550F4F-5249-4C47-A2F9-B8733CE8A388}.Release|Any CPU.ActiveCfg = Release|Any CPU
		{E5550F4F-5249-4C47-A2F9-B8733CE8A388}.Release|Any CPU.Build.0 = Release|Any CPU
		{E5550F4F-5249-4C47-A2F9-B8733CE8A388}.Runtime|Any CPU.ActiveCfg = Release|Any CPU
		{E5550F4F-5249-4C47-A2F9-B8733CE8A388}.Runtime|Any CPU.Build.0 = Release|Any CPU
		{E5550F4F-5249-4C47-A2F9-B8733CE8A388}.Trial|Any CPU.ActiveCfg = Debug|Any CPU
		{E5550F4F-5249-4C47-A2F9-B8733CE8A388}.Trial|Any CPU.Build.0 = Debug|Any CPU
		{9619BEFB-B8E7-4E06-B274-64BA0026BAD3}.Debug|Any CPU.ActiveCfg = Debug|Any CPU
		{9619BEFB-B8E7-4E06-B274-64BA0026BAD3}.Debug|Any CPU.Build.0 = Debug|Any CPU
		{9619BEFB-B8E7-4E06-B274-64BA0026BAD3}.Release|Any CPU.ActiveCfg = Release|Any CPU
		{9619BEFB-B8E7-4E06-B274-64BA0026BAD3}.Release|Any CPU.Build.0 = Release|Any CPU
		{9619BEFB-B8E7-4E06-B274-64BA0026BAD3}.Runtime|Any CPU.ActiveCfg = Release|Any CPU
		{9619BEFB-B8E7-4E06-B274-64BA0026BAD3}.Runtime|Any CPU.Build.0 = Release|Any CPU
		{9619BEFB-B8E7-4E06-B274-64BA0026BAD3}.Trial|Any CPU.ActiveCfg = Release|Any CPU
		{9619BEFB-B8E7-4E06-B274-64BA0026BAD3}.Trial|Any CPU.Build.0 = Release|Any CPU
		{3E87DB0B-88E7-48A7-8347-F786FD920F2A}.Debug|Any CPU.ActiveCfg = Debug|Any CPU
		{3E87DB0B-88E7-48A7-8347-F786FD920F2A}.Debug|Any CPU.Build.0 = Debug|Any CPU
		{3E87DB0B-88E7-48A7-8347-F786FD920F2A}.Release|Any CPU.ActiveCfg = Release|Any CPU
		{3E87DB0B-88E7-48A7-8347-F786FD920F2A}.Release|Any CPU.Build.0 = Release|Any CPU
		{3E87DB0B-88E7-48A7-8347-F786FD920F2A}.Runtime|Any CPU.ActiveCfg = Release|Any CPU
		{3E87DB0B-88E7-48A7-8347-F786FD920F2A}.Runtime|Any CPU.Build.0 = Release|Any CPU
		{3E87DB0B-88E7-48A7-8347-F786FD920F2A}.Trial|Any CPU.ActiveCfg = Debug|Any CPU
		{3E87DB0B-88E7-48A7-8347-F786FD920F2A}.Trial|Any CPU.Build.0 = Debug|Any CPU
		{1E301FC5-B98C-44A9-9F23-46B765752F13}.Debug|Any CPU.ActiveCfg = Debug|Any CPU
		{1E301FC5-B98C-44A9-9F23-46B765752F13}.Debug|Any CPU.Build.0 = Debug|Any CPU
		{1E301FC5-B98C-44A9-9F23-46B765752F13}.Release|Any CPU.ActiveCfg = Release|Any CPU
		{1E301FC5-B98C-44A9-9F23-46B765752F13}.Release|Any CPU.Build.0 = Release|Any CPU
		{1E301FC5-B98C-44A9-9F23-46B765752F13}.Runtime|Any CPU.ActiveCfg = Release|Any CPU
		{1E301FC5-B98C-44A9-9F23-46B765752F13}.Runtime|Any CPU.Build.0 = Release|Any CPU
		{1E301FC5-B98C-44A9-9F23-46B765752F13}.Trial|Any CPU.ActiveCfg = Debug|Any CPU
		{1E301FC5-B98C-44A9-9F23-46B765752F13}.Trial|Any CPU.Build.0 = Debug|Any CPU
		{BBD18AE5-4617-4B0C-9F48-D81FF5562D6C}.Debug|Any CPU.ActiveCfg = Debug|Any CPU
		{BBD18AE5-4617-4B0C-9F48-D81FF5562D6C}.Debug|Any CPU.Build.0 = Debug|Any CPU
		{BBD18AE5-4617-4B0C-9F48-D81FF5562D6C}.Release|Any CPU.ActiveCfg = Release|Any CPU
		{BBD18AE5-4617-4B0C-9F48-D81FF5562D6C}.Release|Any CPU.Build.0 = Release|Any CPU
		{BBD18AE5-4617-4B0C-9F48-D81FF5562D6C}.Runtime|Any CPU.ActiveCfg = Release|Any CPU
		{BBD18AE5-4617-4B0C-9F48-D81FF5562D6C}.Runtime|Any CPU.Build.0 = Release|Any CPU
		{BBD18AE5-4617-4B0C-9F48-D81FF5562D6C}.Trial|Any CPU.ActiveCfg = Debug|Any CPU
		{BBD18AE5-4617-4B0C-9F48-D81FF5562D6C}.Trial|Any CPU.Build.0 = Debug|Any CPU
		{797709C9-3132-4562-A954-A38D9DECE549}.Debug|Any CPU.ActiveCfg = Debug|Any CPU
		{797709C9-3132-4562-A954-A38D9DECE549}.Debug|Any CPU.Build.0 = Debug|Any CPU
		{797709C9-3132-4562-A954-A38D9DECE549}.Release|Any CPU.ActiveCfg = Release|Any CPU
		{797709C9-3132-4562-A954-A38D9DECE549}.Release|Any CPU.Build.0 = Release|Any CPU
		{797709C9-3132-4562-A954-A38D9DECE549}.Runtime|Any CPU.ActiveCfg = Release|Any CPU
		{797709C9-3132-4562-A954-A38D9DECE549}.Runtime|Any CPU.Build.0 = Release|Any CPU
		{797709C9-3132-4562-A954-A38D9DECE549}.Trial|Any CPU.ActiveCfg = Debug|Any CPU
		{797709C9-3132-4562-A954-A38D9DECE549}.Trial|Any CPU.Build.0 = Debug|Any CPU
		{43864404-A96B-435C-85C9-E68B96817EF6}.Debug|Any CPU.ActiveCfg = Debug|Any CPU
		{43864404-A96B-435C-85C9-E68B96817EF6}.Debug|Any CPU.Build.0 = Debug|Any CPU
		{43864404-A96B-435C-85C9-E68B96817EF6}.Release|Any CPU.ActiveCfg = Release|Any CPU
		{43864404-A96B-435C-85C9-E68B96817EF6}.Release|Any CPU.Build.0 = Release|Any CPU
		{43864404-A96B-435C-85C9-E68B96817EF6}.Runtime|Any CPU.ActiveCfg = Release|Any CPU
		{43864404-A96B-435C-85C9-E68B96817EF6}.Runtime|Any CPU.Build.0 = Release|Any CPU
		{43864404-A96B-435C-85C9-E68B96817EF6}.Trial|Any CPU.ActiveCfg = Debug|Any CPU
		{43864404-A96B-435C-85C9-E68B96817EF6}.Trial|Any CPU.Build.0 = Debug|Any CPU
		{D684D4F3-4319-4250-9A58-1693E6E175BD}.Debug|Any CPU.ActiveCfg = Debug|Any CPU
		{D684D4F3-4319-4250-9A58-1693E6E175BD}.Debug|Any CPU.Build.0 = Debug|Any CPU
		{D684D4F3-4319-4250-9A58-1693E6E175BD}.Release|Any CPU.ActiveCfg = Release|Any CPU
		{D684D4F3-4319-4250-9A58-1693E6E175BD}.Release|Any CPU.Build.0 = Release|Any CPU
		{D684D4F3-4319-4250-9A58-1693E6E175BD}.Runtime|Any CPU.ActiveCfg = Release|Any CPU
		{D684D4F3-4319-4250-9A58-1693E6E175BD}.Runtime|Any CPU.Build.0 = Release|Any CPU
		{D684D4F3-4319-4250-9A58-1693E6E175BD}.Trial|Any CPU.ActiveCfg = Debug|Any CPU
		{D684D4F3-4319-4250-9A58-1693E6E175BD}.Trial|Any CPU.Build.0 = Debug|Any CPU
		{74180EEF-AC1A-4ECB-9652-5BB27FA4471D}.Debug|Any CPU.ActiveCfg = Debug|Any CPU
		{74180EEF-AC1A-4ECB-9652-5BB27FA4471D}.Debug|Any CPU.Build.0 = Debug|Any CPU
		{74180EEF-AC1A-4ECB-9652-5BB27FA4471D}.Release|Any CPU.ActiveCfg = Release|Any CPU
		{74180EEF-AC1A-4ECB-9652-5BB27FA4471D}.Release|Any CPU.Build.0 = Release|Any CPU
		{74180EEF-AC1A-4ECB-9652-5BB27FA4471D}.Runtime|Any CPU.ActiveCfg = Release|Any CPU
		{74180EEF-AC1A-4ECB-9652-5BB27FA4471D}.Runtime|Any CPU.Build.0 = Release|Any CPU
		{74180EEF-AC1A-4ECB-9652-5BB27FA4471D}.Trial|Any CPU.ActiveCfg = Debug|Any CPU
		{74180EEF-AC1A-4ECB-9652-5BB27FA4471D}.Trial|Any CPU.Build.0 = Debug|Any CPU
	EndGlobalSection
	GlobalSection(SolutionProperties) = preSolution
		HideSolutionNode = FALSE
	EndGlobalSection
	GlobalSection(NestedProjects) = preSolution
		{FF9044DD-98D8-4E04-BAD2-B66FF733CF26} = {4F38AF26-C3CB-4999-8EC9-46F23C30720E}
		{6B4421C3-DFEE-4741-8ED6-5C14502DC4FC} = {FF9044DD-98D8-4E04-BAD2-B66FF733CF26}
		{41A7C602-B675-4BB8-A69D-D5D22E74497F} = {6B4421C3-DFEE-4741-8ED6-5C14502DC4FC}
		{0852B823-44B8-408D-A668-8E875747ED79} = {FF9044DD-98D8-4E04-BAD2-B66FF733CF26}
		{ED691CEC-44F2-4DE4-9ED2-5764BCFA843F} = {FF9044DD-98D8-4E04-BAD2-B66FF733CF26}
		{BBB7CA94-C9FE-4A22-A8E0-BFB58FDF7FEE} = {FF9044DD-98D8-4E04-BAD2-B66FF733CF26}
		{E5550F4F-5249-4C47-A2F9-B8733CE8A388} = {FF9044DD-98D8-4E04-BAD2-B66FF733CF26}
		{B14BCEBA-086D-4CC7-ABE7-10AC048BB933} = {4F38AF26-C3CB-4999-8EC9-46F23C30720E}
		{DAF7C2E7-7E84-4AA0-BFC5-ED5B6AD3F5F0} = {B14BCEBA-086D-4CC7-ABE7-10AC048BB933}
		{9619BEFB-B8E7-4E06-B274-64BA0026BAD3} = {DAF7C2E7-7E84-4AA0-BFC5-ED5B6AD3F5F0}
		{EE11706C-5455-4B80-BFB9-C549EFA3C6D9} = {4F38AF26-C3CB-4999-8EC9-46F23C30720E}
		{3E87DB0B-88E7-48A7-8347-F786FD920F2A} = {09408A0B-C361-41B3-9673-01587D96B2C5}
		{1E301FC5-B98C-44A9-9F23-46B765752F13} = {09408A0B-C361-41B3-9673-01587D96B2C5}
		{BBD18AE5-4617-4B0C-9F48-D81FF5562D6C} = {EE11706C-5455-4B80-BFB9-C549EFA3C6D9}
		{797709C9-3132-4562-A954-A38D9DECE549} = {EE11706C-5455-4B80-BFB9-C549EFA3C6D9}
		{43864404-A96B-435C-85C9-E68B96817EF6} = {EE11706C-5455-4B80-BFB9-C549EFA3C6D9}
		{D684D4F3-4319-4250-9A58-1693E6E175BD} = {FF9044DD-98D8-4E04-BAD2-B66FF733CF26}
		{74180EEF-AC1A-4ECB-9652-5BB27FA4471D} = {6B4421C3-DFEE-4741-8ED6-5C14502DC4FC}
	EndGlobalSection
	GlobalSection(ExtensibilityGlobals) = postSolution
		SolutionGuid = {F273BD5C-AD6F-4106-A530-507C5A115BBC}
	EndGlobalSection
EndGlobal
