
Microsoft Visual Studio Solution File, Format Version 12.00
# Visual Studio Version 17
VisualStudioVersion = 17.1.32319.34
MinimumVisualStudioVersion = 10.0.40219.1
Project("{2150E333-8FDC-42A3-9474-1A3956D46DE8}") = "QuickStarts", "QuickStarts", "{4F38AF26-C3CB-4999-8EC9-46F23C30720E}"
EndProject
Project("{2150E333-8FDC-42A3-9474-1A3956D46DE8}") = "Demos", "Demos", "{8892452B-86A3-4C3C-BFBC-F7CAF6068E78}"
EndProject
Project("{9A19103F-16F7-4668-BE54-9A1E7A4F7556}") = "DebugMyScript", "Scripter\QuickStarts\Debugger\DebugMyScript\DebugMyScript.csproj", "{728D5F6E-AA62-49D9-81FC-9BBD167D9263}"
	ProjectSection(ProjectDependencies) = postProject
		{C6EF4CEF-CF88-43AF-B723-0E44D093720E} = {C6EF4CEF-CF88-43AF-B723-0E44D093720E}
	EndProjectSection
EndProject
Project("{9A19103F-16F7-4668-BE54-9A1E7A4F7556}") = "CallMethod", "Scripter\QuickStarts\CallMethod\CallMethod.csproj", "{AA7DA705-5CD2-4478-B7BC-5AD24EA77FE6}"
EndProject
Project("{9A19103F-16F7-4668-BE54-9A1E7A4F7556}") = "CustomAssembly", "Scripter\QuickStarts\CustomAssembly\CustomAssembly.csproj", "{55A92099-1C8E-4C1A-8C58-4CA422E79C37}"
EndProject
Project("{9A19103F-16F7-4668-BE54-9A1E7A4F7556}") = "ObjectReference", "Scripter\QuickStarts\ObjectReference\ObjectReference.csproj", "{82DD0AE5-CA3A-4682-98B6-3FA4D26FD6F5}"
EndProject
Project("{9A19103F-16F7-4668-BE54-9A1E7A4F7556}") = "Threading", "Scripter\QuickStarts\Threading\Threading.csproj", "{5C0F2E09-B38F-49C3-B3A0-762E0E50CDA3}"
EndProject
Project("{9A19103F-16F7-4668-BE54-9A1E7A4F7556}") = "ExpressionEvaluation", "Scripter\QuickStarts\ExpressionEvaluation\ExpressionEvaluation.csproj", "{7FB00C28-4C0E-4BEC-8CB0-0EB9584CDCD9}"
EndProject
Project("{9A19103F-16F7-4668-BE54-9A1E7A4F7556}") = "DebugRemoteScript", "Scripter\QuickStarts\Debugger\DebugRemoteScript\DebugRemoteScript.csproj", "{878E65D8-15D3-4761-B242-6AD667A77388}"
EndProject
Project("{2150E333-8FDC-42A3-9474-1A3956D46DE8}") = "Debugger", "Debugger", "{4F09B5EB-7FF9-4112-887C-736BDF1799B4}"
EndProject
Project("{2150E333-8FDC-42A3-9474-1A3956D46DE8}") = "Scripter", "Scripter", "{FF9044DD-98D8-4E04-BAD2-B66FF733CF26}"
EndProject
Project("{2150E333-8FDC-42A3-9474-1A3956D46DE8}") = "Editor", "Editor", "{66175006-53A3-4934-9CAA-580B07B9D835}"
EndProject
Project("{9A19103F-16F7-4668-BE54-9A1E7A4F7556}") = "AdvancedSyntaxParsing", "Editor\QuickStarts\Parsers\AdvancedSyntaxParsing\AdvancedSyntaxParsing.csproj", "{65F8D35F-7E27-4455-9C00-6BAD5B5A2378}"
EndProject
Project("{9A19103F-16F7-4668-BE54-9A1E7A4F7556}") = "Bookmarks", "Editor\QuickStarts\Bookmarks\Bookmarks.csproj", "{A0401774-10B6-42E3-B2A1-AAF873D3D60A}"
EndProject
Project("{9A19103F-16F7-4668-BE54-9A1E7A4F7556}") = "CodeCompletion", "Editor\QuickStarts\CodeCompletion\CodeCompletion.csproj", "{7DBE1FB5-BA09-4E2C-BDBD-9E37D9130566}"
EndProject
Project("{9A19103F-16F7-4668-BE54-9A1E7A4F7556}") = "CodeOutlining", "Editor\QuickStarts\CodeOutlining\CodeOutlining.csproj", "{C328B6D8-FDC4-4CBE-8775-17B530BC21E5}"
EndProject
Project("{9A19103F-16F7-4668-BE54-9A1E7A4F7556}") = "CodeSnippets", "Editor\QuickStarts\CodeSnippets\CodeSnippets.csproj", "{E140A7ED-F712-4E5C-B4B8-8B58FEBD4F69}"
EndProject
Project("{9A19103F-16F7-4668-BE54-9A1E7A4F7556}") = "Gutter", "Editor\QuickStarts\Gutter\Gutter.csproj", "{76FA7F4A-7D36-40CD-8111-7B8E9DF3558B}"
EndProject
Project("{9A19103F-16F7-4668-BE54-9A1E7A4F7556}") = "HyperText", "Editor\QuickStarts\HyperText\HyperText.csproj", "{79392F4A-0EE6-431A-94B1-ABE3859D415A}"
EndProject
Project("{9A19103F-16F7-4668-BE54-9A1E7A4F7556}") = "LineStyles", "Editor\QuickStarts\LineStyles\LineStyles.csproj", "{C14A7494-7DF0-446B-88F2-089E7DE1011C}"
EndProject
Project("{9A19103F-16F7-4668-BE54-9A1E7A4F7556}") = "Margin", "Editor\QuickStarts\Margin\Margin.csproj", "{DDA52984-8A14-4378-9379-97CF5F73C5F3}"
EndProject
Project("{9A19103F-16F7-4668-BE54-9A1E7A4F7556}") = "Miscellaneous", "Editor\QuickStarts\Miscellaneous\Miscellaneous.csproj", "{BFACA71D-BE0C-491A-9E2D-55DC522859A5}"
EndProject
Project("{9A19103F-16F7-4668-BE54-9A1E7A4F7556}") = "MultipleView", "Editor\QuickStarts\MultipleView\MultipleView.csproj", "{A90540F9-4677-4A82-B700-2088771BA4C2}"
EndProject
Project("{9A19103F-16F7-4668-BE54-9A1E7A4F7556}") = "PageLayout", "Editor\QuickStarts\PageLayout\PageLayout.csproj", "{3668B211-1EE0-4DC1-A5EB-B9715870E191}"
EndProject
Project("{9A19103F-16F7-4668-BE54-9A1E7A4F7556}") = "PrintAndPreview", "Editor\QuickStarts\PrintAndPreview\PrintAndPreview.csproj", "{CC50E36E-A726-494F-9220-3194B4C8F120}"
EndProject
Project("{9A19103F-16F7-4668-BE54-9A1E7A4F7556}") = "RoslynSyntaxParsing", "Editor\QuickStarts\Parsers\RoslynSyntaxParsing\RoslynSyntaxParsing.csproj", "{48F5006D-2A9E-4225-8336-9DB48BD37AD6}"
EndProject
Project("{9A19103F-16F7-4668-BE54-9A1E7A4F7556}") = "SearchReplace", "Editor\QuickStarts\SearchReplace\SearchReplace.csproj", "{739EF04B-12A3-4325-B195-48CA40955C15}"
EndProject
Project("{9A19103F-16F7-4668-BE54-9A1E7A4F7556}") = "Selection", "Editor\QuickStarts\Selection\Selection.csproj", "{F948ECF8-51B2-4F7D-AD60-C9BCF7CF3927}"
EndProject
Project("{9A19103F-16F7-4668-BE54-9A1E7A4F7556}") = "SyntaxHighlighting", "Editor\QuickStarts\SyntaxHighlighting\SyntaxHighlighting.csproj", "{F632B963-F8ED-4302-B54B-1A1ACC6F47F3}"
EndProject
Project("{9A19103F-16F7-4668-BE54-9A1E7A4F7556}") = "UndoRedo", "Editor\QuickStarts\UndoRedo\UndoRedo.csproj", "{105FEFD9-36A1-44AA-A675-CD3984AB2879}"
EndProject
Project("{9A19103F-16F7-4668-BE54-9A1E7A4F7556}") = "WordWrap", "Editor\QuickStarts\WordWrap\WordWrap.csproj", "{E85376C0-F087-435A-933D-03FCFDAD2B46}"
EndProject
Project("{9A19103F-16F7-4668-BE54-9A1E7A4F7556}") = "CodeEditor", "Editor\demos\main\CodeEditor.csproj", "{65E055A6-1174-425D-98BE-7669FA7A692C}"
EndProject
Project("{9A19103F-16F7-4668-BE54-9A1E7A4F7556}") = "CodeEditorSyntax", "Editor\demos\syntax\CodeEditorSyntax.csproj", "{76479298-DD2A-4BF0-A702-968687A81FDD}"
EndProject
Project("{9A19103F-16F7-4668-BE54-9A1E7A4F7556}") = "FormDesigner", "FormDesigner\Demos\FormDesigner\FormDesigner.csproj", "{E9CA8667-5BFC-41FD-B8B8-1DA2E745936C}"
EndProject
Project("{9A19103F-16F7-4668-BE54-9A1E7A4F7556}") = "Customize", "Editor\QuickStarts\Customize\Customize.csproj", "{89B55E74-2768-4EA8-9701-37FEF6749446}"
EndProject
Project("{2150E333-8FDC-42A3-9474-1A3956D46DE8}") = "Designer", "Designer", "{91F2B2C1-32CD-4423-A099-1ECA302FF42A}"
EndProject
Project("{9A19103F-16F7-4668-BE54-9A1E7A4F7556}") = "CustomizeToolbox", "FormDesigner\QuickStarts\CustomizeToolbox\CustomizeToolbox.csproj", "{E5A19C75-EEA7-46F9-90BC-88E24B901641}"
EndProject
Project("{9A19103F-16F7-4668-BE54-9A1E7A4F7556}") = "DesignAndRun", "FormDesigner\QuickStarts\DesignAndRun\DesignAndRun.csproj", "{3113448B-A298-4982-8D10-6A6CF595E49E}"
EndProject
Project("{9A19103F-16F7-4668-BE54-9A1E7A4F7556}") = "LoadAndSave", "FormDesigner\QuickStarts\LoadAndSave\LoadAndSave.csproj", "{C722455B-8CA4-45CE-9A93-FBAEAB074C65}"
EndProject
Project("{9A19103F-16F7-4668-BE54-9A1E7A4F7556}") = "ScrollBarAnnotations", "Editor\QuickStarts\ScrollBarAnnotations\ScrollBarAnnotations.csproj", "{485B1704-33F7-4268-A6EC-5CCB4893AEA3}"
EndProject
Project("{9A19103F-16F7-4668-BE54-9A1E7A4F7556}") = "SnippetsParsers", "Editor\QuickStarts\Parsers\SnippetsParsers\SnippetsParsers.csproj", "{0D5F9634-E743-49CD-9309-B25138AD3751}"
EndProject
Project("{9A19103F-16F7-4668-BE54-9A1E7A4F7556}") = "SQLDOMParser", "Editor\QuickStarts\Parsers\SQLDOMParser\SQLDOMParser.csproj", "{1301ECAB-83E2-4F57-B0D0-0AC5D485D568}"
EndProject
Project("{2150E333-8FDC-42A3-9474-1A3956D46DE8}") = "Parsers", "Parsers", "{45C6FD0B-0D9E-42AF-A446-9F36498A2E7F}"
EndProject
Project("{9A19103F-16F7-4668-BE54-9A1E7A4F7556}") = "IsolatedScript", "Scripter\QuickStarts\IsolatedScript\IsolatedScript.csproj", "{D1836287-BBD4-48CE-AAB6-3969980D38AB}"
EndProject
Project("{9A19103F-16F7-4668-BE54-9A1E7A4F7556}") = "AlternetStudio", "Studio\AlternetStudio.csproj", "{C6EF4CEF-CF88-43AF-B723-0E44D093720E}"
EndProject
Project("{9A19103F-16F7-4668-BE54-9A1E7A4F7556}") = "XamlParsing", "Editor\QuickStarts\Parsers\XamlParsing\XamlParsing.csproj", "{E6BCDB0D-E6BE-452B-9950-EC0AA5C1F4D8}"
EndProject
Project("{9A19103F-16F7-4668-BE54-9A1E7A4F7556}") = "DebuggerIntegration", "Scripter\QuickStarts\Debugger\DebuggerIntegration\DebuggerIntegration.csproj", "{F04509EF-DA2D-40E3-B96C-8F58C40A09B8}"
EndProject
Project("{9A19103F-16F7-4668-BE54-9A1E7A4F7556}") = "MemoryAssembly", "Scripter\QuickStarts\MemoryAssembly\MemoryAssembly.csproj", "{336C1C53-1440-4F9F-9D22-483BD3CD5AC7}"
EndProject
Project("{9A19103F-16F7-4668-BE54-9A1E7A4F7556}") = "VisualTheme", "Editor\QuickStarts\VisualTheme\VisualTheme.csproj", "{A6C9E71B-0D72-4F2F-AC8E-9CBC8D455614}"
EndProject
Project("{9A19103F-16F7-4668-BE54-9A1E7A4F7556}") = "TextMateParsing", "Editor\QuickStarts\Parsers\TextMateParsing\TextMateParsing.csproj", "{735B6022-AD7D-4C09-B3D5-3BFCFB7E65DE}"
EndProject
Project("{9A19103F-16F7-4668-BE54-9A1E7A4F7556}") = "PackageReference", "Scripter\QuickStarts\PackageReference\PackageReference.csproj", "{DF5EEDEE-BE80-4141-A742-28578258FAF0}"
EndProject
Project("{2150E333-8FDC-42A3-9474-1A3956D46DE8}") = "Solution Items", "Solution Items", "{2A16DEF1-B240-4172-8027-AAC551CF6C6F}"
	ProjectSection(SolutionItems) = preProject
		.editorconfig = .editorconfig
	EndProjectSection
EndProject
Project("{9A19103F-16F7-4668-BE54-9A1E7A4F7556}") = "ScriptHostObject", "Scripter\QuickStarts\ScriptHostObject\ScriptHostObject.csproj", "{ED51FA49-621A-47FD-B20C-9470F0430196}"
EndProject
Project("{9A19103F-16F7-4668-BE54-9A1E7A4F7556}") = "PowerFxSyntaxParsing", "Editor\QuickStarts\Parsers\PowerFxSyntaxParsing\PowerFxSyntaxParsing.csproj", "{827785AC-88B0-4B26-B693-A816B59BFDED}"
EndProject
Project("{2150E333-8FDC-42A3-9474-1A3956D46DE8}") = "Syntax", "Syntax", "{D4C91F99-E406-46A8-B1FA-38114A386E53}"
EndProject
Project("{FAE04EC0-301F-11D3-BF4B-00C04F79EFBC}") = "DesignInMemory", "FormDesigner\QuickStarts\DesignInMemory\DesignInMemory.csproj", "{068FE376-49EE-48E7-B110-696F912030C6}"
EndProject
Global
	GlobalSection(SolutionConfigurationPlatforms) = preSolution
		Debug|Any CPU = Debug|Any CPU
		Release|Any CPU = Release|Any CPU
		Runtime|Any CPU = Runtime|Any CPU
		Trial|Any CPU = Trial|Any CPU
	EndGlobalSection
	GlobalSection(ProjectConfigurationPlatforms) = postSolution
		{728D5F6E-AA62-49D9-81FC-9BBD167D9263}.Debug|Any CPU.ActiveCfg = Debug|Any CPU
		{728D5F6E-AA62-49D9-81FC-9BBD167D9263}.Debug|Any CPU.Build.0 = Debug|Any CPU
		{728D5F6E-AA62-49D9-81FC-9BBD167D9263}.Release|Any CPU.ActiveCfg = Release|Any CPU
		{728D5F6E-AA62-49D9-81FC-9BBD167D9263}.Release|Any CPU.Build.0 = Release|Any CPU
		{728D5F6E-AA62-49D9-81FC-9BBD167D9263}.Runtime|Any CPU.ActiveCfg = Release|Any CPU
		{728D5F6E-AA62-49D9-81FC-9BBD167D9263}.Runtime|Any CPU.Build.0 = Release|Any CPU
		{728D5F6E-AA62-49D9-81FC-9BBD167D9263}.Trial|Any CPU.ActiveCfg = Release|Any CPU
		{728D5F6E-AA62-49D9-81FC-9BBD167D9263}.Trial|Any CPU.Build.0 = Release|Any CPU
		{AA7DA705-5CD2-4478-B7BC-5AD24EA77FE6}.Debug|Any CPU.ActiveCfg = Debug|Any CPU
		{AA7DA705-5CD2-4478-B7BC-5AD24EA77FE6}.Debug|Any CPU.Build.0 = Debug|Any CPU
		{AA7DA705-5CD2-4478-B7BC-5AD24EA77FE6}.Release|Any CPU.ActiveCfg = Release|Any CPU
		{AA7DA705-5CD2-4478-B7BC-5AD24EA77FE6}.Release|Any CPU.Build.0 = Release|Any CPU
		{AA7DA705-5CD2-4478-B7BC-5AD24EA77FE6}.Runtime|Any CPU.ActiveCfg = Release|Any CPU
		{AA7DA705-5CD2-4478-B7BC-5AD24EA77FE6}.Runtime|Any CPU.Build.0 = Release|Any CPU
		{AA7DA705-5CD2-4478-B7BC-5AD24EA77FE6}.Trial|Any CPU.ActiveCfg = Release|Any CPU
		{AA7DA705-5CD2-4478-B7BC-5AD24EA77FE6}.Trial|Any CPU.Build.0 = Release|Any CPU
		{55A92099-1C8E-4C1A-8C58-4CA422E79C37}.Debug|Any CPU.ActiveCfg = Debug|Any CPU
		{55A92099-1C8E-4C1A-8C58-4CA422E79C37}.Debug|Any CPU.Build.0 = Debug|Any CPU
		{55A92099-1C8E-4C1A-8C58-4CA422E79C37}.Release|Any CPU.ActiveCfg = Release|Any CPU
		{55A92099-1C8E-4C1A-8C58-4CA422E79C37}.Release|Any CPU.Build.0 = Release|Any CPU
		{55A92099-1C8E-4C1A-8C58-4CA422E79C37}.Runtime|Any CPU.ActiveCfg = Release|Any CPU
		{55A92099-1C8E-4C1A-8C58-4CA422E79C37}.Runtime|Any CPU.Build.0 = Release|Any CPU
		{55A92099-1C8E-4C1A-8C58-4CA422E79C37}.Trial|Any CPU.ActiveCfg = Release|Any CPU
		{55A92099-1C8E-4C1A-8C58-4CA422E79C37}.Trial|Any CPU.Build.0 = Release|Any CPU
		{82DD0AE5-CA3A-4682-98B6-3FA4D26FD6F5}.Debug|Any CPU.ActiveCfg = Debug|Any CPU
		{82DD0AE5-CA3A-4682-98B6-3FA4D26FD6F5}.Debug|Any CPU.Build.0 = Debug|Any CPU
		{82DD0AE5-CA3A-4682-98B6-3FA4D26FD6F5}.Release|Any CPU.ActiveCfg = Release|Any CPU
		{82DD0AE5-CA3A-4682-98B6-3FA4D26FD6F5}.Release|Any CPU.Build.0 = Release|Any CPU
		{82DD0AE5-CA3A-4682-98B6-3FA4D26FD6F5}.Runtime|Any CPU.ActiveCfg = Release|Any CPU
		{82DD0AE5-CA3A-4682-98B6-3FA4D26FD6F5}.Runtime|Any CPU.Build.0 = Release|Any CPU
		{82DD0AE5-CA3A-4682-98B6-3FA4D26FD6F5}.Trial|Any CPU.ActiveCfg = Release|Any CPU
		{82DD0AE5-CA3A-4682-98B6-3FA4D26FD6F5}.Trial|Any CPU.Build.0 = Release|Any CPU
		{5C0F2E09-B38F-49C3-B3A0-762E0E50CDA3}.Debug|Any CPU.ActiveCfg = Debug|Any CPU
		{5C0F2E09-B38F-49C3-B3A0-762E0E50CDA3}.Debug|Any CPU.Build.0 = Debug|Any CPU
		{5C0F2E09-B38F-49C3-B3A0-762E0E50CDA3}.Release|Any CPU.ActiveCfg = Release|Any CPU
		{5C0F2E09-B38F-49C3-B3A0-762E0E50CDA3}.Release|Any CPU.Build.0 = Release|Any CPU
		{5C0F2E09-B38F-49C3-B3A0-762E0E50CDA3}.Runtime|Any CPU.ActiveCfg = Release|Any CPU
		{5C0F2E09-B38F-49C3-B3A0-762E0E50CDA3}.Runtime|Any CPU.Build.0 = Release|Any CPU
		{5C0F2E09-B38F-49C3-B3A0-762E0E50CDA3}.Trial|Any CPU.ActiveCfg = Release|Any CPU
		{5C0F2E09-B38F-49C3-B3A0-762E0E50CDA3}.Trial|Any CPU.Build.0 = Release|Any CPU
		{7FB00C28-4C0E-4BEC-8CB0-0EB9584CDCD9}.Debug|Any CPU.ActiveCfg = Debug|Any CPU
		{7FB00C28-4C0E-4BEC-8CB0-0EB9584CDCD9}.Debug|Any CPU.Build.0 = Debug|Any CPU
		{7FB00C28-4C0E-4BEC-8CB0-0EB9584CDCD9}.Release|Any CPU.ActiveCfg = Release|Any CPU
		{7FB00C28-4C0E-4BEC-8CB0-0EB9584CDCD9}.Release|Any CPU.Build.0 = Release|Any CPU
		{7FB00C28-4C0E-4BEC-8CB0-0EB9584CDCD9}.Runtime|Any CPU.ActiveCfg = Release|Any CPU
		{7FB00C28-4C0E-4BEC-8CB0-0EB9584CDCD9}.Runtime|Any CPU.Build.0 = Release|Any CPU
		{7FB00C28-4C0E-4BEC-8CB0-0EB9584CDCD9}.Trial|Any CPU.ActiveCfg = Release|Any CPU
		{7FB00C28-4C0E-4BEC-8CB0-0EB9584CDCD9}.Trial|Any CPU.Build.0 = Release|Any CPU
		{878E65D8-15D3-4761-B242-6AD667A77388}.Debug|Any CPU.ActiveCfg = Debug|Any CPU
		{878E65D8-15D3-4761-B242-6AD667A77388}.Debug|Any CPU.Build.0 = Debug|Any CPU
		{878E65D8-15D3-4761-B242-6AD667A77388}.Release|Any CPU.ActiveCfg = Release|Any CPU
		{878E65D8-15D3-4761-B242-6AD667A77388}.Release|Any CPU.Build.0 = Release|Any CPU
		{878E65D8-15D3-4761-B242-6AD667A77388}.Runtime|Any CPU.ActiveCfg = Release|Any CPU
		{878E65D8-15D3-4761-B242-6AD667A77388}.Runtime|Any CPU.Build.0 = Release|Any CPU
		{878E65D8-15D3-4761-B242-6AD667A77388}.Trial|Any CPU.ActiveCfg = Release|Any CPU
		{878E65D8-15D3-4761-B242-6AD667A77388}.Trial|Any CPU.Build.0 = Release|Any CPU
		{65F8D35F-7E27-4455-9C00-6BAD5B5A2378}.Debug|Any CPU.ActiveCfg = Debug|Any CPU
		{65F8D35F-7E27-4455-9C00-6BAD5B5A2378}.Debug|Any CPU.Build.0 = Debug|Any CPU
		{65F8D35F-7E27-4455-9C00-6BAD5B5A2378}.Release|Any CPU.ActiveCfg = Release|Any CPU
		{65F8D35F-7E27-4455-9C00-6BAD5B5A2378}.Release|Any CPU.Build.0 = Release|Any CPU
		{65F8D35F-7E27-4455-9C00-6BAD5B5A2378}.Runtime|Any CPU.ActiveCfg = Release|Any CPU
		{65F8D35F-7E27-4455-9C00-6BAD5B5A2378}.Runtime|Any CPU.Build.0 = Release|Any CPU
		{65F8D35F-7E27-4455-9C00-6BAD5B5A2378}.Trial|Any CPU.ActiveCfg = Release|Any CPU
		{65F8D35F-7E27-4455-9C00-6BAD5B5A2378}.Trial|Any CPU.Build.0 = Release|Any CPU
		{A0401774-10B6-42E3-B2A1-AAF873D3D60A}.Debug|Any CPU.ActiveCfg = Debug|Any CPU
		{A0401774-10B6-42E3-B2A1-AAF873D3D60A}.Debug|Any CPU.Build.0 = Debug|Any CPU
		{A0401774-10B6-42E3-B2A1-AAF873D3D60A}.Release|Any CPU.ActiveCfg = Release|Any CPU
		{A0401774-10B6-42E3-B2A1-AAF873D3D60A}.Release|Any CPU.Build.0 = Release|Any CPU
		{A0401774-10B6-42E3-B2A1-AAF873D3D60A}.Runtime|Any CPU.ActiveCfg = Release|Any CPU
		{A0401774-10B6-42E3-B2A1-AAF873D3D60A}.Runtime|Any CPU.Build.0 = Release|Any CPU
		{A0401774-10B6-42E3-B2A1-AAF873D3D60A}.Trial|Any CPU.ActiveCfg = Release|Any CPU
		{A0401774-10B6-42E3-B2A1-AAF873D3D60A}.Trial|Any CPU.Build.0 = Release|Any CPU
		{7DBE1FB5-BA09-4E2C-BDBD-9E37D9130566}.Debug|Any CPU.ActiveCfg = Debug|Any CPU
		{7DBE1FB5-BA09-4E2C-BDBD-9E37D9130566}.Debug|Any CPU.Build.0 = Debug|Any CPU
		{7DBE1FB5-BA09-4E2C-BDBD-9E37D9130566}.Release|Any CPU.ActiveCfg = Release|Any CPU
		{7DBE1FB5-BA09-4E2C-BDBD-9E37D9130566}.Release|Any CPU.Build.0 = Release|Any CPU
		{7DBE1FB5-BA09-4E2C-BDBD-9E37D9130566}.Runtime|Any CPU.ActiveCfg = Release|Any CPU
		{7DBE1FB5-BA09-4E2C-BDBD-9E37D9130566}.Runtime|Any CPU.Build.0 = Release|Any CPU
		{7DBE1FB5-BA09-4E2C-BDBD-9E37D9130566}.Trial|Any CPU.ActiveCfg = Release|Any CPU
		{7DBE1FB5-BA09-4E2C-BDBD-9E37D9130566}.Trial|Any CPU.Build.0 = Release|Any CPU
		{C328B6D8-FDC4-4CBE-8775-17B530BC21E5}.Debug|Any CPU.ActiveCfg = Debug|Any CPU
		{C328B6D8-FDC4-4CBE-8775-17B530BC21E5}.Debug|Any CPU.Build.0 = Debug|Any CPU
		{C328B6D8-FDC4-4CBE-8775-17B530BC21E5}.Release|Any CPU.ActiveCfg = Release|Any CPU
		{C328B6D8-FDC4-4CBE-8775-17B530BC21E5}.Release|Any CPU.Build.0 = Release|Any CPU
		{C328B6D8-FDC4-4CBE-8775-17B530BC21E5}.Runtime|Any CPU.ActiveCfg = Release|Any CPU
		{C328B6D8-FDC4-4CBE-8775-17B530BC21E5}.Runtime|Any CPU.Build.0 = Release|Any CPU
		{C328B6D8-FDC4-4CBE-8775-17B530BC21E5}.Trial|Any CPU.ActiveCfg = Release|Any CPU
		{C328B6D8-FDC4-4CBE-8775-17B530BC21E5}.Trial|Any CPU.Build.0 = Release|Any CPU
		{E140A7ED-F712-4E5C-B4B8-8B58FEBD4F69}.Debug|Any CPU.ActiveCfg = Debug|Any CPU
		{E140A7ED-F712-4E5C-B4B8-8B58FEBD4F69}.Debug|Any CPU.Build.0 = Debug|Any CPU
		{E140A7ED-F712-4E5C-B4B8-8B58FEBD4F69}.Release|Any CPU.ActiveCfg = Release|Any CPU
		{E140A7ED-F712-4E5C-B4B8-8B58FEBD4F69}.Release|Any CPU.Build.0 = Release|Any CPU
		{E140A7ED-F712-4E5C-B4B8-8B58FEBD4F69}.Runtime|Any CPU.ActiveCfg = Release|Any CPU
		{E140A7ED-F712-4E5C-B4B8-8B58FEBD4F69}.Runtime|Any CPU.Build.0 = Release|Any CPU
		{E140A7ED-F712-4E5C-B4B8-8B58FEBD4F69}.Trial|Any CPU.ActiveCfg = Release|Any CPU
		{E140A7ED-F712-4E5C-B4B8-8B58FEBD4F69}.Trial|Any CPU.Build.0 = Release|Any CPU
		{76FA7F4A-7D36-40CD-8111-7B8E9DF3558B}.Debug|Any CPU.ActiveCfg = Debug|Any CPU
		{76FA7F4A-7D36-40CD-8111-7B8E9DF3558B}.Debug|Any CPU.Build.0 = Debug|Any CPU
		{76FA7F4A-7D36-40CD-8111-7B8E9DF3558B}.Release|Any CPU.ActiveCfg = Release|Any CPU
		{76FA7F4A-7D36-40CD-8111-7B8E9DF3558B}.Release|Any CPU.Build.0 = Release|Any CPU
		{76FA7F4A-7D36-40CD-8111-7B8E9DF3558B}.Runtime|Any CPU.ActiveCfg = Release|Any CPU
		{76FA7F4A-7D36-40CD-8111-7B8E9DF3558B}.Runtime|Any CPU.Build.0 = Release|Any CPU
		{76FA7F4A-7D36-40CD-8111-7B8E9DF3558B}.Trial|Any CPU.ActiveCfg = Release|Any CPU
		{76FA7F4A-7D36-40CD-8111-7B8E9DF3558B}.Trial|Any CPU.Build.0 = Release|Any CPU
		{79392F4A-0EE6-431A-94B1-ABE3859D415A}.Debug|Any CPU.ActiveCfg = Debug|Any CPU
		{79392F4A-0EE6-431A-94B1-ABE3859D415A}.Debug|Any CPU.Build.0 = Debug|Any CPU
		{79392F4A-0EE6-431A-94B1-ABE3859D415A}.Release|Any CPU.ActiveCfg = Release|Any CPU
		{79392F4A-0EE6-431A-94B1-ABE3859D415A}.Release|Any CPU.Build.0 = Release|Any CPU
		{79392F4A-0EE6-431A-94B1-ABE3859D415A}.Runtime|Any CPU.ActiveCfg = Release|Any CPU
		{79392F4A-0EE6-431A-94B1-ABE3859D415A}.Runtime|Any CPU.Build.0 = Release|Any CPU
		{79392F4A-0EE6-431A-94B1-ABE3859D415A}.Trial|Any CPU.ActiveCfg = Release|Any CPU
		{79392F4A-0EE6-431A-94B1-ABE3859D415A}.Trial|Any CPU.Build.0 = Release|Any CPU
		{C14A7494-7DF0-446B-88F2-089E7DE1011C}.Debug|Any CPU.ActiveCfg = Debug|Any CPU
		{C14A7494-7DF0-446B-88F2-089E7DE1011C}.Debug|Any CPU.Build.0 = Debug|Any CPU
		{C14A7494-7DF0-446B-88F2-089E7DE1011C}.Release|Any CPU.ActiveCfg = Release|Any CPU
		{C14A7494-7DF0-446B-88F2-089E7DE1011C}.Release|Any CPU.Build.0 = Release|Any CPU
		{C14A7494-7DF0-446B-88F2-089E7DE1011C}.Runtime|Any CPU.ActiveCfg = Release|Any CPU
		{C14A7494-7DF0-446B-88F2-089E7DE1011C}.Runtime|Any CPU.Build.0 = Release|Any CPU
		{C14A7494-7DF0-446B-88F2-089E7DE1011C}.Trial|Any CPU.ActiveCfg = Release|Any CPU
		{C14A7494-7DF0-446B-88F2-089E7DE1011C}.Trial|Any CPU.Build.0 = Release|Any CPU
		{DDA52984-8A14-4378-9379-97CF5F73C5F3}.Debug|Any CPU.ActiveCfg = Debug|Any CPU
		{DDA52984-8A14-4378-9379-97CF5F73C5F3}.Debug|Any CPU.Build.0 = Debug|Any CPU
		{DDA52984-8A14-4378-9379-97CF5F73C5F3}.Release|Any CPU.ActiveCfg = Release|Any CPU
		{DDA52984-8A14-4378-9379-97CF5F73C5F3}.Release|Any CPU.Build.0 = Release|Any CPU
		{DDA52984-8A14-4378-9379-97CF5F73C5F3}.Runtime|Any CPU.ActiveCfg = Release|Any CPU
		{DDA52984-8A14-4378-9379-97CF5F73C5F3}.Runtime|Any CPU.Build.0 = Release|Any CPU
		{DDA52984-8A14-4378-9379-97CF5F73C5F3}.Trial|Any CPU.ActiveCfg = Release|Any CPU
		{DDA52984-8A14-4378-9379-97CF5F73C5F3}.Trial|Any CPU.Build.0 = Release|Any CPU
		{BFACA71D-BE0C-491A-9E2D-55DC522859A5}.Debug|Any CPU.ActiveCfg = Debug|Any CPU
		{BFACA71D-BE0C-491A-9E2D-55DC522859A5}.Debug|Any CPU.Build.0 = Debug|Any CPU
		{BFACA71D-BE0C-491A-9E2D-55DC522859A5}.Release|Any CPU.ActiveCfg = Release|Any CPU
		{BFACA71D-BE0C-491A-9E2D-55DC522859A5}.Release|Any CPU.Build.0 = Release|Any CPU
		{BFACA71D-BE0C-491A-9E2D-55DC522859A5}.Runtime|Any CPU.ActiveCfg = Release|Any CPU
		{BFACA71D-BE0C-491A-9E2D-55DC522859A5}.Runtime|Any CPU.Build.0 = Release|Any CPU
		{BFACA71D-BE0C-491A-9E2D-55DC522859A5}.Trial|Any CPU.ActiveCfg = Release|Any CPU
		{BFACA71D-BE0C-491A-9E2D-55DC522859A5}.Trial|Any CPU.Build.0 = Release|Any CPU
		{A90540F9-4677-4A82-B700-2088771BA4C2}.Debug|Any CPU.ActiveCfg = Debug|Any CPU
		{A90540F9-4677-4A82-B700-2088771BA4C2}.Debug|Any CPU.Build.0 = Debug|Any CPU
		{A90540F9-4677-4A82-B700-2088771BA4C2}.Release|Any CPU.ActiveCfg = Release|Any CPU
		{A90540F9-4677-4A82-B700-2088771BA4C2}.Release|Any CPU.Build.0 = Release|Any CPU
		{A90540F9-4677-4A82-B700-2088771BA4C2}.Runtime|Any CPU.ActiveCfg = Release|Any CPU
		{A90540F9-4677-4A82-B700-2088771BA4C2}.Runtime|Any CPU.Build.0 = Release|Any CPU
		{A90540F9-4677-4A82-B700-2088771BA4C2}.Trial|Any CPU.ActiveCfg = Release|Any CPU
		{A90540F9-4677-4A82-B700-2088771BA4C2}.Trial|Any CPU.Build.0 = Release|Any CPU
		{3668B211-1EE0-4DC1-A5EB-B9715870E191}.Debug|Any CPU.ActiveCfg = Debug|Any CPU
		{3668B211-1EE0-4DC1-A5EB-B9715870E191}.Debug|Any CPU.Build.0 = Debug|Any CPU
		{3668B211-1EE0-4DC1-A5EB-B9715870E191}.Release|Any CPU.ActiveCfg = Release|Any CPU
		{3668B211-1EE0-4DC1-A5EB-B9715870E191}.Release|Any CPU.Build.0 = Release|Any CPU
		{3668B211-1EE0-4DC1-A5EB-B9715870E191}.Runtime|Any CPU.ActiveCfg = Release|Any CPU
		{3668B211-1EE0-4DC1-A5EB-B9715870E191}.Runtime|Any CPU.Build.0 = Release|Any CPU
		{3668B211-1EE0-4DC1-A5EB-B9715870E191}.Trial|Any CPU.ActiveCfg = Release|Any CPU
		{3668B211-1EE0-4DC1-A5EB-B9715870E191}.Trial|Any CPU.Build.0 = Release|Any CPU
		{CC50E36E-A726-494F-9220-3194B4C8F120}.Debug|Any CPU.ActiveCfg = Debug|Any CPU
		{CC50E36E-A726-494F-9220-3194B4C8F120}.Debug|Any CPU.Build.0 = Debug|Any CPU
		{CC50E36E-A726-494F-9220-3194B4C8F120}.Release|Any CPU.ActiveCfg = Release|Any CPU
		{CC50E36E-A726-494F-9220-3194B4C8F120}.Release|Any CPU.Build.0 = Release|Any CPU
		{CC50E36E-A726-494F-9220-3194B4C8F120}.Runtime|Any CPU.ActiveCfg = Release|Any CPU
		{CC50E36E-A726-494F-9220-3194B4C8F120}.Runtime|Any CPU.Build.0 = Release|Any CPU
		{CC50E36E-A726-494F-9220-3194B4C8F120}.Trial|Any CPU.ActiveCfg = Release|Any CPU
		{CC50E36E-A726-494F-9220-3194B4C8F120}.Trial|Any CPU.Build.0 = Release|Any CPU
		{48F5006D-2A9E-4225-8336-9DB48BD37AD6}.Debug|Any CPU.ActiveCfg = Debug|Any CPU
		{48F5006D-2A9E-4225-8336-9DB48BD37AD6}.Debug|Any CPU.Build.0 = Debug|Any CPU
		{48F5006D-2A9E-4225-8336-9DB48BD37AD6}.Release|Any CPU.ActiveCfg = Release|Any CPU
		{48F5006D-2A9E-4225-8336-9DB48BD37AD6}.Release|Any CPU.Build.0 = Release|Any CPU
		{48F5006D-2A9E-4225-8336-9DB48BD37AD6}.Runtime|Any CPU.ActiveCfg = Release|Any CPU
		{48F5006D-2A9E-4225-8336-9DB48BD37AD6}.Runtime|Any CPU.Build.0 = Release|Any CPU
		{48F5006D-2A9E-4225-8336-9DB48BD37AD6}.Trial|Any CPU.ActiveCfg = Release|Any CPU
		{48F5006D-2A9E-4225-8336-9DB48BD37AD6}.Trial|Any CPU.Build.0 = Release|Any CPU
		{739EF04B-12A3-4325-B195-48CA40955C15}.Debug|Any CPU.ActiveCfg = Debug|Any CPU
		{739EF04B-12A3-4325-B195-48CA40955C15}.Debug|Any CPU.Build.0 = Debug|Any CPU
		{739EF04B-12A3-4325-B195-48CA40955C15}.Release|Any CPU.ActiveCfg = Release|Any CPU
		{739EF04B-12A3-4325-B195-48CA40955C15}.Release|Any CPU.Build.0 = Release|Any CPU
		{739EF04B-12A3-4325-B195-48CA40955C15}.Runtime|Any CPU.ActiveCfg = Release|Any CPU
		{739EF04B-12A3-4325-B195-48CA40955C15}.Runtime|Any CPU.Build.0 = Release|Any CPU
		{739EF04B-12A3-4325-B195-48CA40955C15}.Trial|Any CPU.ActiveCfg = Release|Any CPU
		{739EF04B-12A3-4325-B195-48CA40955C15}.Trial|Any CPU.Build.0 = Release|Any CPU
		{F948ECF8-51B2-4F7D-AD60-C9BCF7CF3927}.Debug|Any CPU.ActiveCfg = Debug|Any CPU
		{F948ECF8-51B2-4F7D-AD60-C9BCF7CF3927}.Debug|Any CPU.Build.0 = Debug|Any CPU
		{F948ECF8-51B2-4F7D-AD60-C9BCF7CF3927}.Release|Any CPU.ActiveCfg = Release|Any CPU
		{F948ECF8-51B2-4F7D-AD60-C9BCF7CF3927}.Release|Any CPU.Build.0 = Release|Any CPU
		{F948ECF8-51B2-4F7D-AD60-C9BCF7CF3927}.Runtime|Any CPU.ActiveCfg = Release|Any CPU
		{F948ECF8-51B2-4F7D-AD60-C9BCF7CF3927}.Runtime|Any CPU.Build.0 = Release|Any CPU
		{F948ECF8-51B2-4F7D-AD60-C9BCF7CF3927}.Trial|Any CPU.ActiveCfg = Release|Any CPU
		{F948ECF8-51B2-4F7D-AD60-C9BCF7CF3927}.Trial|Any CPU.Build.0 = Release|Any CPU
		{F632B963-F8ED-4302-B54B-1A1ACC6F47F3}.Debug|Any CPU.ActiveCfg = Debug|Any CPU
		{F632B963-F8ED-4302-B54B-1A1ACC6F47F3}.Debug|Any CPU.Build.0 = Debug|Any CPU
		{F632B963-F8ED-4302-B54B-1A1ACC6F47F3}.Release|Any CPU.ActiveCfg = Release|Any CPU
		{F632B963-F8ED-4302-B54B-1A1ACC6F47F3}.Release|Any CPU.Build.0 = Release|Any CPU
		{F632B963-F8ED-4302-B54B-1A1ACC6F47F3}.Runtime|Any CPU.ActiveCfg = Release|Any CPU
		{F632B963-F8ED-4302-B54B-1A1ACC6F47F3}.Runtime|Any CPU.Build.0 = Release|Any CPU
		{F632B963-F8ED-4302-B54B-1A1ACC6F47F3}.Trial|Any CPU.ActiveCfg = Release|Any CPU
		{F632B963-F8ED-4302-B54B-1A1ACC6F47F3}.Trial|Any CPU.Build.0 = Release|Any CPU
		{105FEFD9-36A1-44AA-A675-CD3984AB2879}.Debug|Any CPU.ActiveCfg = Debug|Any CPU
		{105FEFD9-36A1-44AA-A675-CD3984AB2879}.Debug|Any CPU.Build.0 = Debug|Any CPU
		{105FEFD9-36A1-44AA-A675-CD3984AB2879}.Release|Any CPU.ActiveCfg = Release|Any CPU
		{105FEFD9-36A1-44AA-A675-CD3984AB2879}.Release|Any CPU.Build.0 = Release|Any CPU
		{105FEFD9-36A1-44AA-A675-CD3984AB2879}.Runtime|Any CPU.ActiveCfg = Release|Any CPU
		{105FEFD9-36A1-44AA-A675-CD3984AB2879}.Runtime|Any CPU.Build.0 = Release|Any CPU
		{105FEFD9-36A1-44AA-A675-CD3984AB2879}.Trial|Any CPU.ActiveCfg = Release|Any CPU
		{105FEFD9-36A1-44AA-A675-CD3984AB2879}.Trial|Any CPU.Build.0 = Release|Any CPU
		{E85376C0-F087-435A-933D-03FCFDAD2B46}.Debug|Any CPU.ActiveCfg = Debug|Any CPU
		{E85376C0-F087-435A-933D-03FCFDAD2B46}.Debug|Any CPU.Build.0 = Debug|Any CPU
		{E85376C0-F087-435A-933D-03FCFDAD2B46}.Release|Any CPU.ActiveCfg = Release|Any CPU
		{E85376C0-F087-435A-933D-03FCFDAD2B46}.Release|Any CPU.Build.0 = Release|Any CPU
		{E85376C0-F087-435A-933D-03FCFDAD2B46}.Runtime|Any CPU.ActiveCfg = Release|Any CPU
		{E85376C0-F087-435A-933D-03FCFDAD2B46}.Runtime|Any CPU.Build.0 = Release|Any CPU
		{E85376C0-F087-435A-933D-03FCFDAD2B46}.Trial|Any CPU.ActiveCfg = Release|Any CPU
		{E85376C0-F087-435A-933D-03FCFDAD2B46}.Trial|Any CPU.Build.0 = Release|Any CPU
		{65E055A6-1174-425D-98BE-7669FA7A692C}.Debug|Any CPU.ActiveCfg = Debug|Any CPU
		{65E055A6-1174-425D-98BE-7669FA7A692C}.Debug|Any CPU.Build.0 = Debug|Any CPU
		{65E055A6-1174-425D-98BE-7669FA7A692C}.Release|Any CPU.ActiveCfg = Release|Any CPU
		{65E055A6-1174-425D-98BE-7669FA7A692C}.Release|Any CPU.Build.0 = Release|Any CPU
		{65E055A6-1174-425D-98BE-7669FA7A692C}.Runtime|Any CPU.ActiveCfg = Release|Any CPU
		{65E055A6-1174-425D-98BE-7669FA7A692C}.Runtime|Any CPU.Build.0 = Release|Any CPU
		{65E055A6-1174-425D-98BE-7669FA7A692C}.Trial|Any CPU.ActiveCfg = Release|Any CPU
		{65E055A6-1174-425D-98BE-7669FA7A692C}.Trial|Any CPU.Build.0 = Release|Any CPU
		{76479298-DD2A-4BF0-A702-968687A81FDD}.Debug|Any CPU.ActiveCfg = Debug|Any CPU
		{76479298-DD2A-4BF0-A702-968687A81FDD}.Debug|Any CPU.Build.0 = Debug|Any CPU
		{76479298-DD2A-4BF0-A702-968687A81FDD}.Release|Any CPU.ActiveCfg = Release|Any CPU
		{76479298-DD2A-4BF0-A702-968687A81FDD}.Release|Any CPU.Build.0 = Release|Any CPU
		{76479298-DD2A-4BF0-A702-968687A81FDD}.Runtime|Any CPU.ActiveCfg = Release|Any CPU
		{76479298-DD2A-4BF0-A702-968687A81FDD}.Runtime|Any CPU.Build.0 = Release|Any CPU
		{76479298-DD2A-4BF0-A702-968687A81FDD}.Trial|Any CPU.ActiveCfg = Release|Any CPU
		{76479298-DD2A-4BF0-A702-968687A81FDD}.Trial|Any CPU.Build.0 = Release|Any CPU
		{E9CA8667-5BFC-41FD-B8B8-1DA2E745936C}.Debug|Any CPU.ActiveCfg = Debug|Any CPU
		{E9CA8667-5BFC-41FD-B8B8-1DA2E745936C}.Debug|Any CPU.Build.0 = Debug|Any CPU
		{E9CA8667-5BFC-41FD-B8B8-1DA2E745936C}.Release|Any CPU.ActiveCfg = Release|Any CPU
		{E9CA8667-5BFC-41FD-B8B8-1DA2E745936C}.Release|Any CPU.Build.0 = Release|Any CPU
		{E9CA8667-5BFC-41FD-B8B8-1DA2E745936C}.Runtime|Any CPU.ActiveCfg = Release|Any CPU
		{E9CA8667-5BFC-41FD-B8B8-1DA2E745936C}.Runtime|Any CPU.Build.0 = Release|Any CPU
		{E9CA8667-5BFC-41FD-B8B8-1DA2E745936C}.Trial|Any CPU.ActiveCfg = Release|Any CPU
		{E9CA8667-5BFC-41FD-B8B8-1DA2E745936C}.Trial|Any CPU.Build.0 = Release|Any CPU
		{89B55E74-2768-4EA8-9701-37FEF6749446}.Debug|Any CPU.ActiveCfg = Debug|Any CPU
		{89B55E74-2768-4EA8-9701-37FEF6749446}.Debug|Any CPU.Build.0 = Debug|Any CPU
		{89B55E74-2768-4EA8-9701-37FEF6749446}.Release|Any CPU.ActiveCfg = Release|Any CPU
		{89B55E74-2768-4EA8-9701-37FEF6749446}.Release|Any CPU.Build.0 = Release|Any CPU
		{89B55E74-2768-4EA8-9701-37FEF6749446}.Runtime|Any CPU.ActiveCfg = Release|Any CPU
		{89B55E74-2768-4EA8-9701-37FEF6749446}.Runtime|Any CPU.Build.0 = Release|Any CPU
		{89B55E74-2768-4EA8-9701-37FEF6749446}.Trial|Any CPU.ActiveCfg = Release|Any CPU
		{89B55E74-2768-4EA8-9701-37FEF6749446}.Trial|Any CPU.Build.0 = Release|Any CPU
		{E5A19C75-EEA7-46F9-90BC-88E24B901641}.Debug|Any CPU.ActiveCfg = Debug|Any CPU
		{E5A19C75-EEA7-46F9-90BC-88E24B901641}.Debug|Any CPU.Build.0 = Debug|Any CPU
		{E5A19C75-EEA7-46F9-90BC-88E24B901641}.Release|Any CPU.ActiveCfg = Release|Any CPU
		{E5A19C75-EEA7-46F9-90BC-88E24B901641}.Release|Any CPU.Build.0 = Release|Any CPU
		{E5A19C75-EEA7-46F9-90BC-88E24B901641}.Runtime|Any CPU.ActiveCfg = Release|Any CPU
		{E5A19C75-EEA7-46F9-90BC-88E24B901641}.Runtime|Any CPU.Build.0 = Release|Any CPU
		{E5A19C75-EEA7-46F9-90BC-88E24B901641}.Trial|Any CPU.ActiveCfg = Release|Any CPU
		{E5A19C75-EEA7-46F9-90BC-88E24B901641}.Trial|Any CPU.Build.0 = Release|Any CPU
		{3113448B-A298-4982-8D10-6A6CF595E49E}.Debug|Any CPU.ActiveCfg = Debug|Any CPU
		{3113448B-A298-4982-8D10-6A6CF595E49E}.Debug|Any CPU.Build.0 = Debug|Any CPU
		{3113448B-A298-4982-8D10-6A6CF595E49E}.Release|Any CPU.ActiveCfg = Release|Any CPU
		{3113448B-A298-4982-8D10-6A6CF595E49E}.Release|Any CPU.Build.0 = Release|Any CPU
		{3113448B-A298-4982-8D10-6A6CF595E49E}.Runtime|Any CPU.ActiveCfg = Release|Any CPU
		{3113448B-A298-4982-8D10-6A6CF595E49E}.Runtime|Any CPU.Build.0 = Release|Any CPU
		{3113448B-A298-4982-8D10-6A6CF595E49E}.Trial|Any CPU.ActiveCfg = Release|Any CPU
		{3113448B-A298-4982-8D10-6A6CF595E49E}.Trial|Any CPU.Build.0 = Release|Any CPU
		{C722455B-8CA4-45CE-9A93-FBAEAB074C65}.Debug|Any CPU.ActiveCfg = Debug|Any CPU
		{C722455B-8CA4-45CE-9A93-FBAEAB074C65}.Debug|Any CPU.Build.0 = Debug|Any CPU
		{C722455B-8CA4-45CE-9A93-FBAEAB074C65}.Release|Any CPU.ActiveCfg = Release|Any CPU
		{C722455B-8CA4-45CE-9A93-FBAEAB074C65}.Release|Any CPU.Build.0 = Release|Any CPU
		{C722455B-8CA4-45CE-9A93-FBAEAB074C65}.Runtime|Any CPU.ActiveCfg = Release|Any CPU
		{C722455B-8CA4-45CE-9A93-FBAEAB074C65}.Runtime|Any CPU.Build.0 = Release|Any CPU
		{C722455B-8CA4-45CE-9A93-FBAEAB074C65}.Trial|Any CPU.ActiveCfg = Release|Any CPU
		{C722455B-8CA4-45CE-9A93-FBAEAB074C65}.Trial|Any CPU.Build.0 = Release|Any CPU
		{485B1704-33F7-4268-A6EC-5CCB4893AEA3}.Debug|Any CPU.ActiveCfg = Debug|Any CPU
		{485B1704-33F7-4268-A6EC-5CCB4893AEA3}.Debug|Any CPU.Build.0 = Debug|Any CPU
		{485B1704-33F7-4268-A6EC-5CCB4893AEA3}.Release|Any CPU.ActiveCfg = Release|Any CPU
		{485B1704-33F7-4268-A6EC-5CCB4893AEA3}.Release|Any CPU.Build.0 = Release|Any CPU
		{485B1704-33F7-4268-A6EC-5CCB4893AEA3}.Runtime|Any CPU.ActiveCfg = Release|Any CPU
		{485B1704-33F7-4268-A6EC-5CCB4893AEA3}.Runtime|Any CPU.Build.0 = Release|Any CPU
		{485B1704-33F7-4268-A6EC-5CCB4893AEA3}.Trial|Any CPU.ActiveCfg = Release|Any CPU
		{485B1704-33F7-4268-A6EC-5CCB4893AEA3}.Trial|Any CPU.Build.0 = Release|Any CPU
		{0D5F9634-E743-49CD-9309-B25138AD3751}.Debug|Any CPU.ActiveCfg = Debug|Any CPU
		{0D5F9634-E743-49CD-9309-B25138AD3751}.Debug|Any CPU.Build.0 = Debug|Any CPU
		{0D5F9634-E743-49CD-9309-B25138AD3751}.Release|Any CPU.ActiveCfg = Release|Any CPU
		{0D5F9634-E743-49CD-9309-B25138AD3751}.Release|Any CPU.Build.0 = Release|Any CPU
		{0D5F9634-E743-49CD-9309-B25138AD3751}.Runtime|Any CPU.ActiveCfg = Release|Any CPU
		{0D5F9634-E743-49CD-9309-B25138AD3751}.Runtime|Any CPU.Build.0 = Release|Any CPU
		{0D5F9634-E743-49CD-9309-B25138AD3751}.Trial|Any CPU.ActiveCfg = Release|Any CPU
		{0D5F9634-E743-49CD-9309-B25138AD3751}.Trial|Any CPU.Build.0 = Release|Any CPU
		{1301ECAB-83E2-4F57-B0D0-0AC5D485D568}.Debug|Any CPU.ActiveCfg = Debug|Any CPU
		{1301ECAB-83E2-4F57-B0D0-0AC5D485D568}.Debug|Any CPU.Build.0 = Debug|Any CPU
		{1301ECAB-83E2-4F57-B0D0-0AC5D485D568}.Release|Any CPU.ActiveCfg = Release|Any CPU
		{1301ECAB-83E2-4F57-B0D0-0AC5D485D568}.Release|Any CPU.Build.0 = Release|Any CPU
		{1301ECAB-83E2-4F57-B0D0-0AC5D485D568}.Runtime|Any CPU.ActiveCfg = Release|Any CPU
		{1301ECAB-83E2-4F57-B0D0-0AC5D485D568}.Runtime|Any CPU.Build.0 = Release|Any CPU
		{1301ECAB-83E2-4F57-B0D0-0AC5D485D568}.Trial|Any CPU.ActiveCfg = Release|Any CPU
		{1301ECAB-83E2-4F57-B0D0-0AC5D485D568}.Trial|Any CPU.Build.0 = Release|Any CPU
		{D1836287-BBD4-48CE-AAB6-3969980D38AB}.Debug|Any CPU.ActiveCfg = Debug|Any CPU
		{D1836287-BBD4-48CE-AAB6-3969980D38AB}.Debug|Any CPU.Build.0 = Debug|Any CPU
		{D1836287-BBD4-48CE-AAB6-3969980D38AB}.Release|Any CPU.ActiveCfg = Release|Any CPU
		{D1836287-BBD4-48CE-AAB6-3969980D38AB}.Release|Any CPU.Build.0 = Release|Any CPU
		{D1836287-BBD4-48CE-AAB6-3969980D38AB}.Runtime|Any CPU.ActiveCfg = Release|Any CPU
		{D1836287-BBD4-48CE-AAB6-3969980D38AB}.Runtime|Any CPU.Build.0 = Release|Any CPU
		{D1836287-BBD4-48CE-AAB6-3969980D38AB}.Trial|Any CPU.ActiveCfg = Release|Any CPU
		{D1836287-BBD4-48CE-AAB6-3969980D38AB}.Trial|Any CPU.Build.0 = Release|Any CPU
		{C6EF4CEF-CF88-43AF-B723-0E44D093720E}.Debug|Any CPU.ActiveCfg = Debug|Any CPU
		{C6EF4CEF-CF88-43AF-B723-0E44D093720E}.Debug|Any CPU.Build.0 = Debug|Any CPU
		{C6EF4CEF-CF88-43AF-B723-0E44D093720E}.Release|Any CPU.ActiveCfg = Release|Any CPU
		{C6EF4CEF-CF88-43AF-B723-0E44D093720E}.Release|Any CPU.Build.0 = Release|Any CPU
		{C6EF4CEF-CF88-43AF-B723-0E44D093720E}.Runtime|Any CPU.ActiveCfg = Release|Any CPU
		{C6EF4CEF-CF88-43AF-B723-0E44D093720E}.Runtime|Any CPU.Build.0 = Release|Any CPU
		{C6EF4CEF-CF88-43AF-B723-0E44D093720E}.Trial|Any CPU.ActiveCfg = Release|Any CPU
		{C6EF4CEF-CF88-43AF-B723-0E44D093720E}.Trial|Any CPU.Build.0 = Release|Any CPU
		{E6BCDB0D-E6BE-452B-9950-EC0AA5C1F4D8}.Debug|Any CPU.ActiveCfg = Debug|Any CPU
		{E6BCDB0D-E6BE-452B-9950-EC0AA5C1F4D8}.Debug|Any CPU.Build.0 = Debug|Any CPU
		{E6BCDB0D-E6BE-452B-9950-EC0AA5C1F4D8}.Release|Any CPU.ActiveCfg = Release|Any CPU
		{E6BCDB0D-E6BE-452B-9950-EC0AA5C1F4D8}.Release|Any CPU.Build.0 = Release|Any CPU
		{E6BCDB0D-E6BE-452B-9950-EC0AA5C1F4D8}.Runtime|Any CPU.ActiveCfg = Release|Any CPU
		{E6BCDB0D-E6BE-452B-9950-EC0AA5C1F4D8}.Runtime|Any CPU.Build.0 = Release|Any CPU
		{E6BCDB0D-E6BE-452B-9950-EC0AA5C1F4D8}.Trial|Any CPU.ActiveCfg = Release|Any CPU
		{E6BCDB0D-E6BE-452B-9950-EC0AA5C1F4D8}.Trial|Any CPU.Build.0 = Release|Any CPU
		{F04509EF-DA2D-40E3-B96C-8F58C40A09B8}.Debug|Any CPU.ActiveCfg = Debug|Any CPU
		{F04509EF-DA2D-40E3-B96C-8F58C40A09B8}.Debug|Any CPU.Build.0 = Debug|Any CPU
		{F04509EF-DA2D-40E3-B96C-8F58C40A09B8}.Release|Any CPU.ActiveCfg = Release|Any CPU
		{F04509EF-DA2D-40E3-B96C-8F58C40A09B8}.Release|Any CPU.Build.0 = Release|Any CPU
		{F04509EF-DA2D-40E3-B96C-8F58C40A09B8}.Runtime|Any CPU.ActiveCfg = Release|Any CPU
		{F04509EF-DA2D-40E3-B96C-8F58C40A09B8}.Runtime|Any CPU.Build.0 = Release|Any CPU
		{F04509EF-DA2D-40E3-B96C-8F58C40A09B8}.Trial|Any CPU.ActiveCfg = Debug|Any CPU
		{F04509EF-DA2D-40E3-B96C-8F58C40A09B8}.Trial|Any CPU.Build.0 = Debug|Any CPU
		{336C1C53-1440-4F9F-9D22-483BD3CD5AC7}.Debug|Any CPU.ActiveCfg = Debug|Any CPU
		{336C1C53-1440-4F9F-9D22-483BD3CD5AC7}.Debug|Any CPU.Build.0 = Debug|Any CPU
		{336C1C53-1440-4F9F-9D22-483BD3CD5AC7}.Release|Any CPU.ActiveCfg = Release|Any CPU
		{336C1C53-1440-4F9F-9D22-483BD3CD5AC7}.Release|Any CPU.Build.0 = Release|Any CPU
		{336C1C53-1440-4F9F-9D22-483BD3CD5AC7}.Runtime|Any CPU.ActiveCfg = Release|Any CPU
		{336C1C53-1440-4F9F-9D22-483BD3CD5AC7}.Runtime|Any CPU.Build.0 = Release|Any CPU
		{336C1C53-1440-4F9F-9D22-483BD3CD5AC7}.Trial|Any CPU.ActiveCfg = Debug|Any CPU
		{336C1C53-1440-4F9F-9D22-483BD3CD5AC7}.Trial|Any CPU.Build.0 = Debug|Any CPU
		{A6C9E71B-0D72-4F2F-AC8E-9CBC8D455614}.Debug|Any CPU.ActiveCfg = Debug|Any CPU
		{A6C9E71B-0D72-4F2F-AC8E-9CBC8D455614}.Debug|Any CPU.Build.0 = Debug|Any CPU
		{A6C9E71B-0D72-4F2F-AC8E-9CBC8D455614}.Release|Any CPU.ActiveCfg = Release|Any CPU
		{A6C9E71B-0D72-4F2F-AC8E-9CBC8D455614}.Release|Any CPU.Build.0 = Release|Any CPU
		{A6C9E71B-0D72-4F2F-AC8E-9CBC8D455614}.Runtime|Any CPU.ActiveCfg = Release|Any CPU
		{A6C9E71B-0D72-4F2F-AC8E-9CBC8D455614}.Runtime|Any CPU.Build.0 = Release|Any CPU
		{A6C9E71B-0D72-4F2F-AC8E-9CBC8D455614}.Trial|Any CPU.ActiveCfg = Debug|Any CPU
		{A6C9E71B-0D72-4F2F-AC8E-9CBC8D455614}.Trial|Any CPU.Build.0 = Debug|Any CPU
		{735B6022-AD7D-4C09-B3D5-3BFCFB7E65DE}.Debug|Any CPU.ActiveCfg = Debug|Any CPU
		{735B6022-AD7D-4C09-B3D5-3BFCFB7E65DE}.Debug|Any CPU.Build.0 = Debug|Any CPU
		{735B6022-AD7D-4C09-B3D5-3BFCFB7E65DE}.Release|Any CPU.ActiveCfg = Release|Any CPU
		{735B6022-AD7D-4C09-B3D5-3BFCFB7E65DE}.Release|Any CPU.Build.0 = Release|Any CPU
		{735B6022-AD7D-4C09-B3D5-3BFCFB7E65DE}.Runtime|Any CPU.ActiveCfg = Release|Any CPU
		{735B6022-AD7D-4C09-B3D5-3BFCFB7E65DE}.Runtime|Any CPU.Build.0 = Release|Any CPU
		{735B6022-AD7D-4C09-B3D5-3BFCFB7E65DE}.Trial|Any CPU.ActiveCfg = Debug|Any CPU
		{735B6022-AD7D-4C09-B3D5-3BFCFB7E65DE}.Trial|Any CPU.Build.0 = Debug|Any CPU
		{DF5EEDEE-BE80-4141-A742-28578258FAF0}.Debug|Any CPU.ActiveCfg = Debug|Any CPU
		{DF5EEDEE-BE80-4141-A742-28578258FAF0}.Debug|Any CPU.Build.0 = Debug|Any CPU
		{DF5EEDEE-BE80-4141-A742-28578258FAF0}.Release|Any CPU.ActiveCfg = Release|Any CPU
		{DF5EEDEE-BE80-4141-A742-28578258FAF0}.Release|Any CPU.Build.0 = Release|Any CPU
		{DF5EEDEE-BE80-4141-A742-28578258FAF0}.Runtime|Any CPU.ActiveCfg = Release|Any CPU
		{DF5EEDEE-BE80-4141-A742-28578258FAF0}.Runtime|Any CPU.Build.0 = Release|Any CPU
		{DF5EEDEE-BE80-4141-A742-28578258FAF0}.Trial|Any CPU.ActiveCfg = Debug|Any CPU
		{DF5EEDEE-BE80-4141-A742-28578258FAF0}.Trial|Any CPU.Build.0 = Debug|Any CPU
		{ED51FA49-621A-47FD-B20C-9470F0430196}.Debug|Any CPU.ActiveCfg = Debug|Any CPU
		{ED51FA49-621A-47FD-B20C-9470F0430196}.Debug|Any CPU.Build.0 = Debug|Any CPU
		{ED51FA49-621A-47FD-B20C-9470F0430196}.Release|Any CPU.ActiveCfg = Release|Any CPU
		{ED51FA49-621A-47FD-B20C-9470F0430196}.Release|Any CPU.Build.0 = Release|Any CPU
		{ED51FA49-621A-47FD-B20C-9470F0430196}.Runtime|Any CPU.ActiveCfg = Release|Any CPU
		{ED51FA49-621A-47FD-B20C-9470F0430196}.Runtime|Any CPU.Build.0 = Release|Any CPU
		{ED51FA49-621A-47FD-B20C-9470F0430196}.Trial|Any CPU.ActiveCfg = Debug|Any CPU
		{ED51FA49-621A-47FD-B20C-9470F0430196}.Trial|Any CPU.Build.0 = Debug|Any CPU
		{827785AC-88B0-4B26-B693-A816B59BFDED}.Debug|Any CPU.ActiveCfg = Debug|Any CPU
		{827785AC-88B0-4B26-B693-A816B59BFDED}.Debug|Any CPU.Build.0 = Debug|Any CPU
		{827785AC-88B0-4B26-B693-A816B59BFDED}.Release|Any CPU.ActiveCfg = Release|Any CPU
		{827785AC-88B0-4B26-B693-A816B59BFDED}.Release|Any CPU.Build.0 = Release|Any CPU
		{827785AC-88B0-4B26-B693-A816B59BFDED}.Runtime|Any CPU.ActiveCfg = Release|Any CPU
		{827785AC-88B0-4B26-B693-A816B59BFDED}.Runtime|Any CPU.Build.0 = Release|Any CPU
		{827785AC-88B0-4B26-B693-A816B59BFDED}.Trial|Any CPU.ActiveCfg = Debug|Any CPU
		{827785AC-88B0-4B26-B693-A816B59BFDED}.Trial|Any CPU.Build.0 = Debug|Any CPU
		{068FE376-49EE-48E7-B110-696F912030C6}.Debug|Any CPU.ActiveCfg = Debug|Any CPU
		{068FE376-49EE-48E7-B110-696F912030C6}.Debug|Any CPU.Build.0 = Debug|Any CPU
		{068FE376-49EE-48E7-B110-696F912030C6}.Release|Any CPU.ActiveCfg = Release|Any CPU
		{068FE376-49EE-48E7-B110-696F912030C6}.Release|Any CPU.Build.0 = Release|Any CPU
		{068FE376-49EE-48E7-B110-696F912030C6}.Runtime|Any CPU.ActiveCfg = Release|Any CPU
		{068FE376-49EE-48E7-B110-696F912030C6}.Runtime|Any CPU.Build.0 = Release|Any CPU
		{068FE376-49EE-48E7-B110-696F912030C6}.Trial|Any CPU.ActiveCfg = Debug|Any CPU
		{068FE376-49EE-48E7-B110-696F912030C6}.Trial|Any CPU.Build.0 = Debug|Any CPU
	EndGlobalSection
	GlobalSection(SolutionProperties) = preSolution
		HideSolutionNode = FALSE
	EndGlobalSection
	GlobalSection(NestedProjects) = preSolution
		{728D5F6E-AA62-49D9-81FC-9BBD167D9263} = {4F09B5EB-7FF9-4112-887C-736BDF1799B4}
		{AA7DA705-5CD2-4478-B7BC-5AD24EA77FE6} = {FF9044DD-98D8-4E04-BAD2-B66FF733CF26}
		{55A92099-1C8E-4C1A-8C58-4CA422E79C37} = {FF9044DD-98D8-4E04-BAD2-B66FF733CF26}
		{82DD0AE5-CA3A-4682-98B6-3FA4D26FD6F5} = {FF9044DD-98D8-4E04-BAD2-B66FF733CF26}
		{5C0F2E09-B38F-49C3-B3A0-762E0E50CDA3} = {FF9044DD-98D8-4E04-BAD2-B66FF733CF26}
		{7FB00C28-4C0E-4BEC-8CB0-0EB9584CDCD9} = {FF9044DD-98D8-4E04-BAD2-B66FF733CF26}
		{878E65D8-15D3-4761-B242-6AD667A77388} = {4F09B5EB-7FF9-4112-887C-736BDF1799B4}
		{4F09B5EB-7FF9-4112-887C-736BDF1799B4} = {FF9044DD-98D8-4E04-BAD2-B66FF733CF26}
		{FF9044DD-98D8-4E04-BAD2-B66FF733CF26} = {4F38AF26-C3CB-4999-8EC9-46F23C30720E}
		{66175006-53A3-4934-9CAA-580B07B9D835} = {4F38AF26-C3CB-4999-8EC9-46F23C30720E}
		{65F8D35F-7E27-4455-9C00-6BAD5B5A2378} = {45C6FD0B-0D9E-42AF-A446-9F36498A2E7F}
		{A0401774-10B6-42E3-B2A1-AAF873D3D60A} = {66175006-53A3-4934-9CAA-580B07B9D835}
		{7DBE1FB5-BA09-4E2C-BDBD-9E37D9130566} = {66175006-53A3-4934-9CAA-580B07B9D835}
		{C328B6D8-FDC4-4CBE-8775-17B530BC21E5} = {66175006-53A3-4934-9CAA-580B07B9D835}
		{E140A7ED-F712-4E5C-B4B8-8B58FEBD4F69} = {66175006-53A3-4934-9CAA-580B07B9D835}
		{76FA7F4A-7D36-40CD-8111-7B8E9DF3558B} = {66175006-53A3-4934-9CAA-580B07B9D835}
		{79392F4A-0EE6-431A-94B1-ABE3859D415A} = {66175006-53A3-4934-9CAA-580B07B9D835}
		{C14A7494-7DF0-446B-88F2-089E7DE1011C} = {66175006-53A3-4934-9CAA-580B07B9D835}
		{DDA52984-8A14-4378-9379-97CF5F73C5F3} = {66175006-53A3-4934-9CAA-580B07B9D835}
		{BFACA71D-BE0C-491A-9E2D-55DC522859A5} = {66175006-53A3-4934-9CAA-580B07B9D835}
		{A90540F9-4677-4A82-B700-2088771BA4C2} = {66175006-53A3-4934-9CAA-580B07B9D835}
		{3668B211-1EE0-4DC1-A5EB-B9715870E191} = {66175006-53A3-4934-9CAA-580B07B9D835}
		{CC50E36E-A726-494F-9220-3194B4C8F120} = {66175006-53A3-4934-9CAA-580B07B9D835}
		{48F5006D-2A9E-4225-8336-9DB48BD37AD6} = {45C6FD0B-0D9E-42AF-A446-9F36498A2E7F}
		{739EF04B-12A3-4325-B195-48CA40955C15} = {66175006-53A3-4934-9CAA-580B07B9D835}
		{F948ECF8-51B2-4F7D-AD60-C9BCF7CF3927} = {66175006-53A3-4934-9CAA-580B07B9D835}
		{F632B963-F8ED-4302-B54B-1A1ACC6F47F3} = {66175006-53A3-4934-9CAA-580B07B9D835}
		{105FEFD9-36A1-44AA-A675-CD3984AB2879} = {66175006-53A3-4934-9CAA-580B07B9D835}
		{E85376C0-F087-435A-933D-03FCFDAD2B46} = {66175006-53A3-4934-9CAA-580B07B9D835}
		{65E055A6-1174-425D-98BE-7669FA7A692C} = {8892452B-86A3-4C3C-BFBC-F7CAF6068E78}
		{76479298-DD2A-4BF0-A702-968687A81FDD} = {8892452B-86A3-4C3C-BFBC-F7CAF6068E78}
		{E9CA8667-5BFC-41FD-B8B8-1DA2E745936C} = {8892452B-86A3-4C3C-BFBC-F7CAF6068E78}
		{89B55E74-2768-4EA8-9701-37FEF6749446} = {66175006-53A3-4934-9CAA-580B07B9D835}
		{91F2B2C1-32CD-4423-A099-1ECA302FF42A} = {4F38AF26-C3CB-4999-8EC9-46F23C30720E}
		{E5A19C75-EEA7-46F9-90BC-88E24B901641} = {91F2B2C1-32CD-4423-A099-1ECA302FF42A}
		{3113448B-A298-4982-8D10-6A6CF595E49E} = {91F2B2C1-32CD-4423-A099-1ECA302FF42A}
		{C722455B-8CA4-45CE-9A93-FBAEAB074C65} = {91F2B2C1-32CD-4423-A099-1ECA302FF42A}
		{485B1704-33F7-4268-A6EC-5CCB4893AEA3} = {66175006-53A3-4934-9CAA-580B07B9D835}
		{0D5F9634-E743-49CD-9309-B25138AD3751} = {45C6FD0B-0D9E-42AF-A446-9F36498A2E7F}
		{1301ECAB-83E2-4F57-B0D0-0AC5D485D568} = {45C6FD0B-0D9E-42AF-A446-9F36498A2E7F}
		{45C6FD0B-0D9E-42AF-A446-9F36498A2E7F} = {66175006-53A3-4934-9CAA-580B07B9D835}
		{D1836287-BBD4-48CE-AAB6-3969980D38AB} = {FF9044DD-98D8-4E04-BAD2-B66FF733CF26}
		{C6EF4CEF-CF88-43AF-B723-0E44D093720E} = {8892452B-86A3-4C3C-BFBC-F7CAF6068E78}
		{E6BCDB0D-E6BE-452B-9950-EC0AA5C1F4D8} = {45C6FD0B-0D9E-42AF-A446-9F36498A2E7F}
		{F04509EF-DA2D-40E3-B96C-8F58C40A09B8} = {4F09B5EB-7FF9-4112-887C-736BDF1799B4}
		{336C1C53-1440-4F9F-9D22-483BD3CD5AC7} = {FF9044DD-98D8-4E04-BAD2-B66FF733CF26}
		{A6C9E71B-0D72-4F2F-AC8E-9CBC8D455614} = {66175006-53A3-4934-9CAA-580B07B9D835}
		{735B6022-AD7D-4C09-B3D5-3BFCFB7E65DE} = {45C6FD0B-0D9E-42AF-A446-9F36498A2E7F}
		{DF5EEDEE-BE80-4141-A742-28578258FAF0} = {FF9044DD-98D8-4E04-BAD2-B66FF733CF26}
		{ED51FA49-621A-47FD-B20C-9470F0430196} = {FF9044DD-98D8-4E04-BAD2-B66FF733CF26}
		{827785AC-88B0-4B26-B693-A816B59BFDED} = {45C6FD0B-0D9E-42AF-A446-9F36498A2E7F}
		{068FE376-49EE-48E7-B110-696F912030C6} = {91F2B2C1-32CD-4423-A099-1ECA302FF42A}
	EndGlobalSection
	GlobalSection(ExtensibilityGlobals) = postSolution
		SolutionGuid = {F273BD5C-AD6F-4106-A530-507C5A115BBC}
	EndGlobalSection
EndGlobal
