
Microsoft Visual Studio Solution File, Format Version 12.00
# Visual Studio Version 17
VisualStudioVersion = 17.0.31912.275
MinimumVisualStudioVersion = 10.0.40219.1
Project("{2150E333-8FDC-42A3-9474-1A3956D46DE8}") = "QuickStarts", "QuickStarts", "{4F38AF26-C3CB-4999-8EC9-46F23C30720E}"
EndProject
Project("{2150E333-8FDC-42A3-9474-1A3956D46DE8}") = "Scripter", "Scripter", "{FF9044DD-98D8-4E04-BAD2-B66FF733CF26}"
EndProject
Project("{2150E333-8FDC-42A3-9474-1A3956D46DE8}") = "Demos", "Demos", "{05FA0710-6BAC-44A6-8728-D1242C0C6F97}"
EndProject
Project("{2150E333-8FDC-42A3-9474-1A3956D46DE8}") = "Debugger", "Debugger", "{6B4421C3-DFEE-4741-8ED6-5C14502DC4FC}"
EndProject
Project("{9A19103F-16F7-4668-BE54-9A1E7A4F7556}") = "DebuggerIntegration.IronPython", "Scripter.IronPython\QuickStarts\Debugger\DebuggerIntegration\DebuggerIntegration.IronPython.csproj", "{41A7C602-B675-4BB8-A69D-D5D22E74497F}"
EndProject
Project("{9A19103F-16F7-4668-BE54-9A1E7A4F7556}") = "CallMethod", "Scripter.IronPython\QuickStarts\CallMethod\CallMethod.csproj", "{0852B823-44B8-408D-A668-8E875747ED79}"
EndProject
Project("{9A19103F-16F7-4668-BE54-9A1E7A4F7556}") = "ObjectReference", "Scripter.IronPython\QuickStarts\ObjectReference\ObjectReference.csproj", "{ED691CEC-44F2-4DE4-9ED2-5764BCFA843F}"
EndProject
Project("{9A19103F-16F7-4668-BE54-9A1E7A4F7556}") = "CustomAssembly", "Scripter.IronPython\QuickStarts\CustomAssembly\CustomAssembly.csproj", "{BBB7CA94-C9FE-4A22-A8E0-BFB58FDF7FEE}"
EndProject
Project("{9A19103F-16F7-4668-BE54-9A1E7A4F7556}") = "Threading", "Scripter.IronPython\QuickStarts\Threading\Threading.csproj", "{77D0002B-2E14-4CEA-846E-4F5EE4C86AF2}"
EndProject
Project("{9A19103F-16F7-4668-BE54-9A1E7A4F7556}") = "ExpressionEvaluation", "Scripter.IronPython\QuickStarts\ExpressionEvaluation\ExpressionEvaluation.csproj", "{E5550F4F-5249-4C47-A2F9-B8733CE8A388}"
EndProject
Project("{9A19103F-16F7-4668-BE54-9A1E7A4F7556}") = "AlternetStudio.IronPython", "Studio.IronPython\AlternetStudio.IronPython.csproj", "{F79AF8EC-4743-437C-AFBA-C934DF45C53D}"
EndProject
Project("{2150E333-8FDC-42A3-9474-1A3956D46DE8}") = "Editor", "Editor", "{B14BCEBA-086D-4CC7-ABE7-10AC048BB933}"
EndProject
Project("{2150E333-8FDC-42A3-9474-1A3956D46DE8}") = "Parsers", "Parsers", "{DAF7C2E7-7E84-4AA0-BFC5-ED5B6AD3F5F0}"
EndProject
Project("{9A19103F-16F7-4668-BE54-9A1E7A4F7556}") = "PythonParser", "Editor.Python\QuickStarts\Parsers\PythonParser\PythonParser.csproj", "{9619BEFB-B8E7-4E06-B274-64BA0026BAD3}"
EndProject
Project("{9A19103F-16F7-4668-BE54-9A1E7A4F7556}") = "FormDesigner.IronPython", "FormDesigner.IronPython\Demos\FormDesigner\FormDesigner.IronPython.csproj", "{87A13529-1F6F-4BD5-87FF-91DE1F779755}"
EndProject
Project("{2150E333-8FDC-42A3-9474-1A3956D46DE8}") = "Designer", "Designer", "{EE11706C-5455-4B80-BFB9-C549EFA3C6D9}"
EndProject
Project("{9A19103F-16F7-4668-BE54-9A1E7A4F7556}") = "DesignAndRun", "FormDesigner.IronPython\QuickStarts\DesignAndRun\DesignAndRun.csproj", "{4619F151-EA3F-409D-81DD-C55CF33FCCB0}"
EndProject
Project("{9A19103F-16F7-4668-BE54-9A1E7A4F7556}") = "CustomizeToolbox", "FormDesigner.IronPython\QuickStarts\CustomizeToolbox\CustomizeToolbox.csproj", "{426CB36B-039E-413F-ABFC-EF8E52568FC7}"
EndProject
Project("{9A19103F-16F7-4668-BE54-9A1E7A4F7556}") = "LoadAndSave", "FormDesigner.IronPython\QuickStarts\LoadAndSave\LoadAndSave.csproj", "{5B704900-9EF3-4FC8-9B3C-2743D4AF2781}"
EndProject
Project("{9A19103F-16F7-4668-BE54-9A1E7A4F7556}") = "DebuggerUIThread.IronPython", "Scripter.IronPython\QuickStarts\Debugger\DebuggerUIThread\DebuggerUIThread.IronPython.csproj", "{D228BF38-C608-4EC1-921B-03D958E90F7C}"
EndProject
Global
	GlobalSection(SolutionConfigurationPlatforms) = preSolution
		Debug|Any CPU = Debug|Any CPU
		Release|Any CPU = Release|Any CPU
		Runtime|Any CPU = Runtime|Any CPU
		Trial|Any CPU = Trial|Any CPU
	EndGlobalSection
	GlobalSection(ProjectConfigurationPlatforms) = postSolution
		{41A7C602-B675-4BB8-A69D-D5D22E74497F}.Debug|Any CPU.ActiveCfg = Debug|Any CPU
		{41A7C602-B675-4BB8-A69D-D5D22E74497F}.Debug|Any CPU.Build.0 = Debug|Any CPU
		{41A7C602-B675-4BB8-A69D-D5D22E74497F}.Release|Any CPU.ActiveCfg = Release|Any CPU
		{41A7C602-B675-4BB8-A69D-D5D22E74497F}.Release|Any CPU.Build.0 = Release|Any CPU
		{41A7C602-B675-4BB8-A69D-D5D22E74497F}.Runtime|Any CPU.ActiveCfg = Release|Any CPU
		{41A7C602-B675-4BB8-A69D-D5D22E74497F}.Runtime|Any CPU.Build.0 = Release|Any CPU
		{41A7C602-B675-4BB8-A69D-D5D22E74497F}.Trial|Any CPU.ActiveCfg = Debug|Any CPU
		{41A7C602-B675-4BB8-A69D-D5D22E74497F}.Trial|Any CPU.Build.0 = Debug|Any CPU
		{0852B823-44B8-408D-A668-8E875747ED79}.Debug|Any CPU.ActiveCfg = Debug|Any CPU
		{0852B823-44B8-408D-A668-8E875747ED79}.Debug|Any CPU.Build.0 = Debug|Any CPU
		{0852B823-44B8-408D-A668-8E875747ED79}.Release|Any CPU.ActiveCfg = Release|Any CPU
		{0852B823-44B8-408D-A668-8E875747ED79}.Release|Any CPU.Build.0 = Release|Any CPU
		{0852B823-44B8-408D-A668-8E875747ED79}.Runtime|Any CPU.ActiveCfg = Release|Any CPU
		{0852B823-44B8-408D-A668-8E875747ED79}.Runtime|Any CPU.Build.0 = Release|Any CPU
		{0852B823-44B8-408D-A668-8E875747ED79}.Trial|Any CPU.ActiveCfg = Debug|Any CPU
		{0852B823-44B8-408D-A668-8E875747ED79}.Trial|Any CPU.Build.0 = Debug|Any CPU
		{ED691CEC-44F2-4DE4-9ED2-5764BCFA843F}.Debug|Any CPU.ActiveCfg = Debug|Any CPU
		{ED691CEC-44F2-4DE4-9ED2-5764BCFA843F}.Debug|Any CPU.Build.0 = Debug|Any CPU
		{ED691CEC-44F2-4DE4-9ED2-5764BCFA843F}.Release|Any CPU.ActiveCfg = Release|Any CPU
		{ED691CEC-44F2-4DE4-9ED2-5764BCFA843F}.Release|Any CPU.Build.0 = Release|Any CPU
		{ED691CEC-44F2-4DE4-9ED2-5764BCFA843F}.Runtime|Any CPU.ActiveCfg = Release|Any CPU
		{ED691CEC-44F2-4DE4-9ED2-5764BCFA843F}.Runtime|Any CPU.Build.0 = Release|Any CPU
		{ED691CEC-44F2-4DE4-9ED2-5764BCFA843F}.Trial|Any CPU.ActiveCfg = Debug|Any CPU
		{ED691CEC-44F2-4DE4-9ED2-5764BCFA843F}.Trial|Any CPU.Build.0 = Debug|Any CPU
		{BBB7CA94-C9FE-4A22-A8E0-BFB58FDF7FEE}.Debug|Any CPU.ActiveCfg = Debug|Any CPU
		{BBB7CA94-C9FE-4A22-A8E0-BFB58FDF7FEE}.Debug|Any CPU.Build.0 = Debug|Any CPU
		{BBB7CA94-C9FE-4A22-A8E0-BFB58FDF7FEE}.Release|Any CPU.ActiveCfg = Release|Any CPU
		{BBB7CA94-C9FE-4A22-A8E0-BFB58FDF7FEE}.Release|Any CPU.Build.0 = Release|Any CPU
		{BBB7CA94-C9FE-4A22-A8E0-BFB58FDF7FEE}.Runtime|Any CPU.ActiveCfg = Release|Any CPU
		{BBB7CA94-C9FE-4A22-A8E0-BFB58FDF7FEE}.Runtime|Any CPU.Build.0 = Release|Any CPU
		{BBB7CA94-C9FE-4A22-A8E0-BFB58FDF7FEE}.Trial|Any CPU.ActiveCfg = Debug|Any CPU
		{BBB7CA94-C9FE-4A22-A8E0-BFB58FDF7FEE}.Trial|Any CPU.Build.0 = Debug|Any CPU
		{77D0002B-2E14-4CEA-846E-4F5EE4C86AF2}.Debug|Any CPU.ActiveCfg = Debug|Any CPU
		{77D0002B-2E14-4CEA-846E-4F5EE4C86AF2}.Debug|Any CPU.Build.0 = Debug|Any CPU
		{77D0002B-2E14-4CEA-846E-4F5EE4C86AF2}.Release|Any CPU.ActiveCfg = Release|Any CPU
		{77D0002B-2E14-4CEA-846E-4F5EE4C86AF2}.Release|Any CPU.Build.0 = Release|Any CPU
		{77D0002B-2E14-4CEA-846E-4F5EE4C86AF2}.Runtime|Any CPU.ActiveCfg = Release|Any CPU
		{77D0002B-2E14-4CEA-846E-4F5EE4C86AF2}.Runtime|Any CPU.Build.0 = Release|Any CPU
		{77D0002B-2E14-4CEA-846E-4F5EE4C86AF2}.Trial|Any CPU.ActiveCfg = Debug|Any CPU
		{77D0002B-2E14-4CEA-846E-4F5EE4C86AF2}.Trial|Any CPU.Build.0 = Debug|Any CPU
		{E5550F4F-5249-4C47-A2F9-B8733CE8A388}.Debug|Any CPU.ActiveCfg = Debug|Any CPU
		{E5550F4F-5249-4C47-A2F9-B8733CE8A388}.Debug|Any CPU.Build.0 = Debug|Any CPU
		{E5550F4F-5249-4C47-A2F9-B8733CE8A388}.Release|Any CPU.ActiveCfg = Release|Any CPU
		{E5550F4F-5249-4C47-A2F9-B8733CE8A388}.Release|Any CPU.Build.0 = Release|Any CPU
		{E5550F4F-5249-4C47-A2F9-B8733CE8A388}.Runtime|Any CPU.ActiveCfg = Release|Any CPU
		{E5550F4F-5249-4C47-A2F9-B8733CE8A388}.Runtime|Any CPU.Build.0 = Release|Any CPU
		{E5550F4F-5249-4C47-A2F9-B8733CE8A388}.Trial|Any CPU.ActiveCfg = Debug|Any CPU
		{E5550F4F-5249-4C47-A2F9-B8733CE8A388}.Trial|Any CPU.Build.0 = Debug|Any CPU
		{F79AF8EC-4743-437C-AFBA-C934DF45C53D}.Debug|Any CPU.ActiveCfg = Debug|Any CPU
		{F79AF8EC-4743-437C-AFBA-C934DF45C53D}.Debug|Any CPU.Build.0 = Debug|Any CPU
		{F79AF8EC-4743-437C-AFBA-C934DF45C53D}.Release|Any CPU.ActiveCfg = Release|Any CPU
		{F79AF8EC-4743-437C-AFBA-C934DF45C53D}.Release|Any CPU.Build.0 = Release|Any CPU
		{F79AF8EC-4743-437C-AFBA-C934DF45C53D}.Runtime|Any CPU.ActiveCfg = Release|Any CPU
		{F79AF8EC-4743-437C-AFBA-C934DF45C53D}.Runtime|Any CPU.Build.0 = Release|Any CPU
		{F79AF8EC-4743-437C-AFBA-C934DF45C53D}.Trial|Any CPU.ActiveCfg = Debug|Any CPU
		{F79AF8EC-4743-437C-AFBA-C934DF45C53D}.Trial|Any CPU.Build.0 = Debug|Any CPU
		{9619BEFB-B8E7-4E06-B274-64BA0026BAD3}.Debug|Any CPU.ActiveCfg = Debug|Any CPU
		{9619BEFB-B8E7-4E06-B274-64BA0026BAD3}.Debug|Any CPU.Build.0 = Debug|Any CPU
		{9619BEFB-B8E7-4E06-B274-64BA0026BAD3}.Release|Any CPU.ActiveCfg = Release|Any CPU
		{9619BEFB-B8E7-4E06-B274-64BA0026BAD3}.Release|Any CPU.Build.0 = Release|Any CPU
		{9619BEFB-B8E7-4E06-B274-64BA0026BAD3}.Runtime|Any CPU.ActiveCfg = Release|Any CPU
		{9619BEFB-B8E7-4E06-B274-64BA0026BAD3}.Runtime|Any CPU.Build.0 = Release|Any CPU
		{9619BEFB-B8E7-4E06-B274-64BA0026BAD3}.Trial|Any CPU.ActiveCfg = Release|Any CPU
		{9619BEFB-B8E7-4E06-B274-64BA0026BAD3}.Trial|Any CPU.Build.0 = Release|Any CPU
		{87A13529-1F6F-4BD5-87FF-91DE1F779755}.Debug|Any CPU.ActiveCfg = Debug|Any CPU
		{87A13529-1F6F-4BD5-87FF-91DE1F779755}.Debug|Any CPU.Build.0 = Debug|Any CPU
		{87A13529-1F6F-4BD5-87FF-91DE1F779755}.Release|Any CPU.ActiveCfg = Release|Any CPU
		{87A13529-1F6F-4BD5-87FF-91DE1F779755}.Release|Any CPU.Build.0 = Release|Any CPU
		{87A13529-1F6F-4BD5-87FF-91DE1F779755}.Runtime|Any CPU.ActiveCfg = Release|Any CPU
		{87A13529-1F6F-4BD5-87FF-91DE1F779755}.Runtime|Any CPU.Build.0 = Release|Any CPU
		{87A13529-1F6F-4BD5-87FF-91DE1F779755}.Trial|Any CPU.ActiveCfg = Debug|Any CPU
		{87A13529-1F6F-4BD5-87FF-91DE1F779755}.Trial|Any CPU.Build.0 = Debug|Any CPU
		{4619F151-EA3F-409D-81DD-C55CF33FCCB0}.Debug|Any CPU.ActiveCfg = Debug|Any CPU
		{4619F151-EA3F-409D-81DD-C55CF33FCCB0}.Debug|Any CPU.Build.0 = Debug|Any CPU
		{4619F151-EA3F-409D-81DD-C55CF33FCCB0}.Release|Any CPU.ActiveCfg = Release|Any CPU
		{4619F151-EA3F-409D-81DD-C55CF33FCCB0}.Release|Any CPU.Build.0 = Release|Any CPU
		{4619F151-EA3F-409D-81DD-C55CF33FCCB0}.Runtime|Any CPU.ActiveCfg = Release|Any CPU
		{4619F151-EA3F-409D-81DD-C55CF33FCCB0}.Runtime|Any CPU.Build.0 = Release|Any CPU
		{4619F151-EA3F-409D-81DD-C55CF33FCCB0}.Trial|Any CPU.ActiveCfg = Debug|Any CPU
		{4619F151-EA3F-409D-81DD-C55CF33FCCB0}.Trial|Any CPU.Build.0 = Debug|Any CPU
		{426CB36B-039E-413F-ABFC-EF8E52568FC7}.Debug|Any CPU.ActiveCfg = Debug|Any CPU
		{426CB36B-039E-413F-ABFC-EF8E52568FC7}.Debug|Any CPU.Build.0 = Debug|Any CPU
		{426CB36B-039E-413F-ABFC-EF8E52568FC7}.Release|Any CPU.ActiveCfg = Release|Any CPU
		{426CB36B-039E-413F-ABFC-EF8E52568FC7}.Release|Any CPU.Build.0 = Release|Any CPU
		{426CB36B-039E-413F-ABFC-EF8E52568FC7}.Runtime|Any CPU.ActiveCfg = Release|Any CPU
		{426CB36B-039E-413F-ABFC-EF8E52568FC7}.Runtime|Any CPU.Build.0 = Release|Any CPU
		{426CB36B-039E-413F-ABFC-EF8E52568FC7}.Trial|Any CPU.ActiveCfg = Debug|Any CPU
		{426CB36B-039E-413F-ABFC-EF8E52568FC7}.Trial|Any CPU.Build.0 = Debug|Any CPU
		{5B704900-9EF3-4FC8-9B3C-2743D4AF2781}.Debug|Any CPU.ActiveCfg = Debug|Any CPU
		{5B704900-9EF3-4FC8-9B3C-2743D4AF2781}.Debug|Any CPU.Build.0 = Debug|Any CPU
		{5B704900-9EF3-4FC8-9B3C-2743D4AF2781}.Release|Any CPU.ActiveCfg = Release|Any CPU
		{5B704900-9EF3-4FC8-9B3C-2743D4AF2781}.Release|Any CPU.Build.0 = Release|Any CPU
		{5B704900-9EF3-4FC8-9B3C-2743D4AF2781}.Runtime|Any CPU.ActiveCfg = Release|Any CPU
		{5B704900-9EF3-4FC8-9B3C-2743D4AF2781}.Runtime|Any CPU.Build.0 = Release|Any CPU
		{5B704900-9EF3-4FC8-9B3C-2743D4AF2781}.Trial|Any CPU.ActiveCfg = Debug|Any CPU
		{5B704900-9EF3-4FC8-9B3C-2743D4AF2781}.Trial|Any CPU.Build.0 = Debug|Any CPU
		{D228BF38-C608-4EC1-921B-03D958E90F7C}.Debug|Any CPU.ActiveCfg = Debug|Any CPU
		{D228BF38-C608-4EC1-921B-03D958E90F7C}.Debug|Any CPU.Build.0 = Debug|Any CPU
		{D228BF38-C608-4EC1-921B-03D958E90F7C}.Release|Any CPU.ActiveCfg = Release|Any CPU
		{D228BF38-C608-4EC1-921B-03D958E90F7C}.Release|Any CPU.Build.0 = Release|Any CPU
		{D228BF38-C608-4EC1-921B-03D958E90F7C}.Runtime|Any CPU.ActiveCfg = Release|Any CPU
		{D228BF38-C608-4EC1-921B-03D958E90F7C}.Runtime|Any CPU.Build.0 = Release|Any CPU
		{D228BF38-C608-4EC1-921B-03D958E90F7C}.Trial|Any CPU.ActiveCfg = Debug|Any CPU
		{D228BF38-C608-4EC1-921B-03D958E90F7C}.Trial|Any CPU.Build.0 = Debug|Any CPU
	EndGlobalSection
	GlobalSection(SolutionProperties) = preSolution
		HideSolutionNode = FALSE
	EndGlobalSection
	GlobalSection(NestedProjects) = preSolution
		{FF9044DD-98D8-4E04-BAD2-B66FF733CF26} = {4F38AF26-C3CB-4999-8EC9-46F23C30720E}
		{6B4421C3-DFEE-4741-8ED6-5C14502DC4FC} = {FF9044DD-98D8-4E04-BAD2-B66FF733CF26}
		{41A7C602-B675-4BB8-A69D-D5D22E74497F} = {6B4421C3-DFEE-4741-8ED6-5C14502DC4FC}
		{0852B823-44B8-408D-A668-8E875747ED79} = {FF9044DD-98D8-4E04-BAD2-B66FF733CF26}
		{ED691CEC-44F2-4DE4-9ED2-5764BCFA843F} = {FF9044DD-98D8-4E04-BAD2-B66FF733CF26}
		{BBB7CA94-C9FE-4A22-A8E0-BFB58FDF7FEE} = {FF9044DD-98D8-4E04-BAD2-B66FF733CF26}
		{77D0002B-2E14-4CEA-846E-4F5EE4C86AF2} = {FF9044DD-98D8-4E04-BAD2-B66FF733CF26}
		{E5550F4F-5249-4C47-A2F9-B8733CE8A388} = {FF9044DD-98D8-4E04-BAD2-B66FF733CF26}
		{F79AF8EC-4743-437C-AFBA-C934DF45C53D} = {05FA0710-6BAC-44A6-8728-D1242C0C6F97}
		{B14BCEBA-086D-4CC7-ABE7-10AC048BB933} = {4F38AF26-C3CB-4999-8EC9-46F23C30720E}
		{DAF7C2E7-7E84-4AA0-BFC5-ED5B6AD3F5F0} = {B14BCEBA-086D-4CC7-ABE7-10AC048BB933}
		{9619BEFB-B8E7-4E06-B274-64BA0026BAD3} = {DAF7C2E7-7E84-4AA0-BFC5-ED5B6AD3F5F0}
		{87A13529-1F6F-4BD5-87FF-91DE1F779755} = {05FA0710-6BAC-44A6-8728-D1242C0C6F97}
		{EE11706C-5455-4B80-BFB9-C549EFA3C6D9} = {4F38AF26-C3CB-4999-8EC9-46F23C30720E}
		{4619F151-EA3F-409D-81DD-C55CF33FCCB0} = {EE11706C-5455-4B80-BFB9-C549EFA3C6D9}
		{426CB36B-039E-413F-ABFC-EF8E52568FC7} = {EE11706C-5455-4B80-BFB9-C549EFA3C6D9}
		{5B704900-9EF3-4FC8-9B3C-2743D4AF2781} = {EE11706C-5455-4B80-BFB9-C549EFA3C6D9}
		{D228BF38-C608-4EC1-921B-03D958E90F7C} = {6B4421C3-DFEE-4741-8ED6-5C14502DC4FC}
	EndGlobalSection
	GlobalSection(ExtensibilityGlobals) = postSolution
		SolutionGuid = {F273BD5C-AD6F-4106-A530-507C5A115BBC}
	EndGlobalSection
EndGlobal
