
Microsoft Visual Studio Solution File, Format Version 12.00
# Visual Studio Version 17
VisualStudioVersion = 17.5.33424.131
MinimumVisualStudioVersion = 10.0.40219.1
Project("{2150E333-8FDC-42A3-9474-1A3956D46DE8}") = "QuickStarts", "QuickStarts", "{4F38AF26-C3CB-4999-8EC9-46F23C30720E}"
EndProject
Project("{2150E333-8FDC-42A3-9474-1A3956D46DE8}") = "Scripter", "Scripter", "{FF9044DD-98D8-4E04-BAD2-B66FF733CF26}"
EndProject
Project("{9A19103F-16F7-4668-BE54-9A1E7A4F7556}") = "CallMethod.TypeScript", "Scripter.TypeScript\QuickStarts\CallMethod\CallMethod.TypeScript.csproj", "{AA7DA705-5CD2-4478-B7BC-5AD24EA77FE6}"
EndProject
Project("{2150E333-8FDC-42A3-9474-1A3956D46DE8}") = "Demos", "Demos", "{05FA0710-6BAC-44A6-8728-D1242C0C6F97}"
EndProject
Project("{2150E333-8FDC-42A3-9474-1A3956D46DE8}") = "Debugger", "Debugger", "{6B4421C3-DFEE-4741-8ED6-5C14502DC4FC}"
EndProject
Project("{2150E333-8FDC-42A3-9474-1A3956D46DE8}") = "Editor", "Editor", "{509F9A8E-69F9-4821-A423-95E0A133CC4F}"
EndProject
Project("{9A19103F-16F7-4668-BE54-9A1E7A4F7556}") = "CustomAssembly.TypeScript", "Scripter.TypeScript\QuickStarts\CustomAssembly\CustomAssembly.TypeScript.csproj", "{B13EE2D0-B268-4EB3-89DE-EF0358A8BEB3}"
EndProject
Project("{9A19103F-16F7-4668-BE54-9A1E7A4F7556}") = "ExpressionEvaluation.TypeScript", "Scripter.TypeScript\QuickStarts\ExpressionEvaluation\ExpressionEvaluation.TypeScript.csproj", "{5B3AF56A-6518-4E20-9858-203E01CA2D67}"
EndProject
Project("{9A19103F-16F7-4668-BE54-9A1E7A4F7556}") = "ObjectReference.TypeScript", "Scripter.TypeScript\QuickStarts\ObjectReference\ObjectReference.TypeScript.csproj", "{B54FE154-9062-4793-AAAE-0AE962BC856F}"
EndProject
Project("{9A19103F-16F7-4668-BE54-9A1E7A4F7556}") = "Threading.TypeScript", "Scripter.TypeScript\QuickStarts\Threading\Threading.TypeScript.csproj", "{19B7CE1D-686E-4E80-9B8F-700A9A557C5E}"
EndProject
Project("{9A19103F-16F7-4668-BE54-9A1E7A4F7556}") = "TypeScriptParser", "Editor.TypeScript\QuickStarts\Parsers\TypeScriptParser\TypeScriptParser.csproj", "{2E7E5EFA-41F2-498B-9145-7B1DB313A5E6}"
EndProject
Project("{2150E333-8FDC-42A3-9474-1A3956D46DE8}") = "Designer", "Designer", "{F9ECBBBD-C76C-45CB-BA3F-9E18BF8BB8CE}"
EndProject
Project("{2150E333-8FDC-42A3-9474-1A3956D46DE8}") = "QuickStarts", "QuickStarts", "{411F78E6-9CFE-4B5D-865E-57FE35E23B99}"
EndProject
Project("{9A19103F-16F7-4668-BE54-9A1E7A4F7556}") = "LoadAndSave.TypeScript", "FormDesigner.TypeScript\QuickStarts\LoadAndSave\LoadAndSave.TypeScript.csproj", "{9A0964AE-1A07-4B94-803E-52F48A70EB04}"
EndProject
Project("{9A19103F-16F7-4668-BE54-9A1E7A4F7556}") = "FormDesignerTypeScript", "FormDesigner.TypeScript\Demos\FormDesigner\FormDesignerTypeScript.csproj", "{816659C0-10BC-4A86-B206-664ACED64A27}"
EndProject
Project("{9A19103F-16F7-4668-BE54-9A1E7A4F7556}") = "AlternetStudio.TypeScript", "Studio.TypeScript\AlternetStudio.TypeScript.csproj", "{C6EAACEF-CF88-43AF-B723-0E44D093720E}"
EndProject
Project("{9A19103F-16F7-4668-BE54-9A1E7A4F7556}") = "DesignAndRun", "FormDesigner.TypeScript\QuickStarts\DesignAndRun\DesignAndRun.csproj", "{3113448B-A298-4982-8D10-6A6CF595E49E}"
EndProject
Project("{9A19103F-16F7-4668-BE54-9A1E7A4F7556}") = "DebuggerIntegration.TypeScript", "Scripter.TypeScript\QuickStarts\Debugger\DebuggerIntegration\DebuggerIntegration.TypeScript.csproj", "{5720C55C-ED8C-4AF2-AA56-37172BCAD969}"
EndProject
Global
	GlobalSection(SolutionConfigurationPlatforms) = preSolution
		Debug|Any CPU = Debug|Any CPU
		Release|Any CPU = Release|Any CPU
		Runtime|Any CPU = Runtime|Any CPU
		Trial|Any CPU = Trial|Any CPU
	EndGlobalSection
	GlobalSection(ProjectConfigurationPlatforms) = postSolution
		{AA7DA705-5CD2-4478-B7BC-5AD24EA77FE6}.Debug|Any CPU.ActiveCfg = Debug|Any CPU
		{AA7DA705-5CD2-4478-B7BC-5AD24EA77FE6}.Debug|Any CPU.Build.0 = Debug|Any CPU
		{AA7DA705-5CD2-4478-B7BC-5AD24EA77FE6}.Release|Any CPU.ActiveCfg = Release|Any CPU
		{AA7DA705-5CD2-4478-B7BC-5AD24EA77FE6}.Release|Any CPU.Build.0 = Release|Any CPU
		{AA7DA705-5CD2-4478-B7BC-5AD24EA77FE6}.Runtime|Any CPU.ActiveCfg = Release|Any CPU
		{AA7DA705-5CD2-4478-B7BC-5AD24EA77FE6}.Runtime|Any CPU.Build.0 = Release|Any CPU
		{AA7DA705-5CD2-4478-B7BC-5AD24EA77FE6}.Trial|Any CPU.ActiveCfg = Release|Any CPU
		{AA7DA705-5CD2-4478-B7BC-5AD24EA77FE6}.Trial|Any CPU.Build.0 = Release|Any CPU
		{B13EE2D0-B268-4EB3-89DE-EF0358A8BEB3}.Debug|Any CPU.ActiveCfg = Debug|Any CPU
		{B13EE2D0-B268-4EB3-89DE-EF0358A8BEB3}.Debug|Any CPU.Build.0 = Debug|Any CPU
		{B13EE2D0-B268-4EB3-89DE-EF0358A8BEB3}.Release|Any CPU.ActiveCfg = Release|Any CPU
		{B13EE2D0-B268-4EB3-89DE-EF0358A8BEB3}.Release|Any CPU.Build.0 = Release|Any CPU
		{B13EE2D0-B268-4EB3-89DE-EF0358A8BEB3}.Runtime|Any CPU.ActiveCfg = Release|Any CPU
		{B13EE2D0-B268-4EB3-89DE-EF0358A8BEB3}.Runtime|Any CPU.Build.0 = Release|Any CPU
		{B13EE2D0-B268-4EB3-89DE-EF0358A8BEB3}.Trial|Any CPU.ActiveCfg = Release|Any CPU
		{B13EE2D0-B268-4EB3-89DE-EF0358A8BEB3}.Trial|Any CPU.Build.0 = Release|Any CPU
		{5B3AF56A-6518-4E20-9858-203E01CA2D67}.Debug|Any CPU.ActiveCfg = Debug|Any CPU
		{5B3AF56A-6518-4E20-9858-203E01CA2D67}.Debug|Any CPU.Build.0 = Debug|Any CPU
		{5B3AF56A-6518-4E20-9858-203E01CA2D67}.Release|Any CPU.ActiveCfg = Release|Any CPU
		{5B3AF56A-6518-4E20-9858-203E01CA2D67}.Release|Any CPU.Build.0 = Release|Any CPU
		{5B3AF56A-6518-4E20-9858-203E01CA2D67}.Runtime|Any CPU.ActiveCfg = Release|Any CPU
		{5B3AF56A-6518-4E20-9858-203E01CA2D67}.Runtime|Any CPU.Build.0 = Release|Any CPU
		{5B3AF56A-6518-4E20-9858-203E01CA2D67}.Trial|Any CPU.ActiveCfg = Release|Any CPU
		{5B3AF56A-6518-4E20-9858-203E01CA2D67}.Trial|Any CPU.Build.0 = Release|Any CPU
		{B54FE154-9062-4793-AAAE-0AE962BC856F}.Debug|Any CPU.ActiveCfg = Debug|Any CPU
		{B54FE154-9062-4793-AAAE-0AE962BC856F}.Debug|Any CPU.Build.0 = Debug|Any CPU
		{B54FE154-9062-4793-AAAE-0AE962BC856F}.Release|Any CPU.ActiveCfg = Release|Any CPU
		{B54FE154-9062-4793-AAAE-0AE962BC856F}.Release|Any CPU.Build.0 = Release|Any CPU
		{B54FE154-9062-4793-AAAE-0AE962BC856F}.Runtime|Any CPU.ActiveCfg = Release|Any CPU
		{B54FE154-9062-4793-AAAE-0AE962BC856F}.Runtime|Any CPU.Build.0 = Release|Any CPU
		{B54FE154-9062-4793-AAAE-0AE962BC856F}.Trial|Any CPU.ActiveCfg = Release|Any CPU
		{B54FE154-9062-4793-AAAE-0AE962BC856F}.Trial|Any CPU.Build.0 = Release|Any CPU
		{19B7CE1D-686E-4E80-9B8F-700A9A557C5E}.Debug|Any CPU.ActiveCfg = Debug|Any CPU
		{19B7CE1D-686E-4E80-9B8F-700A9A557C5E}.Debug|Any CPU.Build.0 = Debug|Any CPU
		{19B7CE1D-686E-4E80-9B8F-700A9A557C5E}.Release|Any CPU.ActiveCfg = Release|Any CPU
		{19B7CE1D-686E-4E80-9B8F-700A9A557C5E}.Release|Any CPU.Build.0 = Release|Any CPU
		{19B7CE1D-686E-4E80-9B8F-700A9A557C5E}.Runtime|Any CPU.ActiveCfg = Release|Any CPU
		{19B7CE1D-686E-4E80-9B8F-700A9A557C5E}.Runtime|Any CPU.Build.0 = Release|Any CPU
		{19B7CE1D-686E-4E80-9B8F-700A9A557C5E}.Trial|Any CPU.ActiveCfg = Release|Any CPU
		{19B7CE1D-686E-4E80-9B8F-700A9A557C5E}.Trial|Any CPU.Build.0 = Release|Any CPU
		{2E7E5EFA-41F2-498B-9145-7B1DB313A5E6}.Debug|Any CPU.ActiveCfg = Debug|Any CPU
		{2E7E5EFA-41F2-498B-9145-7B1DB313A5E6}.Debug|Any CPU.Build.0 = Debug|Any CPU
		{2E7E5EFA-41F2-498B-9145-7B1DB313A5E6}.Release|Any CPU.ActiveCfg = Release|Any CPU
		{2E7E5EFA-41F2-498B-9145-7B1DB313A5E6}.Release|Any CPU.Build.0 = Release|Any CPU
		{2E7E5EFA-41F2-498B-9145-7B1DB313A5E6}.Runtime|Any CPU.ActiveCfg = Release|Any CPU
		{2E7E5EFA-41F2-498B-9145-7B1DB313A5E6}.Runtime|Any CPU.Build.0 = Release|Any CPU
		{2E7E5EFA-41F2-498B-9145-7B1DB313A5E6}.Trial|Any CPU.ActiveCfg = Release|Any CPU
		{2E7E5EFA-41F2-498B-9145-7B1DB313A5E6}.Trial|Any CPU.Build.0 = Release|Any CPU
		{9A0964AE-1A07-4B94-803E-52F48A70EB04}.Debug|Any CPU.ActiveCfg = Debug|Any CPU
		{9A0964AE-1A07-4B94-803E-52F48A70EB04}.Debug|Any CPU.Build.0 = Debug|Any CPU
		{9A0964AE-1A07-4B94-803E-52F48A70EB04}.Release|Any CPU.ActiveCfg = Release|Any CPU
		{9A0964AE-1A07-4B94-803E-52F48A70EB04}.Release|Any CPU.Build.0 = Release|Any CPU
		{9A0964AE-1A07-4B94-803E-52F48A70EB04}.Runtime|Any CPU.ActiveCfg = Release|Any CPU
		{9A0964AE-1A07-4B94-803E-52F48A70EB04}.Runtime|Any CPU.Build.0 = Release|Any CPU
		{9A0964AE-1A07-4B94-803E-52F48A70EB04}.Trial|Any CPU.ActiveCfg = Release|Any CPU
		{9A0964AE-1A07-4B94-803E-52F48A70EB04}.Trial|Any CPU.Build.0 = Release|Any CPU
		{816659C0-10BC-4A86-B206-664ACED64A27}.Debug|Any CPU.ActiveCfg = Debug|Any CPU
		{816659C0-10BC-4A86-B206-664ACED64A27}.Debug|Any CPU.Build.0 = Debug|Any CPU
		{816659C0-10BC-4A86-B206-664ACED64A27}.Release|Any CPU.ActiveCfg = Release|Any CPU
		{816659C0-10BC-4A86-B206-664ACED64A27}.Release|Any CPU.Build.0 = Release|Any CPU
		{816659C0-10BC-4A86-B206-664ACED64A27}.Runtime|Any CPU.ActiveCfg = Release|Any CPU
		{816659C0-10BC-4A86-B206-664ACED64A27}.Runtime|Any CPU.Build.0 = Release|Any CPU
		{816659C0-10BC-4A86-B206-664ACED64A27}.Trial|Any CPU.ActiveCfg = Release|Any CPU
		{816659C0-10BC-4A86-B206-664ACED64A27}.Trial|Any CPU.Build.0 = Release|Any CPU
		{C6EAACEF-CF88-43AF-B723-0E44D093720E}.Debug|Any CPU.ActiveCfg = Debug|Any CPU
		{C6EAACEF-CF88-43AF-B723-0E44D093720E}.Debug|Any CPU.Build.0 = Debug|Any CPU
		{C6EAACEF-CF88-43AF-B723-0E44D093720E}.Release|Any CPU.ActiveCfg = Release|Any CPU
		{C6EAACEF-CF88-43AF-B723-0E44D093720E}.Release|Any CPU.Build.0 = Release|Any CPU
		{C6EAACEF-CF88-43AF-B723-0E44D093720E}.Runtime|Any CPU.ActiveCfg = Release|Any CPU
		{C6EAACEF-CF88-43AF-B723-0E44D093720E}.Runtime|Any CPU.Build.0 = Release|Any CPU
		{C6EAACEF-CF88-43AF-B723-0E44D093720E}.Trial|Any CPU.ActiveCfg = Release|Any CPU
		{C6EAACEF-CF88-43AF-B723-0E44D093720E}.Trial|Any CPU.Build.0 = Release|Any CPU
		{3113448B-A298-4982-8D10-6A6CF595E49E}.Debug|Any CPU.ActiveCfg = Debug|Any CPU
		{3113448B-A298-4982-8D10-6A6CF595E49E}.Debug|Any CPU.Build.0 = Debug|Any CPU
		{3113448B-A298-4982-8D10-6A6CF595E49E}.Release|Any CPU.ActiveCfg = Release|Any CPU
		{3113448B-A298-4982-8D10-6A6CF595E49E}.Release|Any CPU.Build.0 = Release|Any CPU
		{3113448B-A298-4982-8D10-6A6CF595E49E}.Runtime|Any CPU.ActiveCfg = Release|Any CPU
		{3113448B-A298-4982-8D10-6A6CF595E49E}.Runtime|Any CPU.Build.0 = Release|Any CPU
		{3113448B-A298-4982-8D10-6A6CF595E49E}.Trial|Any CPU.ActiveCfg = Release|Any CPU
		{3113448B-A298-4982-8D10-6A6CF595E49E}.Trial|Any CPU.Build.0 = Release|Any CPU
		{5720C55C-ED8C-4AF2-AA56-37172BCAD969}.Debug|Any CPU.ActiveCfg = Debug|Any CPU
		{5720C55C-ED8C-4AF2-AA56-37172BCAD969}.Debug|Any CPU.Build.0 = Debug|Any CPU
		{5720C55C-ED8C-4AF2-AA56-37172BCAD969}.Release|Any CPU.ActiveCfg = Release|Any CPU
		{5720C55C-ED8C-4AF2-AA56-37172BCAD969}.Release|Any CPU.Build.0 = Release|Any CPU
		{5720C55C-ED8C-4AF2-AA56-37172BCAD969}.Runtime|Any CPU.ActiveCfg = Release|Any CPU
		{5720C55C-ED8C-4AF2-AA56-37172BCAD969}.Runtime|Any CPU.Build.0 = Release|Any CPU
		{5720C55C-ED8C-4AF2-AA56-37172BCAD969}.Trial|Any CPU.ActiveCfg = Debug|Any CPU
		{5720C55C-ED8C-4AF2-AA56-37172BCAD969}.Trial|Any CPU.Build.0 = Debug|Any CPU
	EndGlobalSection
	GlobalSection(SolutionProperties) = preSolution
		HideSolutionNode = FALSE
	EndGlobalSection
	GlobalSection(NestedProjects) = preSolution
		{FF9044DD-98D8-4E04-BAD2-B66FF733CF26} = {4F38AF26-C3CB-4999-8EC9-46F23C30720E}
		{AA7DA705-5CD2-4478-B7BC-5AD24EA77FE6} = {FF9044DD-98D8-4E04-BAD2-B66FF733CF26}
		{6B4421C3-DFEE-4741-8ED6-5C14502DC4FC} = {FF9044DD-98D8-4E04-BAD2-B66FF733CF26}
		{509F9A8E-69F9-4821-A423-95E0A133CC4F} = {4F38AF26-C3CB-4999-8EC9-46F23C30720E}
		{B13EE2D0-B268-4EB3-89DE-EF0358A8BEB3} = {FF9044DD-98D8-4E04-BAD2-B66FF733CF26}
		{5B3AF56A-6518-4E20-9858-203E01CA2D67} = {FF9044DD-98D8-4E04-BAD2-B66FF733CF26}
		{B54FE154-9062-4793-AAAE-0AE962BC856F} = {FF9044DD-98D8-4E04-BAD2-B66FF733CF26}
		{19B7CE1D-686E-4E80-9B8F-700A9A557C5E} = {FF9044DD-98D8-4E04-BAD2-B66FF733CF26}
		{2E7E5EFA-41F2-498B-9145-7B1DB313A5E6} = {509F9A8E-69F9-4821-A423-95E0A133CC4F}
		{F9ECBBBD-C76C-45CB-BA3F-9E18BF8BB8CE} = {4F38AF26-C3CB-4999-8EC9-46F23C30720E}
		{411F78E6-9CFE-4B5D-865E-57FE35E23B99} = {F9ECBBBD-C76C-45CB-BA3F-9E18BF8BB8CE}
		{9A0964AE-1A07-4B94-803E-52F48A70EB04} = {411F78E6-9CFE-4B5D-865E-57FE35E23B99}
		{816659C0-10BC-4A86-B206-664ACED64A27} = {05FA0710-6BAC-44A6-8728-D1242C0C6F97}
		{C6EAACEF-CF88-43AF-B723-0E44D093720E} = {05FA0710-6BAC-44A6-8728-D1242C0C6F97}
		{3113448B-A298-4982-8D10-6A6CF595E49E} = {411F78E6-9CFE-4B5D-865E-57FE35E23B99}
		{5720C55C-ED8C-4AF2-AA56-37172BCAD969} = {6B4421C3-DFEE-4741-8ED6-5C14502DC4FC}
	EndGlobalSection
	GlobalSection(ExtensibilityGlobals) = postSolution
		SolutionGuid = {F273BD5C-AD6F-4106-A530-507C5A115BBC}
	EndGlobalSection
EndGlobal
