
Microsoft Visual Studio Solution File, Format Version 12.00
# Visual Studio Version 17
VisualStudioVersion = 17.0.32014.148
MinimumVisualStudioVersion = 10.0.40219.1
Project("{2150E333-8FDC-42A3-9474-1A3956D46DE8}") = "Demos", "Demos", "{5F9449E8-3BE6-47E6-8126-4CB34E7E52D2}"
EndProject
Project("{2150E333-8FDC-42A3-9474-1A3956D46DE8}") = "QuickStarts", "QuickStarts", "{41FF77BC-9187-4CF4-9C07-A62015252C6E}"
EndProject
Project("{2150E333-8FDC-42A3-9474-1A3956D46DE8}") = "Scripter", "Scripter", "{34CFE5AB-8B42-4BA9-92D7-041433EB207F}"
EndProject
Project("{2150E333-8FDC-42A3-9474-1A3956D46DE8}") = "Debugger", "Debugger", "{1022050F-2D42-44CD-8058-2D31D29B8300}"
EndProject
Project("{9A19103F-16F7-4668-BE54-9A1E7A4F7556}") = "Threading.TypeScript", "Scripter.TypeScript.Wpf\QuickStarts\Threading\Threading.TypeScript.csproj", "{AB409B00-0A8D-4CCD-9C68-DA1973071129}"
EndProject
Project("{9A19103F-16F7-4668-BE54-9A1E7A4F7556}") = "ObjectReference.TypeScript", "Scripter.TypeScript.Wpf\QuickStarts\ObjectReference\ObjectReference.TypeScript.csproj", "{4E817DB0-D327-4276-AE41-2F9E3C1B3318}"
EndProject
Project("{9A19103F-16F7-4668-BE54-9A1E7A4F7556}") = "ExpressionEvaluation.TypeScript", "Scripter.TypeScript.Wpf\QuickStarts\ExpressionEvaluation\ExpressionEvaluation.TypeScript.csproj", "{12B1CA6C-9DB7-48BB-BCB7-3D0276343F15}"
EndProject
Project("{9A19103F-16F7-4668-BE54-9A1E7A4F7556}") = "CustomAssembly.TypeScript", "Scripter.TypeScript.Wpf\QuickStarts\CustomAssembly\CustomAssembly.TypeScript.csproj", "{2F66C291-0E76-4CAF-AD91-D33F4AF09C44}"
EndProject
Project("{9A19103F-16F7-4668-BE54-9A1E7A4F7556}") = "CallMethod.TypeScript", "Scripter.TypeScript.Wpf\QuickStarts\CallMethod\CallMethod.TypeScript.csproj", "{E0ECD98F-3058-4306-8C28-E908F2E6EE50}"
EndProject
Project("{2150E333-8FDC-42A3-9474-1A3956D46DE8}") = "Editor", "Editor", "{8606BA93-5420-434A-AAC6-89512C7F33C9}"
EndProject
Project("{9A19103F-16F7-4668-BE54-9A1E7A4F7556}") = "TypeScriptParser", "Editor.TypeScript.Wpf\QuickStarts\Parsers\TypeScriptParser\TypeScriptParser.csproj", "{F852DFE9-08AF-4D34-8C49-747D6001F3FE}"
EndProject
Project("{9A19103F-16F7-4668-BE54-9A1E7A4F7556}") = "AlternetStudio.TypeScript.Wpf", "Studio.TypeScript.Wpf\AlternetStudio.TypeScript.Wpf.csproj", "{D8FE1217-8EC5-4908-8306-EBF569A02E17}"
EndProject
Project("{2150E333-8FDC-42A3-9474-1A3956D46DE8}") = "Solution Items", "Solution Items", "{2A16DEF1-B240-4172-8027-AAC551CF6C6F}"
	ProjectSection(SolutionItems) = preProject
		.editorconfig = .editorconfig
	EndProjectSection
EndProject
Project("{9A19103F-16F7-4668-BE54-9A1E7A4F7556}") = "DebuggerIntegration.TypeScript.Wpf", "Scripter.TypeScript.Wpf\QuickStarts\Debugger\DebuggerIntegration\DebuggerIntegration.TypeScript.Wpf.csproj", "{FB7E9749-1A76-48FD-AAB9-9A097CBF8104}"
EndProject
Global
	GlobalSection(SolutionConfigurationPlatforms) = preSolution
		Debug|Any CPU = Debug|Any CPU
		Release|Any CPU = Release|Any CPU
		Runtime|Any CPU = Runtime|Any CPU
		Trial|Any CPU = Trial|Any CPU
	EndGlobalSection
	GlobalSection(ProjectConfigurationPlatforms) = postSolution
		{AB409B00-0A8D-4CCD-9C68-DA1973071129}.Debug|Any CPU.ActiveCfg = Debug|Any CPU
		{AB409B00-0A8D-4CCD-9C68-DA1973071129}.Debug|Any CPU.Build.0 = Debug|Any CPU
		{AB409B00-0A8D-4CCD-9C68-DA1973071129}.Release|Any CPU.ActiveCfg = Release|Any CPU
		{AB409B00-0A8D-4CCD-9C68-DA1973071129}.Release|Any CPU.Build.0 = Release|Any CPU
		{AB409B00-0A8D-4CCD-9C68-DA1973071129}.Runtime|Any CPU.ActiveCfg = Release|Any CPU
		{AB409B00-0A8D-4CCD-9C68-DA1973071129}.Runtime|Any CPU.Build.0 = Release|Any CPU
		{AB409B00-0A8D-4CCD-9C68-DA1973071129}.Trial|Any CPU.ActiveCfg = Release|Any CPU
		{AB409B00-0A8D-4CCD-9C68-DA1973071129}.Trial|Any CPU.Build.0 = Release|Any CPU
		{4E817DB0-D327-4276-AE41-2F9E3C1B3318}.Debug|Any CPU.ActiveCfg = Debug|Any CPU
		{4E817DB0-D327-4276-AE41-2F9E3C1B3318}.Debug|Any CPU.Build.0 = Debug|Any CPU
		{4E817DB0-D327-4276-AE41-2F9E3C1B3318}.Release|Any CPU.ActiveCfg = Release|Any CPU
		{4E817DB0-D327-4276-AE41-2F9E3C1B3318}.Release|Any CPU.Build.0 = Release|Any CPU
		{4E817DB0-D327-4276-AE41-2F9E3C1B3318}.Runtime|Any CPU.ActiveCfg = Release|Any CPU
		{4E817DB0-D327-4276-AE41-2F9E3C1B3318}.Runtime|Any CPU.Build.0 = Release|Any CPU
		{4E817DB0-D327-4276-AE41-2F9E3C1B3318}.Trial|Any CPU.ActiveCfg = Release|Any CPU
		{4E817DB0-D327-4276-AE41-2F9E3C1B3318}.Trial|Any CPU.Build.0 = Release|Any CPU
		{12B1CA6C-9DB7-48BB-BCB7-3D0276343F15}.Debug|Any CPU.ActiveCfg = Debug|Any CPU
		{12B1CA6C-9DB7-48BB-BCB7-3D0276343F15}.Debug|Any CPU.Build.0 = Debug|Any CPU
		{12B1CA6C-9DB7-48BB-BCB7-3D0276343F15}.Release|Any CPU.ActiveCfg = Release|Any CPU
		{12B1CA6C-9DB7-48BB-BCB7-3D0276343F15}.Release|Any CPU.Build.0 = Release|Any CPU
		{12B1CA6C-9DB7-48BB-BCB7-3D0276343F15}.Runtime|Any CPU.ActiveCfg = Release|Any CPU
		{12B1CA6C-9DB7-48BB-BCB7-3D0276343F15}.Runtime|Any CPU.Build.0 = Release|Any CPU
		{12B1CA6C-9DB7-48BB-BCB7-3D0276343F15}.Trial|Any CPU.ActiveCfg = Release|Any CPU
		{12B1CA6C-9DB7-48BB-BCB7-3D0276343F15}.Trial|Any CPU.Build.0 = Release|Any CPU
		{2F66C291-0E76-4CAF-AD91-D33F4AF09C44}.Debug|Any CPU.ActiveCfg = Debug|Any CPU
		{2F66C291-0E76-4CAF-AD91-D33F4AF09C44}.Debug|Any CPU.Build.0 = Debug|Any CPU
		{2F66C291-0E76-4CAF-AD91-D33F4AF09C44}.Release|Any CPU.ActiveCfg = Release|Any CPU
		{2F66C291-0E76-4CAF-AD91-D33F4AF09C44}.Release|Any CPU.Build.0 = Release|Any CPU
		{2F66C291-0E76-4CAF-AD91-D33F4AF09C44}.Runtime|Any CPU.ActiveCfg = Release|Any CPU
		{2F66C291-0E76-4CAF-AD91-D33F4AF09C44}.Runtime|Any CPU.Build.0 = Release|Any CPU
		{2F66C291-0E76-4CAF-AD91-D33F4AF09C44}.Trial|Any CPU.ActiveCfg = Release|Any CPU
		{2F66C291-0E76-4CAF-AD91-D33F4AF09C44}.Trial|Any CPU.Build.0 = Release|Any CPU
		{E0ECD98F-3058-4306-8C28-E908F2E6EE50}.Debug|Any CPU.ActiveCfg = Debug|Any CPU
		{E0ECD98F-3058-4306-8C28-E908F2E6EE50}.Debug|Any CPU.Build.0 = Debug|Any CPU
		{E0ECD98F-3058-4306-8C28-E908F2E6EE50}.Release|Any CPU.ActiveCfg = Release|Any CPU
		{E0ECD98F-3058-4306-8C28-E908F2E6EE50}.Release|Any CPU.Build.0 = Release|Any CPU
		{E0ECD98F-3058-4306-8C28-E908F2E6EE50}.Runtime|Any CPU.ActiveCfg = Release|Any CPU
		{E0ECD98F-3058-4306-8C28-E908F2E6EE50}.Runtime|Any CPU.Build.0 = Release|Any CPU
		{E0ECD98F-3058-4306-8C28-E908F2E6EE50}.Trial|Any CPU.ActiveCfg = Release|Any CPU
		{E0ECD98F-3058-4306-8C28-E908F2E6EE50}.Trial|Any CPU.Build.0 = Release|Any CPU
		{F852DFE9-08AF-4D34-8C49-747D6001F3FE}.Debug|Any CPU.ActiveCfg = Debug|Any CPU
		{F852DFE9-08AF-4D34-8C49-747D6001F3FE}.Debug|Any CPU.Build.0 = Debug|Any CPU
		{F852DFE9-08AF-4D34-8C49-747D6001F3FE}.Release|Any CPU.ActiveCfg = Release|Any CPU
		{F852DFE9-08AF-4D34-8C49-747D6001F3FE}.Release|Any CPU.Build.0 = Release|Any CPU
		{F852DFE9-08AF-4D34-8C49-747D6001F3FE}.Runtime|Any CPU.ActiveCfg = Release|Any CPU
		{F852DFE9-08AF-4D34-8C49-747D6001F3FE}.Runtime|Any CPU.Build.0 = Release|Any CPU
		{F852DFE9-08AF-4D34-8C49-747D6001F3FE}.Trial|Any CPU.ActiveCfg = Release|Any CPU
		{F852DFE9-08AF-4D34-8C49-747D6001F3FE}.Trial|Any CPU.Build.0 = Release|Any CPU
		{D8FE1217-8EC5-4908-8306-EBF569A02E17}.Debug|Any CPU.ActiveCfg = Debug|Any CPU
		{D8FE1217-8EC5-4908-8306-EBF569A02E17}.Debug|Any CPU.Build.0 = Debug|Any CPU
		{D8FE1217-8EC5-4908-8306-EBF569A02E17}.Release|Any CPU.ActiveCfg = Release|Any CPU
		{D8FE1217-8EC5-4908-8306-EBF569A02E17}.Release|Any CPU.Build.0 = Release|Any CPU
		{D8FE1217-8EC5-4908-8306-EBF569A02E17}.Runtime|Any CPU.ActiveCfg = Release|Any CPU
		{D8FE1217-8EC5-4908-8306-EBF569A02E17}.Runtime|Any CPU.Build.0 = Release|Any CPU
		{D8FE1217-8EC5-4908-8306-EBF569A02E17}.Trial|Any CPU.ActiveCfg = Release|Any CPU
		{D8FE1217-8EC5-4908-8306-EBF569A02E17}.Trial|Any CPU.Build.0 = Release|Any CPU
		{FB7E9749-1A76-48FD-AAB9-9A097CBF8104}.Debug|Any CPU.ActiveCfg = Debug|Any CPU
		{FB7E9749-1A76-48FD-AAB9-9A097CBF8104}.Debug|Any CPU.Build.0 = Debug|Any CPU
		{FB7E9749-1A76-48FD-AAB9-9A097CBF8104}.Release|Any CPU.ActiveCfg = Release|Any CPU
		{FB7E9749-1A76-48FD-AAB9-9A097CBF8104}.Release|Any CPU.Build.0 = Release|Any CPU
		{FB7E9749-1A76-48FD-AAB9-9A097CBF8104}.Runtime|Any CPU.ActiveCfg = Release|Any CPU
		{FB7E9749-1A76-48FD-AAB9-9A097CBF8104}.Runtime|Any CPU.Build.0 = Release|Any CPU
		{FB7E9749-1A76-48FD-AAB9-9A097CBF8104}.Trial|Any CPU.ActiveCfg = Debug|Any CPU
		{FB7E9749-1A76-48FD-AAB9-9A097CBF8104}.Trial|Any CPU.Build.0 = Debug|Any CPU
	EndGlobalSection
	GlobalSection(SolutionProperties) = preSolution
		HideSolutionNode = FALSE
	EndGlobalSection
	GlobalSection(NestedProjects) = preSolution
		{34CFE5AB-8B42-4BA9-92D7-041433EB207F} = {41FF77BC-9187-4CF4-9C07-A62015252C6E}
		{1022050F-2D42-44CD-8058-2D31D29B8300} = {34CFE5AB-8B42-4BA9-92D7-041433EB207F}
		{AB409B00-0A8D-4CCD-9C68-DA1973071129} = {34CFE5AB-8B42-4BA9-92D7-041433EB207F}
		{4E817DB0-D327-4276-AE41-2F9E3C1B3318} = {34CFE5AB-8B42-4BA9-92D7-041433EB207F}
		{12B1CA6C-9DB7-48BB-BCB7-3D0276343F15} = {34CFE5AB-8B42-4BA9-92D7-041433EB207F}
		{2F66C291-0E76-4CAF-AD91-D33F4AF09C44} = {34CFE5AB-8B42-4BA9-92D7-041433EB207F}
		{E0ECD98F-3058-4306-8C28-E908F2E6EE50} = {34CFE5AB-8B42-4BA9-92D7-041433EB207F}
		{8606BA93-5420-434A-AAC6-89512C7F33C9} = {41FF77BC-9187-4CF4-9C07-A62015252C6E}
		{F852DFE9-08AF-4D34-8C49-747D6001F3FE} = {8606BA93-5420-434A-AAC6-89512C7F33C9}
		{D8FE1217-8EC5-4908-8306-EBF569A02E17} = {5F9449E8-3BE6-47E6-8126-4CB34E7E52D2}
		{FB7E9749-1A76-48FD-AAB9-9A097CBF8104} = {1022050F-2D42-44CD-8058-2D31D29B8300}
	EndGlobalSection
	GlobalSection(ExtensibilityGlobals) = postSolution
		SolutionGuid = {A89CA0B6-9DBF-4919-9057-BA534B746E79}
	EndGlobalSection
EndGlobal
